
Microsoft Visual Studio Solution File, Format Version 12.00
# Visual Studio Version 17
VisualStudioVersion = 17.0.31903.59
MinimumVisualStudioVersion = 10.0.40219.1
Project("{2150E333-8FDC-42A3-9474-1A3956D46DE8}") = "src", "src", "{02EA681E-C7D8-13C7-8484-4AC65E1B71E8}"
EndProject
Project("{FAE04EC0-301F-11D3-BF4B-00C04F79EFBC}") = "IndicatorServices", "..\..\Downloads\trading-platform-stage20\src\IndicatorServices\IndicatorServices.csproj", "{2438B83E-BE1D-B1BB-3D2D-561B077085E5}"
EndProject
Project("{FAE04EC0-301F-11D3-BF4B-00C04F79EFBC}") = "MarketDataService", "..\..\Downloads\trading-platform-stage20\src\MarketDataService\MarketDataService.csproj", "{477A3C9C-8590-DAFB-B12E-ECD4278B2E34}"
EndProject
Project("{FAE04EC0-301F-11D3-BF4B-00C04F79EFBC}") = "StrategyService", "..\..\Downloads\trading-platform-stage20\src\StrategyService\StrategyService.csproj", "{EC642388-2747-379A-55B7-FF9F86397467}"
EndProject
Project("{FAE04EC0-301F-11D3-BF4B-00C04F79EFBC}") = "TradingSystem.Analytics", "..\..\Downloads\trading-platform-stage20\src\TradingSystem.Analytics\TradingSystem.Analytics.csproj", "{AFF240B9-5260-4ABD-3D0F-EA3666A4C3A8}"
EndProject
Project("{FAE04EC0-301F-11D3-BF4B-00C04F79EFBC}") = "TradingSystem.Application", "..\..\Downloads\trading-platform-stage20\src\TradingSystem.Application\TradingSystem.Application.csproj", "{DF6F3900-7DBD-891B-0B79-CEBAC1E703AD}"
EndProject
Project("{FAE04EC0-301F-11D3-BF4B-00C04F79EFBC}") = "TradingSystem.Backtesting", "..\..\Downloads\trading-platform-stage20\src\TradingSystem.Backtesting\TradingSystem.Backtesting.csproj", "{C9E91DDA-D992-0E9D-9995-0B79B502627E}"
EndProject
Project("{FAE04EC0-301F-11D3-BF4B-00C04F79EFBC}") = "TradingSystem.Backtesting.Bots", "..\..\Downloads\trading-platform-stage20\src\TradingSystem.Backtesting.Bots\TradingSystem.Backtesting.Bots.csproj", "{5259ABAB-70F7-9A62-0FE2-16ABD820DB49}"
EndProject
Project("{FAE04EC0-301F-11D3-BF4B-00C04F79EFBC}") = "TradingSystem.Backtesting.Cli", "..\..\Downloads\trading-platform-stage20\src\TradingSystem.Backtesting.Cli\TradingSystem.Backtesting.Cli.csproj", "{D76F3DEA-2D62-2134-7ED5-AADF57AE16A9}"
EndProject
Project("{FAE04EC0-301F-11D3-BF4B-00C04F79EFBC}") = "TradingSystem.Backtesting.Reporting", "..\..\Downloads\trading-platform-stage20\src\TradingSystem.Backtesting.Reporting\TradingSystem.Backtesting.Reporting.csproj", "{354BD64A-43E9-E5FF-15D9-3001653DA0A3}"
EndProject
Project("{FAE04EC0-301F-11D3-BF4B-00C04F79EFBC}") = "TradingSystem.Binance", "..\..\Downloads\trading-platform-stage20\src\TradingSystem.Binance\TradingSystem.Binance.csproj", "{82DC6B9C-A2B7-AA95-E164-E01E2B295B0B}"
EndProject
Project("{FAE04EC0-301F-11D3-BF4B-00C04F79EFBC}") = "TradingSystem.BotBacktesting.Cli", "..\..\Downloads\trading-platform-stage20\src\TradingSystem.BotBacktesting.Cli\TradingSystem.BotBacktesting.Cli.csproj", "{213CAB5B-1F56-F31A-81EE-D162E83D71E5}"
EndProject
Project("{FAE04EC0-301F-11D3-BF4B-00C04F79EFBC}") = "TradingSystem.BotRuntime", "..\..\Downloads\trading-platform-stage20\src\TradingSystem.BotRuntime\TradingSystem.BotRuntime.csproj", "{0DB90D2B-A408-9354-CB60-045202BD4B60}"
EndProject
Project("{FAE04EC0-301F-11D3-BF4B-00C04F79EFBC}") = "TradingSystem.Contracts", "..\..\Downloads\trading-platform-stage20\src\TradingSystem.Contracts\TradingSystem.Contracts.csproj", "{95B76BB7-1C1E-79BF-E24F-9F7B96DED9C9}"
EndProject
Project("{FAE04EC0-301F-11D3-BF4B-00C04F79EFBC}") = "TradingSystem.Dashboard.Api", "..\..\Downloads\trading-platform-stage20\src\TradingSystem.Dashboard.Api\TradingSystem.Dashboard.Api.csproj", "{C022B65F-594A-9E4A-0E2F-3B38DB884E8E}"
EndProject
Project("{FAE04EC0-301F-11D3-BF4B-00C04F79EFBC}") = "TradingSystem.Dashboard.Application", "..\..\Downloads\trading-platform-stage20\src\TradingSystem.Dashboard.Application\TradingSystem.Dashboard.Application.csproj", "{255CDE84-5179-8388-1B1E-601D6D8F6809}"
EndProject
Project("{FAE04EC0-301F-11D3-BF4B-00C04F79EFBC}") = "TradingSystem.Dashboard.Contracts", "..\..\Downloads\trading-platform-stage20\src\TradingSystem.Dashboard.Contracts\TradingSystem.Dashboard.Contracts.csproj", "{37DA8AAD-6B74-895A-A31F-F37E716AE0F4}"
EndProject
Project("{FAE04EC0-301F-11D3-BF4B-00C04F79EFBC}") = "TradingSystem.Domain", "..\..\Downloads\trading-platform-stage20\src\TradingSystem.Domain\TradingSystem.Domain.csproj", "{22171676-1952-5B5D-107B-D5839AD56F4F}"
EndProject
Project("{FAE04EC0-301F-11D3-BF4B-00C04F79EFBC}") = "TradingSystem.EventStore", "..\..\Downloads\trading-platform-stage20\src\TradingSystem.EventStore\TradingSystem.EventStore.csproj", "{8D8CF792-68EB-5AD9-63BF-113EC2F61910}"
EndProject
Project("{FAE04EC0-301F-11D3-BF4B-00C04F79EFBC}") = "TradingSystem.HistoricalData", "..\..\Downloads\trading-platform-stage20\src\TradingSystem.HistoricalData\TradingSystem.HistoricalData.csproj", "{9C527BA1-AF26-0E2F-7828-1215C06BB1A2}"
EndProject
Project("{FAE04EC0-301F-11D3-BF4B-00C04F79EFBC}") = "TradingSystem.HistoricalData.Cli", "..\..\Downloads\trading-platform-stage20\src\TradingSystem.HistoricalData.Cli\TradingSystem.HistoricalData.Cli.csproj", "{19C844F8-C92E-B525-0DE0-246EB3402323}"
EndProject
Project("{FAE04EC0-301F-11D3-BF4B-00C04F79EFBC}") = "TradingSystem.Indicators", "..\..\Downloads\trading-platform-stage20\src\TradingSystem.Indicators\TradingSystem.Indicators.csproj", "{9BA32B8D-B555-A442-2436-39E0748553C6}"
EndProject
Project("{FAE04EC0-301F-11D3-BF4B-00C04F79EFBC}") = "TradingSystem.Infrastructure", "..\..\Downloads\trading-platform-stage20\src\TradingSystem.Infrastructure\TradingSystem.Infrastructure.csproj", "{36D2FB18-11D3-2131-C93E-4AE8B7348363}"
EndProject
Project("{FAE04EC0-301F-11D3-BF4B-00C04F79EFBC}") = "TradingSystem.JobOrchestration", "..\..\Downloads\trading-platform-stage20\src\TradingSystem.JobOrchestration\TradingSystem.JobOrchestration.csproj", "{1BBA712D-98E5-6C58-A568-ECA938726FD1}"
EndProject
Project("{FAE04EC0-301F-11D3-BF4B-00C04F79EFBC}") = "TradingSystem.Jobs.Worker", "..\..\Downloads\trading-platform-stage20\src\TradingSystem.Jobs.Worker\TradingSystem.Jobs.Worker.csproj", "{476B9CA7-0B42-805B-C152-47BA63E85194}"
EndProject
Project("{FAE04EC0-301F-11D3-BF4B-00C04F79EFBC}") = "TradingSystem.Observability", "..\..\Downloads\trading-platform-stage20\src\TradingSystem.Observability\TradingSystem.Observability.csproj", "{F930D1F9-CEA8-4B3F-2FD7-DE892DFB38C3}"
EndProject
Project("{FAE04EC0-301F-11D3-BF4B-00C04F79EFBC}") = "TradingSystem.Operations", "..\..\Downloads\trading-platform-stage20\src\TradingSystem.Operations\TradingSystem.Operations.csproj", "{A4004797-B02F-1C62-2BCF-EE9D031B668E}"
EndProject
Project("{FAE04EC0-301F-11D3-BF4B-00C04F79EFBC}") = "TradingSystem.Optimization", "..\..\Downloads\trading-platform-stage20\src\TradingSystem.Optimization\TradingSystem.Optimization.csproj", "{345F1CF1-B0E2-98EF-30FC-13FB7851099D}"
EndProject
Project("{FAE04EC0-301F-11D3-BF4B-00C04F79EFBC}") = "TradingSystem.Optimization.Cli", "..\..\Downloads\trading-platform-stage20\src\TradingSystem.Optimization.Cli\TradingSystem.Optimization.Cli.csproj", "{4077EE97-9B8B-8233-E3A8-8B08C03456D6}"
EndProject
Project("{FAE04EC0-301F-11D3-BF4B-00C04F79EFBC}") = "UserStreamService", "..\..\Downloads\trading-platform-stage20\src\UserStreamService\UserStreamService.csproj", "{31797624-ACB5-7B61-8524-48DA79AA84A1}"
EndProject
Project("{FAE04EC0-301F-11D3-BF4B-00C04F79EFBC}") = "TradingSystem.StrategyPlugins", "..\..\Downloads\trading-platform-stage20\src\TradingSystem.StrategyPlugins\TradingSystem.StrategyPlugins.csproj", "{097EA16E-9B79-74C3-3A2E-7102F7DE3894}"
EndProject
Project("{FAE04EC0-301F-11D3-BF4B-00C04F79EFBC}") = "TradingSystem.Strategies", "..\..\Downloads\trading-platform-stage20\src\TradingSystem.Strategies\TradingSystem.Strategies.csproj", "{46A0DCEB-8753-5A61-01EE-0902A28792E0}"
EndProject
Project("{FAE04EC0-301F-11D3-BF4B-00C04F79EFBC}") = "TradingSystem.Signals", "..\..\Downloads\trading-platform-stage20\src\TradingSystem.Signals\TradingSystem.Signals.csproj", "{8A48DE7B-A950-3677-CBFF-9C52642F0FDC}"
EndProject
Project("{FAE04EC0-301F-11D3-BF4B-00C04F79EFBC}") = "TradingSystem.RiskManagement", "..\..\Downloads\trading-platform-stage20\src\TradingSystem.RiskManagement\TradingSystem.RiskManagement.csproj", "{A91CC8B9-2C3A-3455-6827-B5E332E7E35A}"
EndProject
Project("{FAE04EC0-301F-11D3-BF4B-00C04F79EFBC}") = "TradingSystem.ReplayEngine", "..\..\Downloads\trading-platform-stage20\src\TradingSystem.ReplayEngine\TradingSystem.ReplayEngine.csproj", "{7BD4C447-9762-602C-7E53-EA0462393E1F}"
EndProject
Project("{FAE04EC0-301F-11D3-BF4B-00C04F79EFBC}") = "TradingSystem.Redis", "..\..\Downloads\trading-platform-stage20\src\TradingSystem.Redis\TradingSystem.Redis.csproj", "{F61F811A-70F4-F2AA-0B6B-B91C0152975A}"
EndProject
Project("{FAE04EC0-301F-11D3-BF4B-00C04F79EFBC}") = "TradingSystem.Reconciliation", "..\..\Downloads\trading-platform-stage20\src\TradingSystem.Reconciliation\TradingSystem.Reconciliation.csproj", "{E0BC7133-8138-574C-9D10-89806D337A5E}"
EndProject
Project("{FAE04EC0-301F-11D3-BF4B-00C04F79EFBC}") = "TradingSystem.Persistence.PostgreSql", "..\..\Downloads\trading-platform-stage20\src\TradingSystem.Persistence.PostgreSql\TradingSystem.Persistence.PostgreSql.csproj", "{724ECE16-6BFF-ACCA-A4AF-5B83AF18F42F}"
EndProject
Project("{FAE04EC0-301F-11D3-BF4B-00C04F79EFBC}") = "TradingSystem.PaperTrading", "..\..\Downloads\trading-platform-stage20\src\TradingSystem.PaperTrading\TradingSystem.PaperTrading.csproj", "{A501C3C8-E537-1527-62FB-21729869A492}"
EndProject
Global
	GlobalSection(SolutionConfigurationPlatforms) = preSolution
		Debug|Any CPU = Debug|Any CPU
		Release|Any CPU = Release|Any CPU
	EndGlobalSection
	GlobalSection(ProjectConfigurationPlatforms) = postSolution
		{2438B83E-BE1D-B1BB-3D2D-561B077085E5}.Debug|Any CPU.ActiveCfg = Debug|Any CPU
		{2438B83E-BE1D-B1BB-3D2D-561B077085E5}.Debug|Any CPU.Build.0 = Debug|Any CPU
		{2438B83E-BE1D-B1BB-3D2D-561B077085E5}.Release|Any CPU.ActiveCfg = Release|Any CPU
		{2438B83E-BE1D-B1BB-3D2D-561B077085E5}.Release|Any CPU.Build.0 = Release|Any CPU
		{477A3C9C-8590-DAFB-B12E-ECD4278B2E34}.Debug|Any CPU.ActiveCfg = Debug|Any CPU
		{477A3C9C-8590-DAFB-B12E-ECD4278B2E34}.Debug|Any CPU.Build.0 = Debug|Any CPU
		{477A3C9C-8590-DAFB-B12E-ECD4278B2E34}.Release|Any CPU.ActiveCfg = Release|Any CPU
		{477A3C9C-8590-DAFB-B12E-ECD4278B2E34}.Release|Any CPU.Build.0 = Release|Any CPU
		{EC642388-2747-379A-55B7-FF9F86397467}.Debug|Any CPU.ActiveCfg = Debug|Any CPU
		{EC642388-2747-379A-55B7-FF9F86397467}.Debug|Any CPU.Build.0 = Debug|Any CPU
		{EC642388-2747-379A-55B7-FF9F86397467}.Release|Any CPU.ActiveCfg = Release|Any CPU
		{EC642388-2747-379A-55B7-FF9F86397467}.Release|Any CPU.Build.0 = Release|Any CPU
		{AFF240B9-5260-4ABD-3D0F-EA3666A4C3A8}.Debug|Any CPU.ActiveCfg = Debug|Any CPU
		{AFF240B9-5260-4ABD-3D0F-EA3666A4C3A8}.Debug|Any CPU.Build.0 = Debug|Any CPU
		{AFF240B9-5260-4ABD-3D0F-EA3666A4C3A8}.Release|Any CPU.ActiveCfg = Release|Any CPU
		{AFF240B9-5260-4ABD-3D0F-EA3666A4C3A8}.Release|Any CPU.Build.0 = Release|Any CPU
		{DF6F3900-7DBD-891B-0B79-CEBAC1E703AD}.Debug|Any CPU.ActiveCfg = Debug|Any CPU
		{DF6F3900-7DBD-891B-0B79-CEBAC1E703AD}.Debug|Any CPU.Build.0 = Debug|Any CPU
		{DF6F3900-7DBD-891B-0B79-CEBAC1E703AD}.Release|Any CPU.ActiveCfg = Release|Any CPU
		{DF6F3900-7DBD-891B-0B79-CEBAC1E703AD}.Release|Any CPU.Build.0 = Release|Any CPU
		{C9E91DDA-D992-0E9D-9995-0B79B502627E}.Debug|Any CPU.ActiveCfg = Debug|Any CPU
		{C9E91DDA-D992-0E9D-9995-0B79B502627E}.Debug|Any CPU.Build.0 = Debug|Any CPU
		{C9E91DDA-D992-0E9D-9995-0B79B502627E}.Release|Any CPU.ActiveCfg = Release|Any CPU
		{C9E91DDA-D992-0E9D-9995-0B79B502627E}.Release|Any CPU.Build.0 = Release|Any CPU
		{5259ABAB-70F7-9A62-0FE2-16ABD820DB49}.Debug|Any CPU.ActiveCfg = Debug|Any CPU
		{5259ABAB-70F7-9A62-0FE2-16ABD820DB49}.Debug|Any CPU.Build.0 = Debug|Any CPU
		{5259ABAB-70F7-9A62-0FE2-16ABD820DB49}.Release|Any CPU.ActiveCfg = Release|Any CPU
		{5259ABAB-70F7-9A62-0FE2-16ABD820DB49}.Release|Any CPU.Build.0 = Release|Any CPU
		{D76F3DEA-2D62-2134-7ED5-AADF57AE16A9}.Debug|Any CPU.ActiveCfg = Debug|Any CPU
		{D76F3DEA-2D62-2134-7ED5-AADF57AE16A9}.Debug|Any CPU.Build.0 = Debug|Any CPU
		{D76F3DEA-2D62-2134-7ED5-AADF57AE16A9}.Release|Any CPU.ActiveCfg = Release|Any CPU
		{D76F3DEA-2D62-2134-7ED5-AADF57AE16A9}.Release|Any CPU.Build.0 = Release|Any CPU
		{354BD64A-43E9-E5FF-15D9-3001653DA0A3}.Debug|Any CPU.ActiveCfg = Debug|Any CPU
		{354BD64A-43E9-E5FF-15D9-3001653DA0A3}.Debug|Any CPU.Build.0 = Debug|Any CPU
		{354BD64A-43E9-E5FF-15D9-3001653DA0A3}.Release|Any CPU.ActiveCfg = Release|Any CPU
		{354BD64A-43E9-E5FF-15D9-3001653DA0A3}.Release|Any CPU.Build.0 = Release|Any CPU
		{82DC6B9C-A2B7-AA95-E164-E01E2B295B0B}.Debug|Any CPU.ActiveCfg = Debug|Any CPU
		{82DC6B9C-A2B7-AA95-E164-E01E2B295B0B}.Debug|Any CPU.Build.0 = Debug|Any CPU
		{82DC6B9C-A2B7-AA95-E164-E01E2B295B0B}.Release|Any CPU.ActiveCfg = Release|Any CPU
		{82DC6B9C-A2B7-AA95-E164-E01E2B295B0B}.Release|Any CPU.Build.0 = Release|Any CPU
		{213CAB5B-1F56-F31A-81EE-D162E83D71E5}.Debug|Any CPU.ActiveCfg = Debug|Any CPU
		{213CAB5B-1F56-F31A-81EE-D162E83D71E5}.Debug|Any CPU.Build.0 = Debug|Any CPU
		{213CAB5B-1F56-F31A-81EE-D162E83D71E5}.Release|Any CPU.ActiveCfg = Release|Any CPU
		{213CAB5B-1F56-F31A-81EE-D162E83D71E5}.Release|Any CPU.Build.0 = Release|Any CPU
		{0DB90D2B-A408-9354-CB60-045202BD4B60}.Debug|Any CPU.ActiveCfg = Debug|Any CPU
		{0DB90D2B-A408-9354-CB60-045202BD4B60}.Debug|Any CPU.Build.0 = Debug|Any CPU
		{0DB90D2B-A408-9354-CB60-045202BD4B60}.Release|Any CPU.ActiveCfg = Release|Any CPU
		{0DB90D2B-A408-9354-CB60-045202BD4B60}.Release|Any CPU.Build.0 = Release|Any CPU
		{95B76BB7-1C1E-79BF-E24F-9F7B96DED9C9}.Debug|Any CPU.ActiveCfg = Debug|Any CPU
		{95B76BB7-1C1E-79BF-E24F-9F7B96DED9C9}.Debug|Any CPU.Build.0 = Debug|Any CPU
		{95B76BB7-1C1E-79BF-E24F-9F7B96DED9C9}.Release|Any CPU.ActiveCfg = Release|Any CPU
		{95B76BB7-1C1E-79BF-E24F-9F7B96DED9C9}.Release|Any CPU.Build.0 = Release|Any CPU
		{C022B65F-594A-9E4A-0E2F-3B38DB884E8E}.Debug|Any CPU.ActiveCfg = Debug|Any CPU
		{C022B65F-594A-9E4A-0E2F-3B38DB884E8E}.Debug|Any CPU.Build.0 = Debug|Any CPU
		{C022B65F-594A-9E4A-0E2F-3B38DB884E8E}.Release|Any CPU.ActiveCfg = Release|Any CPU
		{C022B65F-594A-9E4A-0E2F-3B38DB884E8E}.Release|Any CPU.Build.0 = Release|Any CPU
		{255CDE84-5179-8388-1B1E-601D6D8F6809}.Debug|Any CPU.ActiveCfg = Debug|Any CPU
		{255CDE84-5179-8388-1B1E-601D6D8F6809}.Debug|Any CPU.Build.0 = Debug|Any CPU
		{255CDE84-5179-8388-1B1E-601D6D8F6809}.Release|Any CPU.ActiveCfg = Release|Any CPU
		{255CDE84-5179-8388-1B1E-601D6D8F6809}.Release|Any CPU.Build.0 = Release|Any CPU
		{37DA8AAD-6B74-895A-A31F-F37E716AE0F4}.Debug|Any CPU.ActiveCfg = Debug|Any CPU
		{37DA8AAD-6B74-895A-A31F-F37E716AE0F4}.Debug|Any CPU.Build.0 = Debug|Any CPU
		{37DA8AAD-6B74-895A-A31F-F37E716AE0F4}.Release|Any CPU.ActiveCfg = Release|Any CPU
		{37DA8AAD-6B74-895A-A31F-F37E716AE0F4}.Release|Any CPU.Build.0 = Release|Any CPU
		{22171676-1952-5B5D-107B-D5839AD56F4F}.Debug|Any CPU.ActiveCfg = Debug|Any CPU
		{22171676-1952-5B5D-107B-D5839AD56F4F}.Debug|Any CPU.Build.0 = Debug|Any CPU
		{22171676-1952-5B5D-107B-D5839AD56F4F}.Release|Any CPU.ActiveCfg = Release|Any CPU
		{22171676-1952-5B5D-107B-D5839AD56F4F}.Release|Any CPU.Build.0 = Release|Any CPU
		{8D8CF792-68EB-5AD9-63BF-113EC2F61910}.Debug|Any CPU.ActiveCfg = Debug|Any CPU
		{8D8CF792-68EB-5AD9-63BF-113EC2F61910}.Debug|Any CPU.Build.0 = Debug|Any CPU
		{8D8CF792-68EB-5AD9-63BF-113EC2F61910}.Release|Any CPU.ActiveCfg = Release|Any CPU
		{8D8CF792-68EB-5AD9-63BF-113EC2F61910}.Release|Any CPU.Build.0 = Release|Any CPU
		{9C527BA1-AF26-0E2F-7828-1215C06BB1A2}.Debug|Any CPU.ActiveCfg = Debug|Any CPU
		{9C527BA1-AF26-0E2F-7828-1215C06BB1A2}.Debug|Any CPU.Build.0 = Debug|Any CPU
		{9C527BA1-AF26-0E2F-7828-1215C06BB1A2}.Release|Any CPU.ActiveCfg = Release|Any CPU
		{9C527BA1-AF26-0E2F-7828-1215C06BB1A2}.Release|Any CPU.Build.0 = Release|Any CPU
		{19C844F8-C92E-B525-0DE0-246EB3402323}.Debug|Any CPU.ActiveCfg = Debug|Any CPU
		{19C844F8-C92E-B525-0DE0-246EB3402323}.Debug|Any CPU.Build.0 = Debug|Any CPU
		{19C844F8-C92E-B525-0DE0-246EB3402323}.Release|Any CPU.ActiveCfg = Release|Any CPU
		{19C844F8-C92E-B525-0DE0-246EB3402323}.Release|Any CPU.Build.0 = Release|Any CPU
		{9BA32B8D-B555-A442-2436-39E0748553C6}.Debug|Any CPU.ActiveCfg = Debug|Any CPU
		{9BA32B8D-B555-A442-2436-39E0748553C6}.Debug|Any CPU.Build.0 = Debug|Any CPU
		{9BA32B8D-B555-A442-2436-39E0748553C6}.Release|Any CPU.ActiveCfg = Release|Any CPU
		{9BA32B8D-B555-A442-2436-39E0748553C6}.Release|Any CPU.Build.0 = Release|Any CPU
		{36D2FB18-11D3-2131-C93E-4AE8B7348363}.Debug|Any CPU.ActiveCfg = Debug|Any CPU
		{36D2FB18-11D3-2131-C93E-4AE8B7348363}.Debug|Any CPU.Build.0 = Debug|Any CPU
		{36D2FB18-11D3-2131-C93E-4AE8B7348363}.Release|Any CPU.ActiveCfg = Release|Any CPU
		{36D2FB18-11D3-2131-C93E-4AE8B7348363}.Release|Any CPU.Build.0 = Release|Any CPU
		{1BBA712D-98E5-6C58-A568-ECA938726FD1}.Debug|Any CPU.ActiveCfg = Debug|Any CPU
		{1BBA712D-98E5-6C58-A568-ECA938726FD1}.Debug|Any CPU.Build.0 = Debug|Any CPU
		{1BBA712D-98E5-6C58-A568-ECA938726FD1}.Release|Any CPU.ActiveCfg = Release|Any CPU
		{1BBA712D-98E5-6C58-A568-ECA938726FD1}.Release|Any CPU.Build.0 = Release|Any CPU
		{476B9CA7-0B42-805B-C152-47BA63E85194}.Debug|Any CPU.ActiveCfg = Debug|Any CPU
		{476B9CA7-0B42-805B-C152-47BA63E85194}.Debug|Any CPU.Build.0 = Debug|Any CPU
		{476B9CA7-0B42-805B-C152-47BA63E85194}.Release|Any CPU.ActiveCfg = Release|Any CPU
		{476B9CA7-0B42-805B-C152-47BA63E85194}.Release|Any CPU.Build.0 = Release|Any CPU
		{F930D1F9-CEA8-4B3F-2FD7-DE892DFB38C3}.Debug|Any CPU.ActiveCfg = Debug|Any CPU
		{F930D1F9-CEA8-4B3F-2FD7-DE892DFB38C3}.Debug|Any CPU.Build.0 = Debug|Any CPU
		{F930D1F9-CEA8-4B3F-2FD7-DE892DFB38C3}.Release|Any CPU.ActiveCfg = Release|Any CPU
		{F930D1F9-CEA8-4B3F-2FD7-DE892DFB38C3}.Release|Any CPU.Build.0 = Release|Any CPU
		{A4004797-B02F-1C62-2BCF-EE9D031B668E}.Debug|Any CPU.ActiveCfg = Debug|Any CPU
		{A4004797-B02F-1C62-2BCF-EE9D031B668E}.Debug|Any CPU.Build.0 = Debug|Any CPU
		{A4004797-B02F-1C62-2BCF-EE9D031B668E}.Release|Any CPU.ActiveCfg = Release|Any CPU
		{A4004797-B02F-1C62-2BCF-EE9D031B668E}.Release|Any CPU.Build.0 = Release|Any CPU
		{345F1CF1-B0E2-98EF-30FC-13FB7851099D}.Debug|Any CPU.ActiveCfg = Debug|Any CPU
		{345F1CF1-B0E2-98EF-30FC-13FB7851099D}.Debug|Any CPU.Build.0 = Debug|Any CPU
		{345F1CF1-B0E2-98EF-30FC-13FB7851099D}.Release|Any CPU.ActiveCfg = Release|Any CPU
		{345F1CF1-B0E2-98EF-30FC-13FB7851099D}.Release|Any CPU.Build.0 = Release|Any CPU
		{4077EE97-9B8B-8233-E3A8-8B08C03456D6}.Debug|Any CPU.ActiveCfg = Debug|Any CPU
		{4077EE97-9B8B-8233-E3A8-8B08C03456D6}.Debug|Any CPU.Build.0 = Debug|Any CPU
		{4077EE97-9B8B-8233-E3A8-8B08C03456D6}.Release|Any CPU.ActiveCfg = Release|Any CPU
		{4077EE97-9B8B-8233-E3A8-8B08C03456D6}.Release|Any CPU.Build.0 = Release|Any CPU
		{31797624-ACB5-7B61-8524-48DA79AA84A1}.Debug|Any CPU.ActiveCfg = Debug|Any CPU
		{31797624-ACB5-7B61-8524-48DA79AA84A1}.Debug|Any CPU.Build.0 = Debug|Any CPU
		{31797624-ACB5-7B61-8524-48DA79AA84A1}.Release|Any CPU.ActiveCfg = Release|Any CPU
		{31797624-ACB5-7B61-8524-48DA79AA84A1}.Release|Any CPU.Build.0 = Release|Any CPU
		{097EA16E-9B79-74C3-3A2E-7102F7DE3894}.Debug|Any CPU.ActiveCfg = Debug|Any CPU
		{097EA16E-9B79-74C3-3A2E-7102F7DE3894}.Debug|Any CPU.Build.0 = Debug|Any CPU
		{097EA16E-9B79-74C3-3A2E-7102F7DE3894}.Release|Any CPU.ActiveCfg = Release|Any CPU
		{097EA16E-9B79-74C3-3A2E-7102F7DE3894}.Release|Any CPU.Build.0 = Release|Any CPU
		{46A0DCEB-8753-5A61-01EE-0902A28792E0}.Debug|Any CPU.ActiveCfg = Debug|Any CPU
		{46A0DCEB-8753-5A61-01EE-0902A28792E0}.Debug|Any CPU.Build.0 = Debug|Any CPU
		{46A0DCEB-8753-5A61-01EE-0902A28792E0}.Release|Any CPU.ActiveCfg = Release|Any CPU
		{46A0DCEB-8753-5A61-01EE-0902A28792E0}.Release|Any CPU.Build.0 = Release|Any CPU
		{8A48DE7B-A950-3677-CBFF-9C52642F0FDC}.Debug|Any CPU.ActiveCfg = Debug|Any CPU
		{8A48DE7B-A950-3677-CBFF-9C52642F0FDC}.Debug|Any CPU.Build.0 = Debug|Any CPU
		{8A48DE7B-A950-3677-CBFF-9C52642F0FDC}.Release|Any CPU.ActiveCfg = Release|Any CPU
		{8A48DE7B-A950-3677-CBFF-9C52642F0FDC}.Release|Any CPU.Build.0 = Release|Any CPU
		{A91CC8B9-2C3A-3455-6827-B5E332E7E35A}.Debug|Any CPU.ActiveCfg = Debug|Any CPU
		{A91CC8B9-2C3A-3455-6827-B5E332E7E35A}.Debug|Any CPU.Build.0 = Debug|Any CPU
		{A91CC8B9-2C3A-3455-6827-B5E332E7E35A}.Release|Any CPU.ActiveCfg = Release|Any CPU
		{A91CC8B9-2C3A-3455-6827-B5E332E7E35A}.Release|Any CPU.Build.0 = Release|Any CPU
		{7BD4C447-9762-602C-7E53-EA0462393E1F}.Debug|Any CPU.ActiveCfg = Debug|Any CPU
		{7BD4C447-9762-602C-7E53-EA0462393E1F}.Debug|Any CPU.Build.0 = Debug|Any CPU
		{7BD4C447-9762-602C-7E53-EA0462393E1F}.Release|Any CPU.ActiveCfg = Release|Any CPU
		{7BD4C447-9762-602C-7E53-EA0462393E1F}.Release|Any CPU.Build.0 = Release|Any CPU
		{F61F811A-70F4-F2AA-0B6B-B91C0152975A}.Debug|Any CPU.ActiveCfg = Debug|Any CPU
		{F61F811A-70F4-F2AA-0B6B-B91C0152975A}.Debug|Any CPU.Build.0 = Debug|Any CPU
		{F61F811A-70F4-F2AA-0B6B-B91C0152975A}.Release|Any CPU.ActiveCfg = Release|Any CPU
		{F61F811A-70F4-F2AA-0B6B-B91C0152975A}.Release|Any CPU.Build.0 = Release|Any CPU
		{E0BC7133-8138-574C-9D10-89806D337A5E}.Debug|Any CPU.ActiveCfg = Debug|Any CPU
		{E0BC7133-8138-574C-9D10-89806D337A5E}.Debug|Any CPU.Build.0 = Debug|Any CPU
		{E0BC7133-8138-574C-9D10-89806D337A5E}.Release|Any CPU.ActiveCfg = Release|Any CPU
		{E0BC7133-8138-574C-9D10-89806D337A5E}.Release|Any CPU.Build.0 = Release|Any CPU
		{724ECE16-6BFF-ACCA-A4AF-5B83AF18F42F}.Debug|Any CPU.ActiveCfg = Debug|Any CPU
		{724ECE16-6BFF-ACCA-A4AF-5B83AF18F42F}.Debug|Any CPU.Build.0 = Debug|Any CPU
		{724ECE16-6BFF-ACCA-A4AF-5B83AF18F42F}.Release|Any CPU.ActiveCfg = Release|Any CPU
		{724ECE16-6BFF-ACCA-A4AF-5B83AF18F42F}.Release|Any CPU.Build.0 = Release|Any CPU
		{A501C3C8-E537-1527-62FB-21729869A492}.Debug|Any CPU.ActiveCfg = Debug|Any CPU
		{A501C3C8-E537-1527-62FB-21729869A492}.Debug|Any CPU.Build.0 = Debug|Any CPU
		{A501C3C8-E537-1527-62FB-21729869A492}.Release|Any CPU.ActiveCfg = Release|Any CPU
		{A501C3C8-E537-1527-62FB-21729869A492}.Release|Any CPU.Build.0 = Release|Any CPU
	EndGlobalSection
	GlobalSection(SolutionProperties) = preSolution
		HideSolutionNode = FALSE
	EndGlobalSection
	GlobalSection(NestedProjects) = preSolution
		{2438B83E-BE1D-B1BB-3D2D-561B077085E5} = {02EA681E-C7D8-13C7-8484-4AC65E1B71E8}
		{477A3C9C-8590-DAFB-B12E-ECD4278B2E34} = {02EA681E-C7D8-13C7-8484-4AC65E1B71E8}
		{EC642388-2747-379A-55B7-FF9F86397467} = {02EA681E-C7D8-13C7-8484-4AC65E1B71E8}
		{AFF240B9-5260-4ABD-3D0F-EA3666A4C3A8} = {02EA681E-C7D8-13C7-8484-4AC65E1B71E8}
		{DF6F3900-7DBD-891B-0B79-CEBAC1E703AD} = {02EA681E-C7D8-13C7-8484-4AC65E1B71E8}
		{C9E91DDA-D992-0E9D-9995-0B79B502627E} = {02EA681E-C7D8-13C7-8484-4AC65E1B71E8}
		{5259ABAB-70F7-9A62-0FE2-16ABD820DB49} = {02EA681E-C7D8-13C7-8484-4AC65E1B71E8}
		{D76F3DEA-2D62-2134-7ED5-AADF57AE16A9} = {02EA681E-C7D8-13C7-8484-4AC65E1B71E8}
		{354BD64A-43E9-E5FF-15D9-3001653DA0A3} = {02EA681E-C7D8-13C7-8484-4AC65E1B71E8}
		{82DC6B9C-A2B7-AA95-E164-E01E2B295B0B} = {02EA681E-C7D8-13C7-8484-4AC65E1B71E8}
		{213CAB5B-1F56-F31A-81EE-D162E83D71E5} = {02EA681E-C7D8-13C7-8484-4AC65E1B71E8}
		{0DB90D2B-A408-9354-CB60-045202BD4B60} = {02EA681E-C7D8-13C7-8484-4AC65E1B71E8}
		{95B76BB7-1C1E-79BF-E24F-9F7B96DED9C9} = {02EA681E-C7D8-13C7-8484-4AC65E1B71E8}
		{C022B65F-594A-9E4A-0E2F-3B38DB884E8E} = {02EA681E-C7D8-13C7-8484-4AC65E1B71E8}
		{255CDE84-5179-8388-1B1E-601D6D8F6809} = {02EA681E-C7D8-13C7-8484-4AC65E1B71E8}
		{37DA8AAD-6B74-895A-A31F-F37E716AE0F4} = {02EA681E-C7D8-13C7-8484-4AC65E1B71E8}
		{22171676-1952-5B5D-107B-D5839AD56F4F} = {02EA681E-C7D8-13C7-8484-4AC65E1B71E8}
		{8D8CF792-68EB-5AD9-63BF-113EC2F61910} = {02EA681E-C7D8-13C7-8484-4AC65E1B71E8}
		{9C527BA1-AF26-0E2F-7828-1215C06BB1A2} = {02EA681E-C7D8-13C7-8484-4AC65E1B71E8}
		{19C844F8-C92E-B525-0DE0-246EB3402323} = {02EA681E-C7D8-13C7-8484-4AC65E1B71E8}
		{9BA32B8D-B555-A442-2436-39E0748553C6} = {02EA681E-C7D8-13C7-8484-4AC65E1B71E8}
		{36D2FB18-11D3-2131-C93E-4AE8B7348363} = {02EA681E-C7D8-13C7-8484-4AC65E1B71E8}
		{1BBA712D-98E5-6C58-A568-ECA938726FD1} = {02EA681E-C7D8-13C7-8484-4AC65E1B71E8}
		{476B9CA7-0B42-805B-C152-47BA63E85194} = {02EA681E-C7D8-13C7-8484-4AC65E1B71E8}
		{F930D1F9-CEA8-4B3F-2FD7-DE892DFB38C3} = {02EA681E-C7D8-13C7-8484-4AC65E1B71E8}
		{A4004797-B02F-1C62-2BCF-EE9D031B668E} = {02EA681E-C7D8-13C7-8484-4AC65E1B71E8}
		{345F1CF1-B0E2-98EF-30FC-13FB7851099D} = {02EA681E-C7D8-13C7-8484-4AC65E1B71E8}
		{4077EE97-9B8B-8233-E3A8-8B08C03456D6} = {02EA681E-C7D8-13C7-8484-4AC65E1B71E8}
		{31797624-ACB5-7B61-8524-48DA79AA84A1} = {02EA681E-C7D8-13C7-8484-4AC65E1B71E8}
		{097EA16E-9B79-74C3-3A2E-7102F7DE3894} = {02EA681E-C7D8-13C7-8484-4AC65E1B71E8}
		{46A0DCEB-8753-5A61-01EE-0902A28792E0} = {02EA681E-C7D8-13C7-8484-4AC65E1B71E8}
		{8A48DE7B-A950-3677-CBFF-9C52642F0FDC} = {02EA681E-C7D8-13C7-8484-4AC65E1B71E8}
		{A91CC8B9-2C3A-3455-6827-B5E332E7E35A} = {02EA681E-C7D8-13C7-8484-4AC65E1B71E8}
		{7BD4C447-9762-602C-7E53-EA0462393E1F} = {02EA681E-C7D8-13C7-8484-4AC65E1B71E8}
		{F61F811A-70F4-F2AA-0B6B-B91C0152975A} = {02EA681E-C7D8-13C7-8484-4AC65E1B71E8}
		{E0BC7133-8138-574C-9D10-89806D337A5E} = {02EA681E-C7D8-13C7-8484-4AC65E1B71E8}
		{724ECE16-6BFF-ACCA-A4AF-5B83AF18F42F} = {02EA681E-C7D8-13C7-8484-4AC65E1B71E8}
		{A501C3C8-E537-1527-62FB-21729869A492} = {02EA681E-C7D8-13C7-8484-4AC65E1B71E8}
	EndGlobalSection
	GlobalSection(ExtensibilityGlobals) = postSolution
		SolutionGuid = {60F4BCB3-2856-47DE-BFEF-DB4FEA4C5E2E}
	EndGlobalSection
EndGlobal
