
Microsoft Visual Studio Solution File, Format Version 12.00
# Visual Studio Version 17
VisualStudioVersion = 17.0.31903.59
MinimumVisualStudioVersion = 10.0.40219.1
Project("{2150E333-8FDC-42A3-9474-1A3956D46DE8}") = "src", "src", "{827E0CD3-B72D-47B6-A68D-7590B98EB39B}"
EndProject
Project("{FAE04EC0-301F-11D3-BF4B-00C04F79EFBC}") = "IndicatorServices", "src\IndicatorServices\IndicatorServices.csproj", "{8D3E5E76-B2DA-4829-9DFC-69193D7B113A}"
EndProject
Project("{FAE04EC0-301F-11D3-BF4B-00C04F79EFBC}") = "MarketDataService", "src\MarketDataService\MarketDataService.csproj", "{EBE275F3-0F4C-44C8-A92F-38439E631A87}"
EndProject
Project("{FAE04EC0-301F-11D3-BF4B-00C04F79EFBC}") = "StrategyService", "src\StrategyService\StrategyService.csproj", "{AB8C955E-B8A6-4A3C-AEF9-52988D825B1B}"
EndProject
Project("{FAE04EC0-301F-11D3-BF4B-00C04F79EFBC}") = "TradingSystem.Analytics", "src\TradingSystem.Analytics\TradingSystem.Analytics.csproj", "{52287676-9A1A-401F-933F-34A078B2F675}"
EndProject
Project("{FAE04EC0-301F-11D3-BF4B-00C04F79EFBC}") = "TradingSystem.Application", "src\TradingSystem.Application\TradingSystem.Application.csproj", "{5743A88D-F70A-496A-86D9-BA86C526A608}"
EndProject
Project("{FAE04EC0-301F-11D3-BF4B-00C04F79EFBC}") = "TradingSystem.Backtesting", "src\TradingSystem.Backtesting\TradingSystem.Backtesting.csproj", "{6B1EA312-6D50-45EA-BEEA-16E371E3831F}"
EndProject
Project("{FAE04EC0-301F-11D3-BF4B-00C04F79EFBC}") = "TradingSystem.Backtesting.Bots", "src\TradingSystem.Backtesting.Bots\TradingSystem.Backtesting.Bots.csproj", "{63EBB3F3-8A76-46E1-94F2-7871704DEAE1}"
EndProject
Project("{FAE04EC0-301F-11D3-BF4B-00C04F79EFBC}") = "TradingSystem.Backtesting.Cli", "src\TradingSystem.Backtesting.Cli\TradingSystem.Backtesting.Cli.csproj", "{98156742-5B81-4FE0-A242-D4FE3F4B08EA}"
EndProject
Project("{FAE04EC0-301F-11D3-BF4B-00C04F79EFBC}") = "TradingSystem.Backtesting.Reporting", "src\TradingSystem.Backtesting.Reporting\TradingSystem.Backtesting.Reporting.csproj", "{9637F788-E836-421C-A528-7911C93108A1}"
EndProject
Project("{FAE04EC0-301F-11D3-BF4B-00C04F79EFBC}") = "TradingSystem.Binance", "src\TradingSystem.Binance\TradingSystem.Binance.csproj", "{B2CC1C3D-CDEC-42A8-A939-5AD744A5D4B2}"
EndProject
Project("{FAE04EC0-301F-11D3-BF4B-00C04F79EFBC}") = "TradingSystem.BotBacktesting.Cli", "src\TradingSystem.BotBacktesting.Cli\TradingSystem.BotBacktesting.Cli.csproj", "{E7151A07-A94E-40C7-9D61-5A63EB09F948}"
EndProject
Project("{FAE04EC0-301F-11D3-BF4B-00C04F79EFBC}") = "TradingSystem.BotRuntime", "src\TradingSystem.BotRuntime\TradingSystem.BotRuntime.csproj", "{89A25C32-EC4F-4E22-8E50-A7123C6D5620}"
EndProject
Project("{FAE04EC0-301F-11D3-BF4B-00C04F79EFBC}") = "TradingSystem.Contracts", "src\TradingSystem.Contracts\TradingSystem.Contracts.csproj", "{80AFC25A-FAB1-4DAF-8A0B-49491D2FA575}"
EndProject
Project("{FAE04EC0-301F-11D3-BF4B-00C04F79EFBC}") = "TradingSystem.Dashboard.Api", "src\TradingSystem.Dashboard.Api\TradingSystem.Dashboard.Api.csproj", "{CA9121AF-7502-46E1-8D52-2FF3E19B4DAC}"
EndProject
Project("{FAE04EC0-301F-11D3-BF4B-00C04F79EFBC}") = "TradingSystem.Dashboard.Application", "src\TradingSystem.Dashboard.Application\TradingSystem.Dashboard.Application.csproj", "{1FE06E31-379F-4277-9492-5665322A589C}"
EndProject
Project("{FAE04EC0-301F-11D3-BF4B-00C04F79EFBC}") = "TradingSystem.Dashboard.Contracts", "src\TradingSystem.Dashboard.Contracts\TradingSystem.Dashboard.Contracts.csproj", "{EC383AEB-D647-4867-86B2-862C88A3DB0A}"
EndProject
Project("{FAE04EC0-301F-11D3-BF4B-00C04F79EFBC}") = "TradingSystem.Domain", "src\TradingSystem.Domain\TradingSystem.Domain.csproj", "{13382082-E210-4C4A-8CA4-611D514CF0A8}"
EndProject
Project("{FAE04EC0-301F-11D3-BF4B-00C04F79EFBC}") = "TradingSystem.EventStore", "src\TradingSystem.EventStore\TradingSystem.EventStore.csproj", "{B43C8F14-E0A3-46CD-8C49-AAAD2023BE58}"
EndProject
Project("{FAE04EC0-301F-11D3-BF4B-00C04F79EFBC}") = "TradingSystem.HistoricalData", "src\TradingSystem.HistoricalData\TradingSystem.HistoricalData.csproj", "{0217C202-AA6B-4F22-8472-536382908414}"
EndProject
Project("{FAE04EC0-301F-11D3-BF4B-00C04F79EFBC}") = "TradingSystem.HistoricalData.Cli", "src\TradingSystem.HistoricalData.Cli\TradingSystem.HistoricalData.Cli.csproj", "{F3145394-8AE8-42CF-8C68-45FA757C5199}"
EndProject
Project("{FAE04EC0-301F-11D3-BF4B-00C04F79EFBC}") = "TradingSystem.Indicators", "src\TradingSystem.Indicators\TradingSystem.Indicators.csproj", "{884D6A73-3442-4AEC-9B73-0BFA720FA6A1}"
EndProject
Project("{FAE04EC0-301F-11D3-BF4B-00C04F79EFBC}") = "TradingSystem.Infrastructure", "src\TradingSystem.Infrastructure\TradingSystem.Infrastructure.csproj", "{FF5E0755-1339-4C6E-A127-C62E4214A5B3}"
EndProject
Project("{FAE04EC0-301F-11D3-BF4B-00C04F79EFBC}") = "TradingSystem.JobOrchestration", "src\TradingSystem.JobOrchestration\TradingSystem.JobOrchestration.csproj", "{C4F80943-CB67-46C5-9C96-C644E6FF0935}"
EndProject
Project("{FAE04EC0-301F-11D3-BF4B-00C04F79EFBC}") = "TradingSystem.Jobs.Worker", "src\TradingSystem.Jobs.Worker\TradingSystem.Jobs.Worker.csproj", "{6386DD5D-CD82-4689-8E25-5295A0CBEE04}"
EndProject
Project("{FAE04EC0-301F-11D3-BF4B-00C04F79EFBC}") = "TradingSystem.Observability", "src\TradingSystem.Observability\TradingSystem.Observability.csproj", "{14357BC7-0C6D-47C3-81C1-CB24785B5787}"
EndProject
Project("{FAE04EC0-301F-11D3-BF4B-00C04F79EFBC}") = "TradingSystem.Operations", "src\TradingSystem.Operations\TradingSystem.Operations.csproj", "{B13542FD-A2BD-4679-A395-06879DA1141A}"
EndProject
Project("{FAE04EC0-301F-11D3-BF4B-00C04F79EFBC}") = "TradingSystem.Optimization", "src\TradingSystem.Optimization\TradingSystem.Optimization.csproj", "{AE1DF0F3-0AAE-4654-B3B0-3F01789E0567}"
EndProject
Project("{FAE04EC0-301F-11D3-BF4B-00C04F79EFBC}") = "TradingSystem.Optimization.Cli", "src\TradingSystem.Optimization.Cli\TradingSystem.Optimization.Cli.csproj", "{99990541-A74B-49D2-BCC3-8A09C9EEDE34}"
EndProject
Project("{FAE04EC0-301F-11D3-BF4B-00C04F79EFBC}") = "TradingSystem.PaperTrading", "src\TradingSystem.PaperTrading\TradingSystem.PaperTrading.csproj", "{FFFBB6D0-E378-488D-9C04-4F417A4655D8}"
EndProject
Project("{FAE04EC0-301F-11D3-BF4B-00C04F79EFBC}") = "TradingSystem.Persistence.PostgreSql", "src\TradingSystem.Persistence.PostgreSql\TradingSystem.Persistence.PostgreSql.csproj", "{7CCD59AB-4D91-4DC7-9CE4-D97976BED536}"
EndProject
Project("{FAE04EC0-301F-11D3-BF4B-00C04F79EFBC}") = "TradingSystem.Reconciliation", "src\TradingSystem.Reconciliation\TradingSystem.Reconciliation.csproj", "{2E06BC80-4DB7-481B-9C39-2C8405B8F2BB}"
EndProject
Project("{FAE04EC0-301F-11D3-BF4B-00C04F79EFBC}") = "TradingSystem.Redis", "src\TradingSystem.Redis\TradingSystem.Redis.csproj", "{A36C6789-2E9A-488A-A284-098E2C0EF729}"
EndProject
Project("{FAE04EC0-301F-11D3-BF4B-00C04F79EFBC}") = "TradingSystem.ReplayEngine", "src\TradingSystem.ReplayEngine\TradingSystem.ReplayEngine.csproj", "{EE9920A0-A470-4ECB-B5C8-D3D9BD7D972F}"
EndProject
Project("{FAE04EC0-301F-11D3-BF4B-00C04F79EFBC}") = "TradingSystem.RiskManagement", "src\TradingSystem.RiskManagement\TradingSystem.RiskManagement.csproj", "{E4D6DF41-E2E9-4662-B6BF-4562D0377CDF}"
EndProject
Project("{FAE04EC0-301F-11D3-BF4B-00C04F79EFBC}") = "TradingSystem.Signals", "src\TradingSystem.Signals\TradingSystem.Signals.csproj", "{44C698BB-5D46-47F7-B88A-5901094183C9}"
EndProject
Project("{FAE04EC0-301F-11D3-BF4B-00C04F79EFBC}") = "TradingSystem.Strategies", "src\TradingSystem.Strategies\TradingSystem.Strategies.csproj", "{A185313D-20FB-4994-AD2B-C003C905BB31}"
EndProject
Project("{FAE04EC0-301F-11D3-BF4B-00C04F79EFBC}") = "TradingSystem.StrategyPlugins", "src\TradingSystem.StrategyPlugins\TradingSystem.StrategyPlugins.csproj", "{3E869308-FE35-4E12-A7B1-7D06C323066E}"
EndProject
Project("{FAE04EC0-301F-11D3-BF4B-00C04F79EFBC}") = "UserStreamService", "src\UserStreamService\UserStreamService.csproj", "{AD06DEE0-47E9-4256-B74B-55411146B4D7}"
EndProject
Project("{FAE04EC0-301F-11D3-BF4B-00C04F79EFBC}") = "TradingSystem.HistoricalDatabase", "src\TradingSystem.HistoricalDatabase\TradingSystem.HistoricalDatabase.csproj", "{AB71B2D7-3644-4F76-B566-5167CEF6E967}"
EndProject
Project("{FAE04EC0-301F-11D3-BF4B-00C04F79EFBC}") = "TradingSystem.PortfolioManagement", "src\TradingSystem.PortfolioManagement\TradingSystem.PortfolioManagement.csproj", "{969D4FCC-362F-43CF-9BEF-EE3ADDDEFCD1}"
EndProject
Project("{FAE04EC0-301F-11D3-BF4B-00C04F79EFBC}") = "TradingSystem.Prometheus", "src\TradingSystem.Prometheus\TradingSystem.Prometheus.csproj", "{340A3BF1-FA5C-4CD1-8B46-DBFB25CF8D57}"
EndProject
Project("{2150E333-8FDC-42A3-9474-1A3956D46DE8}") = "tests", "tests", "{0AB3BF05-4346-4AA6-1389-037BE0695223}"
EndProject
Project("{FAE04EC0-301F-11D3-BF4B-00C04F79EFBC}") = "TradingSystem.Backtesting.Bots.Tests", "tests\TradingSystem.Backtesting.Bots.Tests\TradingSystem.Backtesting.Bots.Tests.csproj", "{F95AC1B5-E635-4257-97A3-A9A43571ECC9}"
EndProject
Project("{FAE04EC0-301F-11D3-BF4B-00C04F79EFBC}") = "TradingSystem.Backtesting.Tests", "tests\TradingSystem.Backtesting.Tests\TradingSystem.Backtesting.Tests.csproj", "{025B1D07-DF71-4969-8431-6BACBF54C97E}"
EndProject
Project("{FAE04EC0-301F-11D3-BF4B-00C04F79EFBC}") = "TradingSystem.BotRuntime.Tests", "tests\TradingSystem.BotRuntime.Tests\TradingSystem.BotRuntime.Tests.csproj", "{E1AFFF19-41A5-4AC5-AE49-0C427FA5A6DF}"
EndProject
Project("{FAE04EC0-301F-11D3-BF4B-00C04F79EFBC}") = "TradingSystem.Dashboard.Api.Tests", "tests\TradingSystem.Dashboard.Api.Tests\TradingSystem.Dashboard.Api.Tests.csproj", "{7C5C3121-23F6-4062-98A3-93DF4A516D9B}"
EndProject
Project("{FAE04EC0-301F-11D3-BF4B-00C04F79EFBC}") = "TradingSystem.EventStore.Tests", "tests\TradingSystem.EventStore.Tests\TradingSystem.EventStore.Tests.csproj", "{E900CFFE-4B9D-4C90-B4AC-E5878152BF03}"
EndProject
Project("{FAE04EC0-301F-11D3-BF4B-00C04F79EFBC}") = "TradingSystem.JobOrchestration.Tests", "tests\TradingSystem.JobOrchestration.Tests\TradingSystem.JobOrchestration.Tests.csproj", "{A50BD482-A601-490D-B952-AE60CB84711B}"
EndProject
Project("{FAE04EC0-301F-11D3-BF4B-00C04F79EFBC}") = "TradingSystem.Operations.Tests", "tests\TradingSystem.Operations.Tests\TradingSystem.Operations.Tests.csproj", "{A32DDDC9-0869-4BCC-866A-A5AF63FECAB6}"
EndProject
Project("{FAE04EC0-301F-11D3-BF4B-00C04F79EFBC}") = "TradingSystem.Optimization.Tests", "tests\TradingSystem.Optimization.Tests\TradingSystem.Optimization.Tests.csproj", "{E618046B-90D8-46B6-AF7F-183D32E4681F}"
EndProject
Project("{FAE04EC0-301F-11D3-BF4B-00C04F79EFBC}") = "TradingSystem.PaperTrading.Tests", "tests\TradingSystem.PaperTrading.Tests\TradingSystem.PaperTrading.Tests.csproj", "{406F1433-8181-4EA7-9B66-1C8463305B86}"
EndProject
Project("{FAE04EC0-301F-11D3-BF4B-00C04F79EFBC}") = "TradingSystem.ReplayEngine.Tests", "tests\TradingSystem.ReplayEngine.Tests\TradingSystem.ReplayEngine.Tests.csproj", "{353A59DF-3794-4A5C-9158-DB8A7D5BCF7B}"
EndProject
Project("{FAE04EC0-301F-11D3-BF4B-00C04F79EFBC}") = "TradingSystem.RiskManagement.Tests", "tests\TradingSystem.RiskManagement.Tests\TradingSystem.RiskManagement.Tests.csproj", "{3704F767-43EF-4817-AFCC-AB54F95A8B69}"
EndProject
Project("{FAE04EC0-301F-11D3-BF4B-00C04F79EFBC}") = "TradingSystem.Strategies.Tests", "tests\TradingSystem.Strategies.Tests\TradingSystem.Strategies.Tests.csproj", "{CC23DCA3-00BA-4FC7-BD24-15C6C127EAEE}"
EndProject
Project("{FAE04EC0-301F-11D3-BF4B-00C04F79EFBC}") = "TradingSystem.StrategyPlugins.Tests", "tests\TradingSystem.StrategyPlugins.Tests\TradingSystem.StrategyPlugins.Tests.csproj", "{E78FD52B-FA25-421F-9945-4BE7693D403B}"
EndProject
Project("{FAE04EC0-301F-11D3-BF4B-00C04F79EFBC}") = "TradingViewWebhookService", "src\TradingViewWebhookService\TradingViewWebhookService.csproj", "{A386070E-412A-487F-B84E-F6D91607ED39}"
EndProject
Project("{FAE04EC0-301F-11D3-BF4B-00C04F79EFBC}") = "MarketDataService.Tests", "tests\MarketDataService.Tests\MarketDataService.Tests.csproj", "{A60B2FED-1DA8-48DA-9E9C-0B434D723305}"
EndProject
Project("{FAE04EC0-301F-11D3-BF4B-00C04F79EFBC}") = "StrategyService.Tests", "tests\StrategyService.Tests\StrategyService.Tests.csproj", "{4CF4424A-CA97-481F-B78F-CAAFCFFE3ACE}"
EndProject
Project("{FAE04EC0-301F-11D3-BF4B-00C04F79EFBC}") = "TradingSystem.Application.Tests", "tests\TradingSystem.Application.Tests\TradingSystem.Application.Tests.csproj", "{D2D227EC-411B-4686-B330-3AC54C89FAAF}"
EndProject
Project("{FAE04EC0-301F-11D3-BF4B-00C04F79EFBC}") = "TradingSystem.Binance.Tests", "tests\TradingSystem.Binance.Tests\TradingSystem.Binance.Tests.csproj", "{7865B37B-39B3-48CF-ADB5-FE85E45D5A1C}"
EndProject
Project("{FAE04EC0-301F-11D3-BF4B-00C04F79EFBC}") = "TradingSystem.Dashboard.Application.Tests", "tests\TradingSystem.Dashboard.Application.Tests\TradingSystem.Dashboard.Application.Tests.csproj", "{136160C3-DE34-4AF7-93B3-187E67053597}"
EndProject
Project("{FAE04EC0-301F-11D3-BF4B-00C04F79EFBC}") = "TradingSystem.HistoricalData.Tests", "tests\TradingSystem.HistoricalData.Tests\TradingSystem.HistoricalData.Tests.csproj", "{80D09E03-6F04-4F79-B6A1-FC1E6B47994D}"
EndProject
Project("{FAE04EC0-301F-11D3-BF4B-00C04F79EFBC}") = "TradingSystem.Indicators.Tests", "tests\TradingSystem.Indicators.Tests\TradingSystem.Indicators.Tests.csproj", "{6FB45B35-1411-48ED-AA9E-BC56B055C881}"
EndProject
Project("{FAE04EC0-301F-11D3-BF4B-00C04F79EFBC}") = "TradingSystem.PortfolioManagement.Tests", "tests\TradingSystem.PortfolioManagement.Tests\TradingSystem.PortfolioManagement.Tests.csproj", "{C24D1C92-1E0A-4EE0-9E8F-5CC4A508DA34}"
EndProject
Project("{FAE04EC0-301F-11D3-BF4B-00C04F79EFBC}") = "TradingSystem.Reconciliation.Tests", "tests\TradingSystem.Reconciliation.Tests\TradingSystem.Reconciliation.Tests.csproj", "{62E1F0A6-6259-4BF5-8295-4159FA1664AB}"
EndProject
Project("{FAE04EC0-301F-11D3-BF4B-00C04F79EFBC}") = "TradingSystem.Signals.Tests", "tests\TradingSystem.Signals.Tests\TradingSystem.Signals.Tests.csproj", "{5D60410E-DF6C-4D3B-B0D5-4415208132CE}"
EndProject
Global
	GlobalSection(SolutionConfigurationPlatforms) = preSolution
		Debug|Any CPU = Debug|Any CPU
		Debug|x64 = Debug|x64
		Debug|x86 = Debug|x86
		Release|Any CPU = Release|Any CPU
		Release|x64 = Release|x64
		Release|x86 = Release|x86
	EndGlobalSection
	GlobalSection(ProjectConfigurationPlatforms) = postSolution
		{8D3E5E76-B2DA-4829-9DFC-69193D7B113A}.Debug|Any CPU.ActiveCfg = Debug|Any CPU
		{8D3E5E76-B2DA-4829-9DFC-69193D7B113A}.Debug|Any CPU.Build.0 = Debug|Any CPU
		{8D3E5E76-B2DA-4829-9DFC-69193D7B113A}.Debug|x64.ActiveCfg = Debug|Any CPU
		{8D3E5E76-B2DA-4829-9DFC-69193D7B113A}.Debug|x64.Build.0 = Debug|Any CPU
		{8D3E5E76-B2DA-4829-9DFC-69193D7B113A}.Debug|x86.ActiveCfg = Debug|Any CPU
		{8D3E5E76-B2DA-4829-9DFC-69193D7B113A}.Debug|x86.Build.0 = Debug|Any CPU
		{8D3E5E76-B2DA-4829-9DFC-69193D7B113A}.Release|Any CPU.ActiveCfg = Release|Any CPU
		{8D3E5E76-B2DA-4829-9DFC-69193D7B113A}.Release|Any CPU.Build.0 = Release|Any CPU
		{8D3E5E76-B2DA-4829-9DFC-69193D7B113A}.Release|x64.ActiveCfg = Release|Any CPU
		{8D3E5E76-B2DA-4829-9DFC-69193D7B113A}.Release|x64.Build.0 = Release|Any CPU
		{8D3E5E76-B2DA-4829-9DFC-69193D7B113A}.Release|x86.ActiveCfg = Release|Any CPU
		{8D3E5E76-B2DA-4829-9DFC-69193D7B113A}.Release|x86.Build.0 = Release|Any CPU
		{EBE275F3-0F4C-44C8-A92F-38439E631A87}.Debug|Any CPU.ActiveCfg = Debug|Any CPU
		{EBE275F3-0F4C-44C8-A92F-38439E631A87}.Debug|Any CPU.Build.0 = Debug|Any CPU
		{EBE275F3-0F4C-44C8-A92F-38439E631A87}.Debug|x64.ActiveCfg = Debug|Any CPU
		{EBE275F3-0F4C-44C8-A92F-38439E631A87}.Debug|x64.Build.0 = Debug|Any CPU
		{EBE275F3-0F4C-44C8-A92F-38439E631A87}.Debug|x86.ActiveCfg = Debug|Any CPU
		{EBE275F3-0F4C-44C8-A92F-38439E631A87}.Debug|x86.Build.0 = Debug|Any CPU
		{EBE275F3-0F4C-44C8-A92F-38439E631A87}.Release|Any CPU.ActiveCfg = Release|Any CPU
		{EBE275F3-0F4C-44C8-A92F-38439E631A87}.Release|Any CPU.Build.0 = Release|Any CPU
		{EBE275F3-0F4C-44C8-A92F-38439E631A87}.Release|x64.ActiveCfg = Release|Any CPU
		{EBE275F3-0F4C-44C8-A92F-38439E631A87}.Release|x64.Build.0 = Release|Any CPU
		{EBE275F3-0F4C-44C8-A92F-38439E631A87}.Release|x86.ActiveCfg = Release|Any CPU
		{EBE275F3-0F4C-44C8-A92F-38439E631A87}.Release|x86.Build.0 = Release|Any CPU
		{AB8C955E-B8A6-4A3C-AEF9-52988D825B1B}.Debug|Any CPU.ActiveCfg = Debug|Any CPU
		{AB8C955E-B8A6-4A3C-AEF9-52988D825B1B}.Debug|Any CPU.Build.0 = Debug|Any CPU
		{AB8C955E-B8A6-4A3C-AEF9-52988D825B1B}.Debug|x64.ActiveCfg = Debug|Any CPU
		{AB8C955E-B8A6-4A3C-AEF9-52988D825B1B}.Debug|x64.Build.0 = Debug|Any CPU
		{AB8C955E-B8A6-4A3C-AEF9-52988D825B1B}.Debug|x86.ActiveCfg = Debug|Any CPU
		{AB8C955E-B8A6-4A3C-AEF9-52988D825B1B}.Debug|x86.Build.0 = Debug|Any CPU
		{AB8C955E-B8A6-4A3C-AEF9-52988D825B1B}.Release|Any CPU.ActiveCfg = Release|Any CPU
		{AB8C955E-B8A6-4A3C-AEF9-52988D825B1B}.Release|Any CPU.Build.0 = Release|Any CPU
		{AB8C955E-B8A6-4A3C-AEF9-52988D825B1B}.Release|x64.ActiveCfg = Release|Any CPU
		{AB8C955E-B8A6-4A3C-AEF9-52988D825B1B}.Release|x64.Build.0 = Release|Any CPU
		{AB8C955E-B8A6-4A3C-AEF9-52988D825B1B}.Release|x86.ActiveCfg = Release|Any CPU
		{AB8C955E-B8A6-4A3C-AEF9-52988D825B1B}.Release|x86.Build.0 = Release|Any CPU
		{52287676-9A1A-401F-933F-34A078B2F675}.Debug|Any CPU.ActiveCfg = Debug|Any CPU
		{52287676-9A1A-401F-933F-34A078B2F675}.Debug|Any CPU.Build.0 = Debug|Any CPU
		{52287676-9A1A-401F-933F-34A078B2F675}.Debug|x64.ActiveCfg = Debug|Any CPU
		{52287676-9A1A-401F-933F-34A078B2F675}.Debug|x64.Build.0 = Debug|Any CPU
		{52287676-9A1A-401F-933F-34A078B2F675}.Debug|x86.ActiveCfg = Debug|Any CPU
		{52287676-9A1A-401F-933F-34A078B2F675}.Debug|x86.Build.0 = Debug|Any CPU
		{52287676-9A1A-401F-933F-34A078B2F675}.Release|Any CPU.ActiveCfg = Release|Any CPU
		{52287676-9A1A-401F-933F-34A078B2F675}.Release|Any CPU.Build.0 = Release|Any CPU
		{52287676-9A1A-401F-933F-34A078B2F675}.Release|x64.ActiveCfg = Release|Any CPU
		{52287676-9A1A-401F-933F-34A078B2F675}.Release|x64.Build.0 = Release|Any CPU
		{52287676-9A1A-401F-933F-34A078B2F675}.Release|x86.ActiveCfg = Release|Any CPU
		{52287676-9A1A-401F-933F-34A078B2F675}.Release|x86.Build.0 = Release|Any CPU
		{5743A88D-F70A-496A-86D9-BA86C526A608}.Debug|Any CPU.ActiveCfg = Debug|Any CPU
		{5743A88D-F70A-496A-86D9-BA86C526A608}.Debug|Any CPU.Build.0 = Debug|Any CPU
		{5743A88D-F70A-496A-86D9-BA86C526A608}.Debug|x64.ActiveCfg = Debug|Any CPU
		{5743A88D-F70A-496A-86D9-BA86C526A608}.Debug|x64.Build.0 = Debug|Any CPU
		{5743A88D-F70A-496A-86D9-BA86C526A608}.Debug|x86.ActiveCfg = Debug|Any CPU
		{5743A88D-F70A-496A-86D9-BA86C526A608}.Debug|x86.Build.0 = Debug|Any CPU
		{5743A88D-F70A-496A-86D9-BA86C526A608}.Release|Any CPU.ActiveCfg = Release|Any CPU
		{5743A88D-F70A-496A-86D9-BA86C526A608}.Release|Any CPU.Build.0 = Release|Any CPU
		{5743A88D-F70A-496A-86D9-BA86C526A608}.Release|x64.ActiveCfg = Release|Any CPU
		{5743A88D-F70A-496A-86D9-BA86C526A608}.Release|x64.Build.0 = Release|Any CPU
		{5743A88D-F70A-496A-86D9-BA86C526A608}.Release|x86.ActiveCfg = Release|Any CPU
		{5743A88D-F70A-496A-86D9-BA86C526A608}.Release|x86.Build.0 = Release|Any CPU
		{6B1EA312-6D50-45EA-BEEA-16E371E3831F}.Debug|Any CPU.ActiveCfg = Debug|Any CPU
		{6B1EA312-6D50-45EA-BEEA-16E371E3831F}.Debug|Any CPU.Build.0 = Debug|Any CPU
		{6B1EA312-6D50-45EA-BEEA-16E371E3831F}.Debug|x64.ActiveCfg = Debug|Any CPU
		{6B1EA312-6D50-45EA-BEEA-16E371E3831F}.Debug|x64.Build.0 = Debug|Any CPU
		{6B1EA312-6D50-45EA-BEEA-16E371E3831F}.Debug|x86.ActiveCfg = Debug|Any CPU
		{6B1EA312-6D50-45EA-BEEA-16E371E3831F}.Debug|x86.Build.0 = Debug|Any CPU
		{6B1EA312-6D50-45EA-BEEA-16E371E3831F}.Release|Any CPU.ActiveCfg = Release|Any CPU
		{6B1EA312-6D50-45EA-BEEA-16E371E3831F}.Release|Any CPU.Build.0 = Release|Any CPU
		{6B1EA312-6D50-45EA-BEEA-16E371E3831F}.Release|x64.ActiveCfg = Release|Any CPU
		{6B1EA312-6D50-45EA-BEEA-16E371E3831F}.Release|x64.Build.0 = Release|Any CPU
		{6B1EA312-6D50-45EA-BEEA-16E371E3831F}.Release|x86.ActiveCfg = Release|Any CPU
		{6B1EA312-6D50-45EA-BEEA-16E371E3831F}.Release|x86.Build.0 = Release|Any CPU
		{63EBB3F3-8A76-46E1-94F2-7871704DEAE1}.Debug|Any CPU.ActiveCfg = Debug|Any CPU
		{63EBB3F3-8A76-46E1-94F2-7871704DEAE1}.Debug|Any CPU.Build.0 = Debug|Any CPU
		{63EBB3F3-8A76-46E1-94F2-7871704DEAE1}.Debug|x64.ActiveCfg = Debug|Any CPU
		{63EBB3F3-8A76-46E1-94F2-7871704DEAE1}.Debug|x64.Build.0 = Debug|Any CPU
		{63EBB3F3-8A76-46E1-94F2-7871704DEAE1}.Debug|x86.ActiveCfg = Debug|Any CPU
		{63EBB3F3-8A76-46E1-94F2-7871704DEAE1}.Debug|x86.Build.0 = Debug|Any CPU
		{63EBB3F3-8A76-46E1-94F2-7871704DEAE1}.Release|Any CPU.ActiveCfg = Release|Any CPU
		{63EBB3F3-8A76-46E1-94F2-7871704DEAE1}.Release|Any CPU.Build.0 = Release|Any CPU
		{63EBB3F3-8A76-46E1-94F2-7871704DEAE1}.Release|x64.ActiveCfg = Release|Any CPU
		{63EBB3F3-8A76-46E1-94F2-7871704DEAE1}.Release|x64.Build.0 = Release|Any CPU
		{63EBB3F3-8A76-46E1-94F2-7871704DEAE1}.Release|x86.ActiveCfg = Release|Any CPU
		{63EBB3F3-8A76-46E1-94F2-7871704DEAE1}.Release|x86.Build.0 = Release|Any CPU
		{98156742-5B81-4FE0-A242-D4FE3F4B08EA}.Debug|Any CPU.ActiveCfg = Debug|Any CPU
		{98156742-5B81-4FE0-A242-D4FE3F4B08EA}.Debug|Any CPU.Build.0 = Debug|Any CPU
		{98156742-5B81-4FE0-A242-D4FE3F4B08EA}.Debug|x64.ActiveCfg = Debug|Any CPU
		{98156742-5B81-4FE0-A242-D4FE3F4B08EA}.Debug|x64.Build.0 = Debug|Any CPU
		{98156742-5B81-4FE0-A242-D4FE3F4B08EA}.Debug|x86.ActiveCfg = Debug|Any CPU
		{98156742-5B81-4FE0-A242-D4FE3F4B08EA}.Debug|x86.Build.0 = Debug|Any CPU
		{98156742-5B81-4FE0-A242-D4FE3F4B08EA}.Release|Any CPU.ActiveCfg = Release|Any CPU
		{98156742-5B81-4FE0-A242-D4FE3F4B08EA}.Release|Any CPU.Build.0 = Release|Any CPU
		{98156742-5B81-4FE0-A242-D4FE3F4B08EA}.Release|x64.ActiveCfg = Release|Any CPU
		{98156742-5B81-4FE0-A242-D4FE3F4B08EA}.Release|x64.Build.0 = Release|Any CPU
		{98156742-5B81-4FE0-A242-D4FE3F4B08EA}.Release|x86.ActiveCfg = Release|Any CPU
		{98156742-5B81-4FE0-A242-D4FE3F4B08EA}.Release|x86.Build.0 = Release|Any CPU
		{9637F788-E836-421C-A528-7911C93108A1}.Debug|Any CPU.ActiveCfg = Debug|Any CPU
		{9637F788-E836-421C-A528-7911C93108A1}.Debug|Any CPU.Build.0 = Debug|Any CPU
		{9637F788-E836-421C-A528-7911C93108A1}.Debug|x64.ActiveCfg = Debug|Any CPU
		{9637F788-E836-421C-A528-7911C93108A1}.Debug|x64.Build.0 = Debug|Any CPU
		{9637F788-E836-421C-A528-7911C93108A1}.Debug|x86.ActiveCfg = Debug|Any CPU
		{9637F788-E836-421C-A528-7911C93108A1}.Debug|x86.Build.0 = Debug|Any CPU
		{9637F788-E836-421C-A528-7911C93108A1}.Release|Any CPU.ActiveCfg = Release|Any CPU
		{9637F788-E836-421C-A528-7911C93108A1}.Release|Any CPU.Build.0 = Release|Any CPU
		{9637F788-E836-421C-A528-7911C93108A1}.Release|x64.ActiveCfg = Release|Any CPU
		{9637F788-E836-421C-A528-7911C93108A1}.Release|x64.Build.0 = Release|Any CPU
		{9637F788-E836-421C-A528-7911C93108A1}.Release|x86.ActiveCfg = Release|Any CPU
		{9637F788-E836-421C-A528-7911C93108A1}.Release|x86.Build.0 = Release|Any CPU
		{B2CC1C3D-CDEC-42A8-A939-5AD744A5D4B2}.Debug|Any CPU.ActiveCfg = Debug|Any CPU
		{B2CC1C3D-CDEC-42A8-A939-5AD744A5D4B2}.Debug|Any CPU.Build.0 = Debug|Any CPU
		{B2CC1C3D-CDEC-42A8-A939-5AD744A5D4B2}.Debug|x64.ActiveCfg = Debug|Any CPU
		{B2CC1C3D-CDEC-42A8-A939-5AD744A5D4B2}.Debug|x64.Build.0 = Debug|Any CPU
		{B2CC1C3D-CDEC-42A8-A939-5AD744A5D4B2}.Debug|x86.ActiveCfg = Debug|Any CPU
		{B2CC1C3D-CDEC-42A8-A939-5AD744A5D4B2}.Debug|x86.Build.0 = Debug|Any CPU
		{B2CC1C3D-CDEC-42A8-A939-5AD744A5D4B2}.Release|Any CPU.ActiveCfg = Release|Any CPU
		{B2CC1C3D-CDEC-42A8-A939-5AD744A5D4B2}.Release|Any CPU.Build.0 = Release|Any CPU
		{B2CC1C3D-CDEC-42A8-A939-5AD744A5D4B2}.Release|x64.ActiveCfg = Release|Any CPU
		{B2CC1C3D-CDEC-42A8-A939-5AD744A5D4B2}.Release|x64.Build.0 = Release|Any CPU
		{B2CC1C3D-CDEC-42A8-A939-5AD744A5D4B2}.Release|x86.ActiveCfg = Release|Any CPU
		{B2CC1C3D-CDEC-42A8-A939-5AD744A5D4B2}.Release|x86.Build.0 = Release|Any CPU
		{E7151A07-A94E-40C7-9D61-5A63EB09F948}.Debug|Any CPU.ActiveCfg = Debug|Any CPU
		{E7151A07-A94E-40C7-9D61-5A63EB09F948}.Debug|Any CPU.Build.0 = Debug|Any CPU
		{E7151A07-A94E-40C7-9D61-5A63EB09F948}.Debug|x64.ActiveCfg = Debug|Any CPU
		{E7151A07-A94E-40C7-9D61-5A63EB09F948}.Debug|x64.Build.0 = Debug|Any CPU
		{E7151A07-A94E-40C7-9D61-5A63EB09F948}.Debug|x86.ActiveCfg = Debug|Any CPU
		{E7151A07-A94E-40C7-9D61-5A63EB09F948}.Debug|x86.Build.0 = Debug|Any CPU
		{E7151A07-A94E-40C7-9D61-5A63EB09F948}.Release|Any CPU.ActiveCfg = Release|Any CPU
		{E7151A07-A94E-40C7-9D61-5A63EB09F948}.Release|Any CPU.Build.0 = Release|Any CPU
		{E7151A07-A94E-40C7-9D61-5A63EB09F948}.Release|x64.ActiveCfg = Release|Any CPU
		{E7151A07-A94E-40C7-9D61-5A63EB09F948}.Release|x64.Build.0 = Release|Any CPU
		{E7151A07-A94E-40C7-9D61-5A63EB09F948}.Release|x86.ActiveCfg = Release|Any CPU
		{E7151A07-A94E-40C7-9D61-5A63EB09F948}.Release|x86.Build.0 = Release|Any CPU
		{89A25C32-EC4F-4E22-8E50-A7123C6D5620}.Debug|Any CPU.ActiveCfg = Debug|Any CPU
		{89A25C32-EC4F-4E22-8E50-A7123C6D5620}.Debug|Any CPU.Build.0 = Debug|Any CPU
		{89A25C32-EC4F-4E22-8E50-A7123C6D5620}.Debug|x64.ActiveCfg = Debug|Any CPU
		{89A25C32-EC4F-4E22-8E50-A7123C6D5620}.Debug|x64.Build.0 = Debug|Any CPU
		{89A25C32-EC4F-4E22-8E50-A7123C6D5620}.Debug|x86.ActiveCfg = Debug|Any CPU
		{89A25C32-EC4F-4E22-8E50-A7123C6D5620}.Debug|x86.Build.0 = Debug|Any CPU
		{89A25C32-EC4F-4E22-8E50-A7123C6D5620}.Release|Any CPU.ActiveCfg = Release|Any CPU
		{89A25C32-EC4F-4E22-8E50-A7123C6D5620}.Release|Any CPU.Build.0 = Release|Any CPU
		{89A25C32-EC4F-4E22-8E50-A7123C6D5620}.Release|x64.ActiveCfg = Release|Any CPU
		{89A25C32-EC4F-4E22-8E50-A7123C6D5620}.Release|x64.Build.0 = Release|Any CPU
		{89A25C32-EC4F-4E22-8E50-A7123C6D5620}.Release|x86.ActiveCfg = Release|Any CPU
		{89A25C32-EC4F-4E22-8E50-A7123C6D5620}.Release|x86.Build.0 = Release|Any CPU
		{80AFC25A-FAB1-4DAF-8A0B-49491D2FA575}.Debug|Any CPU.ActiveCfg = Debug|Any CPU
		{80AFC25A-FAB1-4DAF-8A0B-49491D2FA575}.Debug|Any CPU.Build.0 = Debug|Any CPU
		{80AFC25A-FAB1-4DAF-8A0B-49491D2FA575}.Debug|x64.ActiveCfg = Debug|Any CPU
		{80AFC25A-FAB1-4DAF-8A0B-49491D2FA575}.Debug|x64.Build.0 = Debug|Any CPU
		{80AFC25A-FAB1-4DAF-8A0B-49491D2FA575}.Debug|x86.ActiveCfg = Debug|Any CPU
		{80AFC25A-FAB1-4DAF-8A0B-49491D2FA575}.Debug|x86.Build.0 = Debug|Any CPU
		{80AFC25A-FAB1-4DAF-8A0B-49491D2FA575}.Release|Any CPU.ActiveCfg = Release|Any CPU
		{80AFC25A-FAB1-4DAF-8A0B-49491D2FA575}.Release|Any CPU.Build.0 = Release|Any CPU
		{80AFC25A-FAB1-4DAF-8A0B-49491D2FA575}.Release|x64.ActiveCfg = Release|Any CPU
		{80AFC25A-FAB1-4DAF-8A0B-49491D2FA575}.Release|x64.Build.0 = Release|Any CPU
		{80AFC25A-FAB1-4DAF-8A0B-49491D2FA575}.Release|x86.ActiveCfg = Release|Any CPU
		{80AFC25A-FAB1-4DAF-8A0B-49491D2FA575}.Release|x86.Build.0 = Release|Any CPU
		{CA9121AF-7502-46E1-8D52-2FF3E19B4DAC}.Debug|Any CPU.ActiveCfg = Debug|Any CPU
		{CA9121AF-7502-46E1-8D52-2FF3E19B4DAC}.Debug|Any CPU.Build.0 = Debug|Any CPU
		{CA9121AF-7502-46E1-8D52-2FF3E19B4DAC}.Debug|x64.ActiveCfg = Debug|Any CPU
		{CA9121AF-7502-46E1-8D52-2FF3E19B4DAC}.Debug|x64.Build.0 = Debug|Any CPU
		{CA9121AF-7502-46E1-8D52-2FF3E19B4DAC}.Debug|x86.ActiveCfg = Debug|Any CPU
		{CA9121AF-7502-46E1-8D52-2FF3E19B4DAC}.Debug|x86.Build.0 = Debug|Any CPU
		{CA9121AF-7502-46E1-8D52-2FF3E19B4DAC}.Release|Any CPU.ActiveCfg = Release|Any CPU
		{CA9121AF-7502-46E1-8D52-2FF3E19B4DAC}.Release|Any CPU.Build.0 = Release|Any CPU
		{CA9121AF-7502-46E1-8D52-2FF3E19B4DAC}.Release|x64.ActiveCfg = Release|Any CPU
		{CA9121AF-7502-46E1-8D52-2FF3E19B4DAC}.Release|x64.Build.0 = Release|Any CPU
		{CA9121AF-7502-46E1-8D52-2FF3E19B4DAC}.Release|x86.ActiveCfg = Release|Any CPU
		{CA9121AF-7502-46E1-8D52-2FF3E19B4DAC}.Release|x86.Build.0 = Release|Any CPU
		{1FE06E31-379F-4277-9492-5665322A589C}.Debug|Any CPU.ActiveCfg = Debug|Any CPU
		{1FE06E31-379F-4277-9492-5665322A589C}.Debug|Any CPU.Build.0 = Debug|Any CPU
		{1FE06E31-379F-4277-9492-5665322A589C}.Debug|x64.ActiveCfg = Debug|Any CPU
		{1FE06E31-379F-4277-9492-5665322A589C}.Debug|x64.Build.0 = Debug|Any CPU
		{1FE06E31-379F-4277-9492-5665322A589C}.Debug|x86.ActiveCfg = Debug|Any CPU
		{1FE06E31-379F-4277-9492-5665322A589C}.Debug|x86.Build.0 = Debug|Any CPU
		{1FE06E31-379F-4277-9492-5665322A589C}.Release|Any CPU.ActiveCfg = Release|Any CPU
		{1FE06E31-379F-4277-9492-5665322A589C}.Release|Any CPU.Build.0 = Release|Any CPU
		{1FE06E31-379F-4277-9492-5665322A589C}.Release|x64.ActiveCfg = Release|Any CPU
		{1FE06E31-379F-4277-9492-5665322A589C}.Release|x64.Build.0 = Release|Any CPU
		{1FE06E31-379F-4277-9492-5665322A589C}.Release|x86.ActiveCfg = Release|Any CPU
		{1FE06E31-379F-4277-9492-5665322A589C}.Release|x86.Build.0 = Release|Any CPU
		{EC383AEB-D647-4867-86B2-862C88A3DB0A}.Debug|Any CPU.ActiveCfg = Debug|Any CPU
		{EC383AEB-D647-4867-86B2-862C88A3DB0A}.Debug|Any CPU.Build.0 = Debug|Any CPU
		{EC383AEB-D647-4867-86B2-862C88A3DB0A}.Debug|x64.ActiveCfg = Debug|Any CPU
		{EC383AEB-D647-4867-86B2-862C88A3DB0A}.Debug|x64.Build.0 = Debug|Any CPU
		{EC383AEB-D647-4867-86B2-862C88A3DB0A}.Debug|x86.ActiveCfg = Debug|Any CPU
		{EC383AEB-D647-4867-86B2-862C88A3DB0A}.Debug|x86.Build.0 = Debug|Any CPU
		{EC383AEB-D647-4867-86B2-862C88A3DB0A}.Release|Any CPU.ActiveCfg = Release|Any CPU
		{EC383AEB-D647-4867-86B2-862C88A3DB0A}.Release|Any CPU.Build.0 = Release|Any CPU
		{EC383AEB-D647-4867-86B2-862C88A3DB0A}.Release|x64.ActiveCfg = Release|Any CPU
		{EC383AEB-D647-4867-86B2-862C88A3DB0A}.Release|x64.Build.0 = Release|Any CPU
		{EC383AEB-D647-4867-86B2-862C88A3DB0A}.Release|x86.ActiveCfg = Release|Any CPU
		{EC383AEB-D647-4867-86B2-862C88A3DB0A}.Release|x86.Build.0 = Release|Any CPU
		{13382082-E210-4C4A-8CA4-611D514CF0A8}.Debug|Any CPU.ActiveCfg = Debug|Any CPU
		{13382082-E210-4C4A-8CA4-611D514CF0A8}.Debug|Any CPU.Build.0 = Debug|Any CPU
		{13382082-E210-4C4A-8CA4-611D514CF0A8}.Debug|x64.ActiveCfg = Debug|Any CPU
		{13382082-E210-4C4A-8CA4-611D514CF0A8}.Debug|x64.Build.0 = Debug|Any CPU
		{13382082-E210-4C4A-8CA4-611D514CF0A8}.Debug|x86.ActiveCfg = Debug|Any CPU
		{13382082-E210-4C4A-8CA4-611D514CF0A8}.Debug|x86.Build.0 = Debug|Any CPU
		{13382082-E210-4C4A-8CA4-611D514CF0A8}.Release|Any CPU.ActiveCfg = Release|Any CPU
		{13382082-E210-4C4A-8CA4-611D514CF0A8}.Release|Any CPU.Build.0 = Release|Any CPU
		{13382082-E210-4C4A-8CA4-611D514CF0A8}.Release|x64.ActiveCfg = Release|Any CPU
		{13382082-E210-4C4A-8CA4-611D514CF0A8}.Release|x64.Build.0 = Release|Any CPU
		{13382082-E210-4C4A-8CA4-611D514CF0A8}.Release|x86.ActiveCfg = Release|Any CPU
		{13382082-E210-4C4A-8CA4-611D514CF0A8}.Release|x86.Build.0 = Release|Any CPU
		{B43C8F14-E0A3-46CD-8C49-AAAD2023BE58}.Debug|Any CPU.ActiveCfg = Debug|Any CPU
		{B43C8F14-E0A3-46CD-8C49-AAAD2023BE58}.Debug|Any CPU.Build.0 = Debug|Any CPU
		{B43C8F14-E0A3-46CD-8C49-AAAD2023BE58}.Debug|x64.ActiveCfg = Debug|Any CPU
		{B43C8F14-E0A3-46CD-8C49-AAAD2023BE58}.Debug|x64.Build.0 = Debug|Any CPU
		{B43C8F14-E0A3-46CD-8C49-AAAD2023BE58}.Debug|x86.ActiveCfg = Debug|Any CPU
		{B43C8F14-E0A3-46CD-8C49-AAAD2023BE58}.Debug|x86.Build.0 = Debug|Any CPU
		{B43C8F14-E0A3-46CD-8C49-AAAD2023BE58}.Release|Any CPU.ActiveCfg = Release|Any CPU
		{B43C8F14-E0A3-46CD-8C49-AAAD2023BE58}.Release|Any CPU.Build.0 = Release|Any CPU
		{B43C8F14-E0A3-46CD-8C49-AAAD2023BE58}.Release|x64.ActiveCfg = Release|Any CPU
		{B43C8F14-E0A3-46CD-8C49-AAAD2023BE58}.Release|x64.Build.0 = Release|Any CPU
		{B43C8F14-E0A3-46CD-8C49-AAAD2023BE58}.Release|x86.ActiveCfg = Release|Any CPU
		{B43C8F14-E0A3-46CD-8C49-AAAD2023BE58}.Release|x86.Build.0 = Release|Any CPU
		{0217C202-AA6B-4F22-8472-536382908414}.Debug|Any CPU.ActiveCfg = Debug|Any CPU
		{0217C202-AA6B-4F22-8472-536382908414}.Debug|Any CPU.Build.0 = Debug|Any CPU
		{0217C202-AA6B-4F22-8472-536382908414}.Debug|x64.ActiveCfg = Debug|Any CPU
		{0217C202-AA6B-4F22-8472-536382908414}.Debug|x64.Build.0 = Debug|Any CPU
		{0217C202-AA6B-4F22-8472-536382908414}.Debug|x86.ActiveCfg = Debug|Any CPU
		{0217C202-AA6B-4F22-8472-536382908414}.Debug|x86.Build.0 = Debug|Any CPU
		{0217C202-AA6B-4F22-8472-536382908414}.Release|Any CPU.ActiveCfg = Release|Any CPU
		{0217C202-AA6B-4F22-8472-536382908414}.Release|Any CPU.Build.0 = Release|Any CPU
		{0217C202-AA6B-4F22-8472-536382908414}.Release|x64.ActiveCfg = Release|Any CPU
		{0217C202-AA6B-4F22-8472-536382908414}.Release|x64.Build.0 = Release|Any CPU
		{0217C202-AA6B-4F22-8472-536382908414}.Release|x86.ActiveCfg = Release|Any CPU
		{0217C202-AA6B-4F22-8472-536382908414}.Release|x86.Build.0 = Release|Any CPU
		{F3145394-8AE8-42CF-8C68-45FA757C5199}.Debug|Any CPU.ActiveCfg = Debug|Any CPU
		{F3145394-8AE8-42CF-8C68-45FA757C5199}.Debug|Any CPU.Build.0 = Debug|Any CPU
		{F3145394-8AE8-42CF-8C68-45FA757C5199}.Debug|x64.ActiveCfg = Debug|Any CPU
		{F3145394-8AE8-42CF-8C68-45FA757C5199}.Debug|x64.Build.0 = Debug|Any CPU
		{F3145394-8AE8-42CF-8C68-45FA757C5199}.Debug|x86.ActiveCfg = Debug|Any CPU
		{F3145394-8AE8-42CF-8C68-45FA757C5199}.Debug|x86.Build.0 = Debug|Any CPU
		{F3145394-8AE8-42CF-8C68-45FA757C5199}.Release|Any CPU.ActiveCfg = Release|Any CPU
		{F3145394-8AE8-42CF-8C68-45FA757C5199}.Release|Any CPU.Build.0 = Release|Any CPU
		{F3145394-8AE8-42CF-8C68-45FA757C5199}.Release|x64.ActiveCfg = Release|Any CPU
		{F3145394-8AE8-42CF-8C68-45FA757C5199}.Release|x64.Build.0 = Release|Any CPU
		{F3145394-8AE8-42CF-8C68-45FA757C5199}.Release|x86.ActiveCfg = Release|Any CPU
		{F3145394-8AE8-42CF-8C68-45FA757C5199}.Release|x86.Build.0 = Release|Any CPU
		{884D6A73-3442-4AEC-9B73-0BFA720FA6A1}.Debug|Any CPU.ActiveCfg = Debug|Any CPU
		{884D6A73-3442-4AEC-9B73-0BFA720FA6A1}.Debug|Any CPU.Build.0 = Debug|Any CPU
		{884D6A73-3442-4AEC-9B73-0BFA720FA6A1}.Debug|x64.ActiveCfg = Debug|Any CPU
		{884D6A73-3442-4AEC-9B73-0BFA720FA6A1}.Debug|x64.Build.0 = Debug|Any CPU
		{884D6A73-3442-4AEC-9B73-0BFA720FA6A1}.Debug|x86.ActiveCfg = Debug|Any CPU
		{884D6A73-3442-4AEC-9B73-0BFA720FA6A1}.Debug|x86.Build.0 = Debug|Any CPU
		{884D6A73-3442-4AEC-9B73-0BFA720FA6A1}.Release|Any CPU.ActiveCfg = Release|Any CPU
		{884D6A73-3442-4AEC-9B73-0BFA720FA6A1}.Release|Any CPU.Build.0 = Release|Any CPU
		{884D6A73-3442-4AEC-9B73-0BFA720FA6A1}.Release|x64.ActiveCfg = Release|Any CPU
		{884D6A73-3442-4AEC-9B73-0BFA720FA6A1}.Release|x64.Build.0 = Release|Any CPU
		{884D6A73-3442-4AEC-9B73-0BFA720FA6A1}.Release|x86.ActiveCfg = Release|Any CPU
		{884D6A73-3442-4AEC-9B73-0BFA720FA6A1}.Release|x86.Build.0 = Release|Any CPU
		{FF5E0755-1339-4C6E-A127-C62E4214A5B3}.Debug|Any CPU.ActiveCfg = Debug|Any CPU
		{FF5E0755-1339-4C6E-A127-C62E4214A5B3}.Debug|Any CPU.Build.0 = Debug|Any CPU
		{FF5E0755-1339-4C6E-A127-C62E4214A5B3}.Debug|x64.ActiveCfg = Debug|Any CPU
		{FF5E0755-1339-4C6E-A127-C62E4214A5B3}.Debug|x64.Build.0 = Debug|Any CPU
		{FF5E0755-1339-4C6E-A127-C62E4214A5B3}.Debug|x86.ActiveCfg = Debug|Any CPU
		{FF5E0755-1339-4C6E-A127-C62E4214A5B3}.Debug|x86.Build.0 = Debug|Any CPU
		{FF5E0755-1339-4C6E-A127-C62E4214A5B3}.Release|Any CPU.ActiveCfg = Release|Any CPU
		{FF5E0755-1339-4C6E-A127-C62E4214A5B3}.Release|Any CPU.Build.0 = Release|Any CPU
		{FF5E0755-1339-4C6E-A127-C62E4214A5B3}.Release|x64.ActiveCfg = Release|Any CPU
		{FF5E0755-1339-4C6E-A127-C62E4214A5B3}.Release|x64.Build.0 = Release|Any CPU
		{FF5E0755-1339-4C6E-A127-C62E4214A5B3}.Release|x86.ActiveCfg = Release|Any CPU
		{FF5E0755-1339-4C6E-A127-C62E4214A5B3}.Release|x86.Build.0 = Release|Any CPU
		{C4F80943-CB67-46C5-9C96-C644E6FF0935}.Debug|Any CPU.ActiveCfg = Debug|Any CPU
		{C4F80943-CB67-46C5-9C96-C644E6FF0935}.Debug|Any CPU.Build.0 = Debug|Any CPU
		{C4F80943-CB67-46C5-9C96-C644E6FF0935}.Debug|x64.ActiveCfg = Debug|Any CPU
		{C4F80943-CB67-46C5-9C96-C644E6FF0935}.Debug|x64.Build.0 = Debug|Any CPU
		{C4F80943-CB67-46C5-9C96-C644E6FF0935}.Debug|x86.ActiveCfg = Debug|Any CPU
		{C4F80943-CB67-46C5-9C96-C644E6FF0935}.Debug|x86.Build.0 = Debug|Any CPU
		{C4F80943-CB67-46C5-9C96-C644E6FF0935}.Release|Any CPU.ActiveCfg = Release|Any CPU
		{C4F80943-CB67-46C5-9C96-C644E6FF0935}.Release|Any CPU.Build.0 = Release|Any CPU
		{C4F80943-CB67-46C5-9C96-C644E6FF0935}.Release|x64.ActiveCfg = Release|Any CPU
		{C4F80943-CB67-46C5-9C96-C644E6FF0935}.Release|x64.Build.0 = Release|Any CPU
		{C4F80943-CB67-46C5-9C96-C644E6FF0935}.Release|x86.ActiveCfg = Release|Any CPU
		{C4F80943-CB67-46C5-9C96-C644E6FF0935}.Release|x86.Build.0 = Release|Any CPU
		{6386DD5D-CD82-4689-8E25-5295A0CBEE04}.Debug|Any CPU.ActiveCfg = Debug|Any CPU
		{6386DD5D-CD82-4689-8E25-5295A0CBEE04}.Debug|Any CPU.Build.0 = Debug|Any CPU
		{6386DD5D-CD82-4689-8E25-5295A0CBEE04}.Debug|x64.ActiveCfg = Debug|Any CPU
		{6386DD5D-CD82-4689-8E25-5295A0CBEE04}.Debug|x64.Build.0 = Debug|Any CPU
		{6386DD5D-CD82-4689-8E25-5295A0CBEE04}.Debug|x86.ActiveCfg = Debug|Any CPU
		{6386DD5D-CD82-4689-8E25-5295A0CBEE04}.Debug|x86.Build.0 = Debug|Any CPU
		{6386DD5D-CD82-4689-8E25-5295A0CBEE04}.Release|Any CPU.ActiveCfg = Release|Any CPU
		{6386DD5D-CD82-4689-8E25-5295A0CBEE04}.Release|Any CPU.Build.0 = Release|Any CPU
		{6386DD5D-CD82-4689-8E25-5295A0CBEE04}.Release|x64.ActiveCfg = Release|Any CPU
		{6386DD5D-CD82-4689-8E25-5295A0CBEE04}.Release|x64.Build.0 = Release|Any CPU
		{6386DD5D-CD82-4689-8E25-5295A0CBEE04}.Release|x86.ActiveCfg = Release|Any CPU
		{6386DD5D-CD82-4689-8E25-5295A0CBEE04}.Release|x86.Build.0 = Release|Any CPU
		{14357BC7-0C6D-47C3-81C1-CB24785B5787}.Debug|Any CPU.ActiveCfg = Debug|Any CPU
		{14357BC7-0C6D-47C3-81C1-CB24785B5787}.Debug|Any CPU.Build.0 = Debug|Any CPU
		{14357BC7-0C6D-47C3-81C1-CB24785B5787}.Debug|x64.ActiveCfg = Debug|Any CPU
		{14357BC7-0C6D-47C3-81C1-CB24785B5787}.Debug|x64.Build.0 = Debug|Any CPU
		{14357BC7-0C6D-47C3-81C1-CB24785B5787}.Debug|x86.ActiveCfg = Debug|Any CPU
		{14357BC7-0C6D-47C3-81C1-CB24785B5787}.Debug|x86.Build.0 = Debug|Any CPU
		{14357BC7-0C6D-47C3-81C1-CB24785B5787}.Release|Any CPU.ActiveCfg = Release|Any CPU
		{14357BC7-0C6D-47C3-81C1-CB24785B5787}.Release|Any CPU.Build.0 = Release|Any CPU
		{14357BC7-0C6D-47C3-81C1-CB24785B5787}.Release|x64.ActiveCfg = Release|Any CPU
		{14357BC7-0C6D-47C3-81C1-CB24785B5787}.Release|x64.Build.0 = Release|Any CPU
		{14357BC7-0C6D-47C3-81C1-CB24785B5787}.Release|x86.ActiveCfg = Release|Any CPU
		{14357BC7-0C6D-47C3-81C1-CB24785B5787}.Release|x86.Build.0 = Release|Any CPU
		{B13542FD-A2BD-4679-A395-06879DA1141A}.Debug|Any CPU.ActiveCfg = Debug|Any CPU
		{B13542FD-A2BD-4679-A395-06879DA1141A}.Debug|Any CPU.Build.0 = Debug|Any CPU
		{B13542FD-A2BD-4679-A395-06879DA1141A}.Debug|x64.ActiveCfg = Debug|Any CPU
		{B13542FD-A2BD-4679-A395-06879DA1141A}.Debug|x64.Build.0 = Debug|Any CPU
		{B13542FD-A2BD-4679-A395-06879DA1141A}.Debug|x86.ActiveCfg = Debug|Any CPU
		{B13542FD-A2BD-4679-A395-06879DA1141A}.Debug|x86.Build.0 = Debug|Any CPU
		{B13542FD-A2BD-4679-A395-06879DA1141A}.Release|Any CPU.ActiveCfg = Release|Any CPU
		{B13542FD-A2BD-4679-A395-06879DA1141A}.Release|Any CPU.Build.0 = Release|Any CPU
		{B13542FD-A2BD-4679-A395-06879DA1141A}.Release|x64.ActiveCfg = Release|Any CPU
		{B13542FD-A2BD-4679-A395-06879DA1141A}.Release|x64.Build.0 = Release|Any CPU
		{B13542FD-A2BD-4679-A395-06879DA1141A}.Release|x86.ActiveCfg = Release|Any CPU
		{B13542FD-A2BD-4679-A395-06879DA1141A}.Release|x86.Build.0 = Release|Any CPU
		{AE1DF0F3-0AAE-4654-B3B0-3F01789E0567}.Debug|Any CPU.ActiveCfg = Debug|Any CPU
		{AE1DF0F3-0AAE-4654-B3B0-3F01789E0567}.Debug|Any CPU.Build.0 = Debug|Any CPU
		{AE1DF0F3-0AAE-4654-B3B0-3F01789E0567}.Debug|x64.ActiveCfg = Debug|Any CPU
		{AE1DF0F3-0AAE-4654-B3B0-3F01789E0567}.Debug|x64.Build.0 = Debug|Any CPU
		{AE1DF0F3-0AAE-4654-B3B0-3F01789E0567}.Debug|x86.ActiveCfg = Debug|Any CPU
		{AE1DF0F3-0AAE-4654-B3B0-3F01789E0567}.Debug|x86.Build.0 = Debug|Any CPU
		{AE1DF0F3-0AAE-4654-B3B0-3F01789E0567}.Release|Any CPU.ActiveCfg = Release|Any CPU
		{AE1DF0F3-0AAE-4654-B3B0-3F01789E0567}.Release|Any CPU.Build.0 = Release|Any CPU
		{AE1DF0F3-0AAE-4654-B3B0-3F01789E0567}.Release|x64.ActiveCfg = Release|Any CPU
		{AE1DF0F3-0AAE-4654-B3B0-3F01789E0567}.Release|x64.Build.0 = Release|Any CPU
		{AE1DF0F3-0AAE-4654-B3B0-3F01789E0567}.Release|x86.ActiveCfg = Release|Any CPU
		{AE1DF0F3-0AAE-4654-B3B0-3F01789E0567}.Release|x86.Build.0 = Release|Any CPU
		{99990541-A74B-49D2-BCC3-8A09C9EEDE34}.Debug|Any CPU.ActiveCfg = Debug|Any CPU
		{99990541-A74B-49D2-BCC3-8A09C9EEDE34}.Debug|Any CPU.Build.0 = Debug|Any CPU
		{99990541-A74B-49D2-BCC3-8A09C9EEDE34}.Debug|x64.ActiveCfg = Debug|Any CPU
		{99990541-A74B-49D2-BCC3-8A09C9EEDE34}.Debug|x64.Build.0 = Debug|Any CPU
		{99990541-A74B-49D2-BCC3-8A09C9EEDE34}.Debug|x86.ActiveCfg = Debug|Any CPU
		{99990541-A74B-49D2-BCC3-8A09C9EEDE34}.Debug|x86.Build.0 = Debug|Any CPU
		{99990541-A74B-49D2-BCC3-8A09C9EEDE34}.Release|Any CPU.ActiveCfg = Release|Any CPU
		{99990541-A74B-49D2-BCC3-8A09C9EEDE34}.Release|Any CPU.Build.0 = Release|Any CPU
		{99990541-A74B-49D2-BCC3-8A09C9EEDE34}.Release|x64.ActiveCfg = Release|Any CPU
		{99990541-A74B-49D2-BCC3-8A09C9EEDE34}.Release|x64.Build.0 = Release|Any CPU
		{99990541-A74B-49D2-BCC3-8A09C9EEDE34}.Release|x86.ActiveCfg = Release|Any CPU
		{99990541-A74B-49D2-BCC3-8A09C9EEDE34}.Release|x86.Build.0 = Release|Any CPU
		{FFFBB6D0-E378-488D-9C04-4F417A4655D8}.Debug|Any CPU.ActiveCfg = Debug|Any CPU
		{FFFBB6D0-E378-488D-9C04-4F417A4655D8}.Debug|Any CPU.Build.0 = Debug|Any CPU
		{FFFBB6D0-E378-488D-9C04-4F417A4655D8}.Debug|x64.ActiveCfg = Debug|Any CPU
		{FFFBB6D0-E378-488D-9C04-4F417A4655D8}.Debug|x64.Build.0 = Debug|Any CPU
		{FFFBB6D0-E378-488D-9C04-4F417A4655D8}.Debug|x86.ActiveCfg = Debug|Any CPU
		{FFFBB6D0-E378-488D-9C04-4F417A4655D8}.Debug|x86.Build.0 = Debug|Any CPU
		{FFFBB6D0-E378-488D-9C04-4F417A4655D8}.Release|Any CPU.ActiveCfg = Release|Any CPU
		{FFFBB6D0-E378-488D-9C04-4F417A4655D8}.Release|Any CPU.Build.0 = Release|Any CPU
		{FFFBB6D0-E378-488D-9C04-4F417A4655D8}.Release|x64.ActiveCfg = Release|Any CPU
		{FFFBB6D0-E378-488D-9C04-4F417A4655D8}.Release|x64.Build.0 = Release|Any CPU
		{FFFBB6D0-E378-488D-9C04-4F417A4655D8}.Release|x86.ActiveCfg = Release|Any CPU
		{FFFBB6D0-E378-488D-9C04-4F417A4655D8}.Release|x86.Build.0 = Release|Any CPU
		{7CCD59AB-4D91-4DC7-9CE4-D97976BED536}.Debug|Any CPU.ActiveCfg = Debug|Any CPU
		{7CCD59AB-4D91-4DC7-9CE4-D97976BED536}.Debug|Any CPU.Build.0 = Debug|Any CPU
		{7CCD59AB-4D91-4DC7-9CE4-D97976BED536}.Debug|x64.ActiveCfg = Debug|Any CPU
		{7CCD59AB-4D91-4DC7-9CE4-D97976BED536}.Debug|x64.Build.0 = Debug|Any CPU
		{7CCD59AB-4D91-4DC7-9CE4-D97976BED536}.Debug|x86.ActiveCfg = Debug|Any CPU
		{7CCD59AB-4D91-4DC7-9CE4-D97976BED536}.Debug|x86.Build.0 = Debug|Any CPU
		{7CCD59AB-4D91-4DC7-9CE4-D97976BED536}.Release|Any CPU.ActiveCfg = Release|Any CPU
		{7CCD59AB-4D91-4DC7-9CE4-D97976BED536}.Release|Any CPU.Build.0 = Release|Any CPU
		{7CCD59AB-4D91-4DC7-9CE4-D97976BED536}.Release|x64.ActiveCfg = Release|Any CPU
		{7CCD59AB-4D91-4DC7-9CE4-D97976BED536}.Release|x64.Build.0 = Release|Any CPU
		{7CCD59AB-4D91-4DC7-9CE4-D97976BED536}.Release|x86.ActiveCfg = Release|Any CPU
		{7CCD59AB-4D91-4DC7-9CE4-D97976BED536}.Release|x86.Build.0 = Release|Any CPU
		{2E06BC80-4DB7-481B-9C39-2C8405B8F2BB}.Debug|Any CPU.ActiveCfg = Debug|Any CPU
		{2E06BC80-4DB7-481B-9C39-2C8405B8F2BB}.Debug|Any CPU.Build.0 = Debug|Any CPU
		{2E06BC80-4DB7-481B-9C39-2C8405B8F2BB}.Debug|x64.ActiveCfg = Debug|Any CPU
		{2E06BC80-4DB7-481B-9C39-2C8405B8F2BB}.Debug|x64.Build.0 = Debug|Any CPU
		{2E06BC80-4DB7-481B-9C39-2C8405B8F2BB}.Debug|x86.ActiveCfg = Debug|Any CPU
		{2E06BC80-4DB7-481B-9C39-2C8405B8F2BB}.Debug|x86.Build.0 = Debug|Any CPU
		{2E06BC80-4DB7-481B-9C39-2C8405B8F2BB}.Release|Any CPU.ActiveCfg = Release|Any CPU
		{2E06BC80-4DB7-481B-9C39-2C8405B8F2BB}.Release|Any CPU.Build.0 = Release|Any CPU
		{2E06BC80-4DB7-481B-9C39-2C8405B8F2BB}.Release|x64.ActiveCfg = Release|Any CPU
		{2E06BC80-4DB7-481B-9C39-2C8405B8F2BB}.Release|x64.Build.0 = Release|Any CPU
		{2E06BC80-4DB7-481B-9C39-2C8405B8F2BB}.Release|x86.ActiveCfg = Release|Any CPU
		{2E06BC80-4DB7-481B-9C39-2C8405B8F2BB}.Release|x86.Build.0 = Release|Any CPU
		{A36C6789-2E9A-488A-A284-098E2C0EF729}.Debug|Any CPU.ActiveCfg = Debug|Any CPU
		{A36C6789-2E9A-488A-A284-098E2C0EF729}.Debug|Any CPU.Build.0 = Debug|Any CPU
		{A36C6789-2E9A-488A-A284-098E2C0EF729}.Debug|x64.ActiveCfg = Debug|Any CPU
		{A36C6789-2E9A-488A-A284-098E2C0EF729}.Debug|x64.Build.0 = Debug|Any CPU
		{A36C6789-2E9A-488A-A284-098E2C0EF729}.Debug|x86.ActiveCfg = Debug|Any CPU
		{A36C6789-2E9A-488A-A284-098E2C0EF729}.Debug|x86.Build.0 = Debug|Any CPU
		{A36C6789-2E9A-488A-A284-098E2C0EF729}.Release|Any CPU.ActiveCfg = Release|Any CPU
		{A36C6789-2E9A-488A-A284-098E2C0EF729}.Release|Any CPU.Build.0 = Release|Any CPU
		{A36C6789-2E9A-488A-A284-098E2C0EF729}.Release|x64.ActiveCfg = Release|Any CPU
		{A36C6789-2E9A-488A-A284-098E2C0EF729}.Release|x64.Build.0 = Release|Any CPU
		{A36C6789-2E9A-488A-A284-098E2C0EF729}.Release|x86.ActiveCfg = Release|Any CPU
		{A36C6789-2E9A-488A-A284-098E2C0EF729}.Release|x86.Build.0 = Release|Any CPU
		{EE9920A0-A470-4ECB-B5C8-D3D9BD7D972F}.Debug|Any CPU.ActiveCfg = Debug|Any CPU
		{EE9920A0-A470-4ECB-B5C8-D3D9BD7D972F}.Debug|Any CPU.Build.0 = Debug|Any CPU
		{EE9920A0-A470-4ECB-B5C8-D3D9BD7D972F}.Debug|x64.ActiveCfg = Debug|Any CPU
		{EE9920A0-A470-4ECB-B5C8-D3D9BD7D972F}.Debug|x64.Build.0 = Debug|Any CPU
		{EE9920A0-A470-4ECB-B5C8-D3D9BD7D972F}.Debug|x86.ActiveCfg = Debug|Any CPU
		{EE9920A0-A470-4ECB-B5C8-D3D9BD7D972F}.Debug|x86.Build.0 = Debug|Any CPU
		{EE9920A0-A470-4ECB-B5C8-D3D9BD7D972F}.Release|Any CPU.ActiveCfg = Release|Any CPU
		{EE9920A0-A470-4ECB-B5C8-D3D9BD7D972F}.Release|Any CPU.Build.0 = Release|Any CPU
		{EE9920A0-A470-4ECB-B5C8-D3D9BD7D972F}.Release|x64.ActiveCfg = Release|Any CPU
		{EE9920A0-A470-4ECB-B5C8-D3D9BD7D972F}.Release|x64.Build.0 = Release|Any CPU
		{EE9920A0-A470-4ECB-B5C8-D3D9BD7D972F}.Release|x86.ActiveCfg = Release|Any CPU
		{EE9920A0-A470-4ECB-B5C8-D3D9BD7D972F}.Release|x86.Build.0 = Release|Any CPU
		{E4D6DF41-E2E9-4662-B6BF-4562D0377CDF}.Debug|Any CPU.ActiveCfg = Debug|Any CPU
		{E4D6DF41-E2E9-4662-B6BF-4562D0377CDF}.Debug|Any CPU.Build.0 = Debug|Any CPU
		{E4D6DF41-E2E9-4662-B6BF-4562D0377CDF}.Debug|x64.ActiveCfg = Debug|Any CPU
		{E4D6DF41-E2E9-4662-B6BF-4562D0377CDF}.Debug|x64.Build.0 = Debug|Any CPU
		{E4D6DF41-E2E9-4662-B6BF-4562D0377CDF}.Debug|x86.ActiveCfg = Debug|Any CPU
		{E4D6DF41-E2E9-4662-B6BF-4562D0377CDF}.Debug|x86.Build.0 = Debug|Any CPU
		{E4D6DF41-E2E9-4662-B6BF-4562D0377CDF}.Release|Any CPU.ActiveCfg = Release|Any CPU
		{E4D6DF41-E2E9-4662-B6BF-4562D0377CDF}.Release|Any CPU.Build.0 = Release|Any CPU
		{E4D6DF41-E2E9-4662-B6BF-4562D0377CDF}.Release|x64.ActiveCfg = Release|Any CPU
		{E4D6DF41-E2E9-4662-B6BF-4562D0377CDF}.Release|x64.Build.0 = Release|Any CPU
		{E4D6DF41-E2E9-4662-B6BF-4562D0377CDF}.Release|x86.ActiveCfg = Release|Any CPU
		{E4D6DF41-E2E9-4662-B6BF-4562D0377CDF}.Release|x86.Build.0 = Release|Any CPU
		{44C698BB-5D46-47F7-B88A-5901094183C9}.Debug|Any CPU.ActiveCfg = Debug|Any CPU
		{44C698BB-5D46-47F7-B88A-5901094183C9}.Debug|Any CPU.Build.0 = Debug|Any CPU
		{44C698BB-5D46-47F7-B88A-5901094183C9}.Debug|x64.ActiveCfg = Debug|Any CPU
		{44C698BB-5D46-47F7-B88A-5901094183C9}.Debug|x64.Build.0 = Debug|Any CPU
		{44C698BB-5D46-47F7-B88A-5901094183C9}.Debug|x86.ActiveCfg = Debug|Any CPU
		{44C698BB-5D46-47F7-B88A-5901094183C9}.Debug|x86.Build.0 = Debug|Any CPU
		{44C698BB-5D46-47F7-B88A-5901094183C9}.Release|Any CPU.ActiveCfg = Release|Any CPU
		{44C698BB-5D46-47F7-B88A-5901094183C9}.Release|Any CPU.Build.0 = Release|Any CPU
		{44C698BB-5D46-47F7-B88A-5901094183C9}.Release|x64.ActiveCfg = Release|Any CPU
		{44C698BB-5D46-47F7-B88A-5901094183C9}.Release|x64.Build.0 = Release|Any CPU
		{44C698BB-5D46-47F7-B88A-5901094183C9}.Release|x86.ActiveCfg = Release|Any CPU
		{44C698BB-5D46-47F7-B88A-5901094183C9}.Release|x86.Build.0 = Release|Any CPU
		{A185313D-20FB-4994-AD2B-C003C905BB31}.Debug|Any CPU.ActiveCfg = Debug|Any CPU
		{A185313D-20FB-4994-AD2B-C003C905BB31}.Debug|Any CPU.Build.0 = Debug|Any CPU
		{A185313D-20FB-4994-AD2B-C003C905BB31}.Debug|x64.ActiveCfg = Debug|Any CPU
		{A185313D-20FB-4994-AD2B-C003C905BB31}.Debug|x64.Build.0 = Debug|Any CPU
		{A185313D-20FB-4994-AD2B-C003C905BB31}.Debug|x86.ActiveCfg = Debug|Any CPU
		{A185313D-20FB-4994-AD2B-C003C905BB31}.Debug|x86.Build.0 = Debug|Any CPU
		{A185313D-20FB-4994-AD2B-C003C905BB31}.Release|Any CPU.ActiveCfg = Release|Any CPU
		{A185313D-20FB-4994-AD2B-C003C905BB31}.Release|Any CPU.Build.0 = Release|Any CPU
		{A185313D-20FB-4994-AD2B-C003C905BB31}.Release|x64.ActiveCfg = Release|Any CPU
		{A185313D-20FB-4994-AD2B-C003C905BB31}.Release|x64.Build.0 = Release|Any CPU
		{A185313D-20FB-4994-AD2B-C003C905BB31}.Release|x86.ActiveCfg = Release|Any CPU
		{A185313D-20FB-4994-AD2B-C003C905BB31}.Release|x86.Build.0 = Release|Any CPU
		{3E869308-FE35-4E12-A7B1-7D06C323066E}.Debug|Any CPU.ActiveCfg = Debug|Any CPU
		{3E869308-FE35-4E12-A7B1-7D06C323066E}.Debug|Any CPU.Build.0 = Debug|Any CPU
		{3E869308-FE35-4E12-A7B1-7D06C323066E}.Debug|x64.ActiveCfg = Debug|Any CPU
		{3E869308-FE35-4E12-A7B1-7D06C323066E}.Debug|x64.Build.0 = Debug|Any CPU
		{3E869308-FE35-4E12-A7B1-7D06C323066E}.Debug|x86.ActiveCfg = Debug|Any CPU
		{3E869308-FE35-4E12-A7B1-7D06C323066E}.Debug|x86.Build.0 = Debug|Any CPU
		{3E869308-FE35-4E12-A7B1-7D06C323066E}.Release|Any CPU.ActiveCfg = Release|Any CPU
		{3E869308-FE35-4E12-A7B1-7D06C323066E}.Release|Any CPU.Build.0 = Release|Any CPU
		{3E869308-FE35-4E12-A7B1-7D06C323066E}.Release|x64.ActiveCfg = Release|Any CPU
		{3E869308-FE35-4E12-A7B1-7D06C323066E}.Release|x64.Build.0 = Release|Any CPU
		{3E869308-FE35-4E12-A7B1-7D06C323066E}.Release|x86.ActiveCfg = Release|Any CPU
		{3E869308-FE35-4E12-A7B1-7D06C323066E}.Release|x86.Build.0 = Release|Any CPU
		{AD06DEE0-47E9-4256-B74B-55411146B4D7}.Debug|Any CPU.ActiveCfg = Debug|Any CPU
		{AD06DEE0-47E9-4256-B74B-55411146B4D7}.Debug|Any CPU.Build.0 = Debug|Any CPU
		{AD06DEE0-47E9-4256-B74B-55411146B4D7}.Debug|x64.ActiveCfg = Debug|Any CPU
		{AD06DEE0-47E9-4256-B74B-55411146B4D7}.Debug|x64.Build.0 = Debug|Any CPU
		{AD06DEE0-47E9-4256-B74B-55411146B4D7}.Debug|x86.ActiveCfg = Debug|Any CPU
		{AD06DEE0-47E9-4256-B74B-55411146B4D7}.Debug|x86.Build.0 = Debug|Any CPU
		{AD06DEE0-47E9-4256-B74B-55411146B4D7}.Release|Any CPU.ActiveCfg = Release|Any CPU
		{AD06DEE0-47E9-4256-B74B-55411146B4D7}.Release|Any CPU.Build.0 = Release|Any CPU
		{AD06DEE0-47E9-4256-B74B-55411146B4D7}.Release|x64.ActiveCfg = Release|Any CPU
		{AD06DEE0-47E9-4256-B74B-55411146B4D7}.Release|x64.Build.0 = Release|Any CPU
		{AD06DEE0-47E9-4256-B74B-55411146B4D7}.Release|x86.ActiveCfg = Release|Any CPU
		{AD06DEE0-47E9-4256-B74B-55411146B4D7}.Release|x86.Build.0 = Release|Any CPU
		{AB71B2D7-3644-4F76-B566-5167CEF6E967}.Debug|Any CPU.ActiveCfg = Debug|Any CPU
		{AB71B2D7-3644-4F76-B566-5167CEF6E967}.Debug|Any CPU.Build.0 = Debug|Any CPU
		{AB71B2D7-3644-4F76-B566-5167CEF6E967}.Debug|x64.ActiveCfg = Debug|Any CPU
		{AB71B2D7-3644-4F76-B566-5167CEF6E967}.Debug|x64.Build.0 = Debug|Any CPU
		{AB71B2D7-3644-4F76-B566-5167CEF6E967}.Debug|x86.ActiveCfg = Debug|Any CPU
		{AB71B2D7-3644-4F76-B566-5167CEF6E967}.Debug|x86.Build.0 = Debug|Any CPU
		{AB71B2D7-3644-4F76-B566-5167CEF6E967}.Release|Any CPU.ActiveCfg = Release|Any CPU
		{AB71B2D7-3644-4F76-B566-5167CEF6E967}.Release|Any CPU.Build.0 = Release|Any CPU
		{AB71B2D7-3644-4F76-B566-5167CEF6E967}.Release|x64.ActiveCfg = Release|Any CPU
		{AB71B2D7-3644-4F76-B566-5167CEF6E967}.Release|x64.Build.0 = Release|Any CPU
		{AB71B2D7-3644-4F76-B566-5167CEF6E967}.Release|x86.ActiveCfg = Release|Any CPU
		{AB71B2D7-3644-4F76-B566-5167CEF6E967}.Release|x86.Build.0 = Release|Any CPU
		{969D4FCC-362F-43CF-9BEF-EE3ADDDEFCD1}.Debug|Any CPU.ActiveCfg = Debug|Any CPU
		{969D4FCC-362F-43CF-9BEF-EE3ADDDEFCD1}.Debug|Any CPU.Build.0 = Debug|Any CPU
		{969D4FCC-362F-43CF-9BEF-EE3ADDDEFCD1}.Debug|x64.ActiveCfg = Debug|Any CPU
		{969D4FCC-362F-43CF-9BEF-EE3ADDDEFCD1}.Debug|x64.Build.0 = Debug|Any CPU
		{969D4FCC-362F-43CF-9BEF-EE3ADDDEFCD1}.Debug|x86.ActiveCfg = Debug|Any CPU
		{969D4FCC-362F-43CF-9BEF-EE3ADDDEFCD1}.Debug|x86.Build.0 = Debug|Any CPU
		{969D4FCC-362F-43CF-9BEF-EE3ADDDEFCD1}.Release|Any CPU.ActiveCfg = Release|Any CPU
		{969D4FCC-362F-43CF-9BEF-EE3ADDDEFCD1}.Release|Any CPU.Build.0 = Release|Any CPU
		{969D4FCC-362F-43CF-9BEF-EE3ADDDEFCD1}.Release|x64.ActiveCfg = Release|Any CPU
		{969D4FCC-362F-43CF-9BEF-EE3ADDDEFCD1}.Release|x64.Build.0 = Release|Any CPU
		{969D4FCC-362F-43CF-9BEF-EE3ADDDEFCD1}.Release|x86.ActiveCfg = Release|Any CPU
		{969D4FCC-362F-43CF-9BEF-EE3ADDDEFCD1}.Release|x86.Build.0 = Release|Any CPU
		{340A3BF1-FA5C-4CD1-8B46-DBFB25CF8D57}.Debug|Any CPU.ActiveCfg = Debug|Any CPU
		{340A3BF1-FA5C-4CD1-8B46-DBFB25CF8D57}.Debug|Any CPU.Build.0 = Debug|Any CPU
		{340A3BF1-FA5C-4CD1-8B46-DBFB25CF8D57}.Debug|x64.ActiveCfg = Debug|Any CPU
		{340A3BF1-FA5C-4CD1-8B46-DBFB25CF8D57}.Debug|x64.Build.0 = Debug|Any CPU
		{340A3BF1-FA5C-4CD1-8B46-DBFB25CF8D57}.Debug|x86.ActiveCfg = Debug|Any CPU
		{340A3BF1-FA5C-4CD1-8B46-DBFB25CF8D57}.Debug|x86.Build.0 = Debug|Any CPU
		{340A3BF1-FA5C-4CD1-8B46-DBFB25CF8D57}.Release|Any CPU.ActiveCfg = Release|Any CPU
		{340A3BF1-FA5C-4CD1-8B46-DBFB25CF8D57}.Release|Any CPU.Build.0 = Release|Any CPU
		{340A3BF1-FA5C-4CD1-8B46-DBFB25CF8D57}.Release|x64.ActiveCfg = Release|Any CPU
		{340A3BF1-FA5C-4CD1-8B46-DBFB25CF8D57}.Release|x64.Build.0 = Release|Any CPU
		{340A3BF1-FA5C-4CD1-8B46-DBFB25CF8D57}.Release|x86.ActiveCfg = Release|Any CPU
		{340A3BF1-FA5C-4CD1-8B46-DBFB25CF8D57}.Release|x86.Build.0 = Release|Any CPU
		{F95AC1B5-E635-4257-97A3-A9A43571ECC9}.Debug|Any CPU.ActiveCfg = Debug|Any CPU
		{F95AC1B5-E635-4257-97A3-A9A43571ECC9}.Debug|Any CPU.Build.0 = Debug|Any CPU
		{F95AC1B5-E635-4257-97A3-A9A43571ECC9}.Debug|x64.ActiveCfg = Debug|Any CPU
		{F95AC1B5-E635-4257-97A3-A9A43571ECC9}.Debug|x64.Build.0 = Debug|Any CPU
		{F95AC1B5-E635-4257-97A3-A9A43571ECC9}.Debug|x86.ActiveCfg = Debug|Any CPU
		{F95AC1B5-E635-4257-97A3-A9A43571ECC9}.Debug|x86.Build.0 = Debug|Any CPU
		{F95AC1B5-E635-4257-97A3-A9A43571ECC9}.Release|Any CPU.ActiveCfg = Release|Any CPU
		{F95AC1B5-E635-4257-97A3-A9A43571ECC9}.Release|Any CPU.Build.0 = Release|Any CPU
		{F95AC1B5-E635-4257-97A3-A9A43571ECC9}.Release|x64.ActiveCfg = Release|Any CPU
		{F95AC1B5-E635-4257-97A3-A9A43571ECC9}.Release|x64.Build.0 = Release|Any CPU
		{F95AC1B5-E635-4257-97A3-A9A43571ECC9}.Release|x86.ActiveCfg = Release|Any CPU
		{F95AC1B5-E635-4257-97A3-A9A43571ECC9}.Release|x86.Build.0 = Release|Any CPU
		{025B1D07-DF71-4969-8431-6BACBF54C97E}.Debug|Any CPU.ActiveCfg = Debug|Any CPU
		{025B1D07-DF71-4969-8431-6BACBF54C97E}.Debug|Any CPU.Build.0 = Debug|Any CPU
		{025B1D07-DF71-4969-8431-6BACBF54C97E}.Debug|x64.ActiveCfg = Debug|Any CPU
		{025B1D07-DF71-4969-8431-6BACBF54C97E}.Debug|x64.Build.0 = Debug|Any CPU
		{025B1D07-DF71-4969-8431-6BACBF54C97E}.Debug|x86.ActiveCfg = Debug|Any CPU
		{025B1D07-DF71-4969-8431-6BACBF54C97E}.Debug|x86.Build.0 = Debug|Any CPU
		{025B1D07-DF71-4969-8431-6BACBF54C97E}.Release|Any CPU.ActiveCfg = Release|Any CPU
		{025B1D07-DF71-4969-8431-6BACBF54C97E}.Release|Any CPU.Build.0 = Release|Any CPU
		{025B1D07-DF71-4969-8431-6BACBF54C97E}.Release|x64.ActiveCfg = Release|Any CPU
		{025B1D07-DF71-4969-8431-6BACBF54C97E}.Release|x64.Build.0 = Release|Any CPU
		{025B1D07-DF71-4969-8431-6BACBF54C97E}.Release|x86.ActiveCfg = Release|Any CPU
		{025B1D07-DF71-4969-8431-6BACBF54C97E}.Release|x86.Build.0 = Release|Any CPU
		{E1AFFF19-41A5-4AC5-AE49-0C427FA5A6DF}.Debug|Any CPU.ActiveCfg = Debug|Any CPU
		{E1AFFF19-41A5-4AC5-AE49-0C427FA5A6DF}.Debug|Any CPU.Build.0 = Debug|Any CPU
		{E1AFFF19-41A5-4AC5-AE49-0C427FA5A6DF}.Debug|x64.ActiveCfg = Debug|Any CPU
		{E1AFFF19-41A5-4AC5-AE49-0C427FA5A6DF}.Debug|x64.Build.0 = Debug|Any CPU
		{E1AFFF19-41A5-4AC5-AE49-0C427FA5A6DF}.Debug|x86.ActiveCfg = Debug|Any CPU
		{E1AFFF19-41A5-4AC5-AE49-0C427FA5A6DF}.Debug|x86.Build.0 = Debug|Any CPU
		{E1AFFF19-41A5-4AC5-AE49-0C427FA5A6DF}.Release|Any CPU.ActiveCfg = Release|Any CPU
		{E1AFFF19-41A5-4AC5-AE49-0C427FA5A6DF}.Release|Any CPU.Build.0 = Release|Any CPU
		{E1AFFF19-41A5-4AC5-AE49-0C427FA5A6DF}.Release|x64.ActiveCfg = Release|Any CPU
		{E1AFFF19-41A5-4AC5-AE49-0C427FA5A6DF}.Release|x64.Build.0 = Release|Any CPU
		{E1AFFF19-41A5-4AC5-AE49-0C427FA5A6DF}.Release|x86.ActiveCfg = Release|Any CPU
		{E1AFFF19-41A5-4AC5-AE49-0C427FA5A6DF}.Release|x86.Build.0 = Release|Any CPU
		{7C5C3121-23F6-4062-98A3-93DF4A516D9B}.Debug|Any CPU.ActiveCfg = Debug|Any CPU
		{7C5C3121-23F6-4062-98A3-93DF4A516D9B}.Debug|Any CPU.Build.0 = Debug|Any CPU
		{7C5C3121-23F6-4062-98A3-93DF4A516D9B}.Debug|x64.ActiveCfg = Debug|Any CPU
		{7C5C3121-23F6-4062-98A3-93DF4A516D9B}.Debug|x64.Build.0 = Debug|Any CPU
		{7C5C3121-23F6-4062-98A3-93DF4A516D9B}.Debug|x86.ActiveCfg = Debug|Any CPU
		{7C5C3121-23F6-4062-98A3-93DF4A516D9B}.Debug|x86.Build.0 = Debug|Any CPU
		{7C5C3121-23F6-4062-98A3-93DF4A516D9B}.Release|Any CPU.ActiveCfg = Release|Any CPU
		{7C5C3121-23F6-4062-98A3-93DF4A516D9B}.Release|Any CPU.Build.0 = Release|Any CPU
		{7C5C3121-23F6-4062-98A3-93DF4A516D9B}.Release|x64.ActiveCfg = Release|Any CPU
		{7C5C3121-23F6-4062-98A3-93DF4A516D9B}.Release|x64.Build.0 = Release|Any CPU
		{7C5C3121-23F6-4062-98A3-93DF4A516D9B}.Release|x86.ActiveCfg = Release|Any CPU
		{7C5C3121-23F6-4062-98A3-93DF4A516D9B}.Release|x86.Build.0 = Release|Any CPU
		{E900CFFE-4B9D-4C90-B4AC-E5878152BF03}.Debug|Any CPU.ActiveCfg = Debug|Any CPU
		{E900CFFE-4B9D-4C90-B4AC-E5878152BF03}.Debug|Any CPU.Build.0 = Debug|Any CPU
		{E900CFFE-4B9D-4C90-B4AC-E5878152BF03}.Debug|x64.ActiveCfg = Debug|Any CPU
		{E900CFFE-4B9D-4C90-B4AC-E5878152BF03}.Debug|x64.Build.0 = Debug|Any CPU
		{E900CFFE-4B9D-4C90-B4AC-E5878152BF03}.Debug|x86.ActiveCfg = Debug|Any CPU
		{E900CFFE-4B9D-4C90-B4AC-E5878152BF03}.Debug|x86.Build.0 = Debug|Any CPU
		{E900CFFE-4B9D-4C90-B4AC-E5878152BF03}.Release|Any CPU.ActiveCfg = Release|Any CPU
		{E900CFFE-4B9D-4C90-B4AC-E5878152BF03}.Release|Any CPU.Build.0 = Release|Any CPU
		{E900CFFE-4B9D-4C90-B4AC-E5878152BF03}.Release|x64.ActiveCfg = Release|Any CPU
		{E900CFFE-4B9D-4C90-B4AC-E5878152BF03}.Release|x64.Build.0 = Release|Any CPU
		{E900CFFE-4B9D-4C90-B4AC-E5878152BF03}.Release|x86.ActiveCfg = Release|Any CPU
		{E900CFFE-4B9D-4C90-B4AC-E5878152BF03}.Release|x86.Build.0 = Release|Any CPU
		{A50BD482-A601-490D-B952-AE60CB84711B}.Debug|Any CPU.ActiveCfg = Debug|Any CPU
		{A50BD482-A601-490D-B952-AE60CB84711B}.Debug|Any CPU.Build.0 = Debug|Any CPU
		{A50BD482-A601-490D-B952-AE60CB84711B}.Debug|x64.ActiveCfg = Debug|Any CPU
		{A50BD482-A601-490D-B952-AE60CB84711B}.Debug|x64.Build.0 = Debug|Any CPU
		{A50BD482-A601-490D-B952-AE60CB84711B}.Debug|x86.ActiveCfg = Debug|Any CPU
		{A50BD482-A601-490D-B952-AE60CB84711B}.Debug|x86.Build.0 = Debug|Any CPU
		{A50BD482-A601-490D-B952-AE60CB84711B}.Release|Any CPU.ActiveCfg = Release|Any CPU
		{A50BD482-A601-490D-B952-AE60CB84711B}.Release|Any CPU.Build.0 = Release|Any CPU
		{A50BD482-A601-490D-B952-AE60CB84711B}.Release|x64.ActiveCfg = Release|Any CPU
		{A50BD482-A601-490D-B952-AE60CB84711B}.Release|x64.Build.0 = Release|Any CPU
		{A50BD482-A601-490D-B952-AE60CB84711B}.Release|x86.ActiveCfg = Release|Any CPU
		{A50BD482-A601-490D-B952-AE60CB84711B}.Release|x86.Build.0 = Release|Any CPU
		{A32DDDC9-0869-4BCC-866A-A5AF63FECAB6}.Debug|Any CPU.ActiveCfg = Debug|Any CPU
		{A32DDDC9-0869-4BCC-866A-A5AF63FECAB6}.Debug|Any CPU.Build.0 = Debug|Any CPU
		{A32DDDC9-0869-4BCC-866A-A5AF63FECAB6}.Debug|x64.ActiveCfg = Debug|Any CPU
		{A32DDDC9-0869-4BCC-866A-A5AF63FECAB6}.Debug|x64.Build.0 = Debug|Any CPU
		{A32DDDC9-0869-4BCC-866A-A5AF63FECAB6}.Debug|x86.ActiveCfg = Debug|Any CPU
		{A32DDDC9-0869-4BCC-866A-A5AF63FECAB6}.Debug|x86.Build.0 = Debug|Any CPU
		{A32DDDC9-0869-4BCC-866A-A5AF63FECAB6}.Release|Any CPU.ActiveCfg = Release|Any CPU
		{A32DDDC9-0869-4BCC-866A-A5AF63FECAB6}.Release|Any CPU.Build.0 = Release|Any CPU
		{A32DDDC9-0869-4BCC-866A-A5AF63FECAB6}.Release|x64.ActiveCfg = Release|Any CPU
		{A32DDDC9-0869-4BCC-866A-A5AF63FECAB6}.Release|x64.Build.0 = Release|Any CPU
		{A32DDDC9-0869-4BCC-866A-A5AF63FECAB6}.Release|x86.ActiveCfg = Release|Any CPU
		{A32DDDC9-0869-4BCC-866A-A5AF63FECAB6}.Release|x86.Build.0 = Release|Any CPU
		{E618046B-90D8-46B6-AF7F-183D32E4681F}.Debug|Any CPU.ActiveCfg = Debug|Any CPU
		{E618046B-90D8-46B6-AF7F-183D32E4681F}.Debug|Any CPU.Build.0 = Debug|Any CPU
		{E618046B-90D8-46B6-AF7F-183D32E4681F}.Debug|x64.ActiveCfg = Debug|Any CPU
		{E618046B-90D8-46B6-AF7F-183D32E4681F}.Debug|x64.Build.0 = Debug|Any CPU
		{E618046B-90D8-46B6-AF7F-183D32E4681F}.Debug|x86.ActiveCfg = Debug|Any CPU
		{E618046B-90D8-46B6-AF7F-183D32E4681F}.Debug|x86.Build.0 = Debug|Any CPU
		{E618046B-90D8-46B6-AF7F-183D32E4681F}.Release|Any CPU.ActiveCfg = Release|Any CPU
		{E618046B-90D8-46B6-AF7F-183D32E4681F}.Release|Any CPU.Build.0 = Release|Any CPU
		{E618046B-90D8-46B6-AF7F-183D32E4681F}.Release|x64.ActiveCfg = Release|Any CPU
		{E618046B-90D8-46B6-AF7F-183D32E4681F}.Release|x64.Build.0 = Release|Any CPU
		{E618046B-90D8-46B6-AF7F-183D32E4681F}.Release|x86.ActiveCfg = Release|Any CPU
		{E618046B-90D8-46B6-AF7F-183D32E4681F}.Release|x86.Build.0 = Release|Any CPU
		{406F1433-8181-4EA7-9B66-1C8463305B86}.Debug|Any CPU.ActiveCfg = Debug|Any CPU
		{406F1433-8181-4EA7-9B66-1C8463305B86}.Debug|Any CPU.Build.0 = Debug|Any CPU
		{406F1433-8181-4EA7-9B66-1C8463305B86}.Debug|x64.ActiveCfg = Debug|Any CPU
		{406F1433-8181-4EA7-9B66-1C8463305B86}.Debug|x64.Build.0 = Debug|Any CPU
		{406F1433-8181-4EA7-9B66-1C8463305B86}.Debug|x86.ActiveCfg = Debug|Any CPU
		{406F1433-8181-4EA7-9B66-1C8463305B86}.Debug|x86.Build.0 = Debug|Any CPU
		{406F1433-8181-4EA7-9B66-1C8463305B86}.Release|Any CPU.ActiveCfg = Release|Any CPU
		{406F1433-8181-4EA7-9B66-1C8463305B86}.Release|Any CPU.Build.0 = Release|Any CPU
		{406F1433-8181-4EA7-9B66-1C8463305B86}.Release|x64.ActiveCfg = Release|Any CPU
		{406F1433-8181-4EA7-9B66-1C8463305B86}.Release|x64.Build.0 = Release|Any CPU
		{406F1433-8181-4EA7-9B66-1C8463305B86}.Release|x86.ActiveCfg = Release|Any CPU
		{406F1433-8181-4EA7-9B66-1C8463305B86}.Release|x86.Build.0 = Release|Any CPU
		{353A59DF-3794-4A5C-9158-DB8A7D5BCF7B}.Debug|Any CPU.ActiveCfg = Debug|Any CPU
		{353A59DF-3794-4A5C-9158-DB8A7D5BCF7B}.Debug|Any CPU.Build.0 = Debug|Any CPU
		{353A59DF-3794-4A5C-9158-DB8A7D5BCF7B}.Debug|x64.ActiveCfg = Debug|Any CPU
		{353A59DF-3794-4A5C-9158-DB8A7D5BCF7B}.Debug|x64.Build.0 = Debug|Any CPU
		{353A59DF-3794-4A5C-9158-DB8A7D5BCF7B}.Debug|x86.ActiveCfg = Debug|Any CPU
		{353A59DF-3794-4A5C-9158-DB8A7D5BCF7B}.Debug|x86.Build.0 = Debug|Any CPU
		{353A59DF-3794-4A5C-9158-DB8A7D5BCF7B}.Release|Any CPU.ActiveCfg = Release|Any CPU
		{353A59DF-3794-4A5C-9158-DB8A7D5BCF7B}.Release|Any CPU.Build.0 = Release|Any CPU
		{353A59DF-3794-4A5C-9158-DB8A7D5BCF7B}.Release|x64.ActiveCfg = Release|Any CPU
		{353A59DF-3794-4A5C-9158-DB8A7D5BCF7B}.Release|x64.Build.0 = Release|Any CPU
		{353A59DF-3794-4A5C-9158-DB8A7D5BCF7B}.Release|x86.ActiveCfg = Release|Any CPU
		{353A59DF-3794-4A5C-9158-DB8A7D5BCF7B}.Release|x86.Build.0 = Release|Any CPU
		{3704F767-43EF-4817-AFCC-AB54F95A8B69}.Debug|Any CPU.ActiveCfg = Debug|Any CPU
		{3704F767-43EF-4817-AFCC-AB54F95A8B69}.Debug|Any CPU.Build.0 = Debug|Any CPU
		{3704F767-43EF-4817-AFCC-AB54F95A8B69}.Debug|x64.ActiveCfg = Debug|Any CPU
		{3704F767-43EF-4817-AFCC-AB54F95A8B69}.Debug|x64.Build.0 = Debug|Any CPU
		{3704F767-43EF-4817-AFCC-AB54F95A8B69}.Debug|x86.ActiveCfg = Debug|Any CPU
		{3704F767-43EF-4817-AFCC-AB54F95A8B69}.Debug|x86.Build.0 = Debug|Any CPU
		{3704F767-43EF-4817-AFCC-AB54F95A8B69}.Release|Any CPU.ActiveCfg = Release|Any CPU
		{3704F767-43EF-4817-AFCC-AB54F95A8B69}.Release|Any CPU.Build.0 = Release|Any CPU
		{3704F767-43EF-4817-AFCC-AB54F95A8B69}.Release|x64.ActiveCfg = Release|Any CPU
		{3704F767-43EF-4817-AFCC-AB54F95A8B69}.Release|x64.Build.0 = Release|Any CPU
		{3704F767-43EF-4817-AFCC-AB54F95A8B69}.Release|x86.ActiveCfg = Release|Any CPU
		{3704F767-43EF-4817-AFCC-AB54F95A8B69}.Release|x86.Build.0 = Release|Any CPU
		{CC23DCA3-00BA-4FC7-BD24-15C6C127EAEE}.Debug|Any CPU.ActiveCfg = Debug|Any CPU
		{CC23DCA3-00BA-4FC7-BD24-15C6C127EAEE}.Debug|Any CPU.Build.0 = Debug|Any CPU
		{CC23DCA3-00BA-4FC7-BD24-15C6C127EAEE}.Debug|x64.ActiveCfg = Debug|Any CPU
		{CC23DCA3-00BA-4FC7-BD24-15C6C127EAEE}.Debug|x64.Build.0 = Debug|Any CPU
		{CC23DCA3-00BA-4FC7-BD24-15C6C127EAEE}.Debug|x86.ActiveCfg = Debug|Any CPU
		{CC23DCA3-00BA-4FC7-BD24-15C6C127EAEE}.Debug|x86.Build.0 = Debug|Any CPU
		{CC23DCA3-00BA-4FC7-BD24-15C6C127EAEE}.Release|Any CPU.ActiveCfg = Release|Any CPU
		{CC23DCA3-00BA-4FC7-BD24-15C6C127EAEE}.Release|Any CPU.Build.0 = Release|Any CPU
		{CC23DCA3-00BA-4FC7-BD24-15C6C127EAEE}.Release|x64.ActiveCfg = Release|Any CPU
		{CC23DCA3-00BA-4FC7-BD24-15C6C127EAEE}.Release|x64.Build.0 = Release|Any CPU
		{CC23DCA3-00BA-4FC7-BD24-15C6C127EAEE}.Release|x86.ActiveCfg = Release|Any CPU
		{CC23DCA3-00BA-4FC7-BD24-15C6C127EAEE}.Release|x86.Build.0 = Release|Any CPU
		{E78FD52B-FA25-421F-9945-4BE7693D403B}.Debug|Any CPU.ActiveCfg = Debug|Any CPU
		{E78FD52B-FA25-421F-9945-4BE7693D403B}.Debug|Any CPU.Build.0 = Debug|Any CPU
		{E78FD52B-FA25-421F-9945-4BE7693D403B}.Debug|x64.ActiveCfg = Debug|Any CPU
		{E78FD52B-FA25-421F-9945-4BE7693D403B}.Debug|x64.Build.0 = Debug|Any CPU
		{E78FD52B-FA25-421F-9945-4BE7693D403B}.Debug|x86.ActiveCfg = Debug|Any CPU
		{E78FD52B-FA25-421F-9945-4BE7693D403B}.Debug|x86.Build.0 = Debug|Any CPU
		{E78FD52B-FA25-421F-9945-4BE7693D403B}.Release|Any CPU.ActiveCfg = Release|Any CPU
		{E78FD52B-FA25-421F-9945-4BE7693D403B}.Release|Any CPU.Build.0 = Release|Any CPU
		{E78FD52B-FA25-421F-9945-4BE7693D403B}.Release|x64.ActiveCfg = Release|Any CPU
		{E78FD52B-FA25-421F-9945-4BE7693D403B}.Release|x64.Build.0 = Release|Any CPU
		{E78FD52B-FA25-421F-9945-4BE7693D403B}.Release|x86.ActiveCfg = Release|Any CPU
		{E78FD52B-FA25-421F-9945-4BE7693D403B}.Release|x86.Build.0 = Release|Any CPU
		{A386070E-412A-487F-B84E-F6D91607ED39}.Debug|Any CPU.ActiveCfg = Debug|Any CPU
		{A386070E-412A-487F-B84E-F6D91607ED39}.Debug|Any CPU.Build.0 = Debug|Any CPU
		{A386070E-412A-487F-B84E-F6D91607ED39}.Debug|x64.ActiveCfg = Debug|Any CPU
		{A386070E-412A-487F-B84E-F6D91607ED39}.Debug|x64.Build.0 = Debug|Any CPU
		{A386070E-412A-487F-B84E-F6D91607ED39}.Debug|x86.ActiveCfg = Debug|Any CPU
		{A386070E-412A-487F-B84E-F6D91607ED39}.Debug|x86.Build.0 = Debug|Any CPU
		{A386070E-412A-487F-B84E-F6D91607ED39}.Release|Any CPU.ActiveCfg = Release|Any CPU
		{A386070E-412A-487F-B84E-F6D91607ED39}.Release|Any CPU.Build.0 = Release|Any CPU
		{A386070E-412A-487F-B84E-F6D91607ED39}.Release|x64.ActiveCfg = Release|Any CPU
		{A386070E-412A-487F-B84E-F6D91607ED39}.Release|x64.Build.0 = Release|Any CPU
		{A386070E-412A-487F-B84E-F6D91607ED39}.Release|x86.ActiveCfg = Release|Any CPU
		{A386070E-412A-487F-B84E-F6D91607ED39}.Release|x86.Build.0 = Release|Any CPU
		{A60B2FED-1DA8-48DA-9E9C-0B434D723305}.Debug|Any CPU.ActiveCfg = Debug|Any CPU
		{A60B2FED-1DA8-48DA-9E9C-0B434D723305}.Debug|Any CPU.Build.0 = Debug|Any CPU
		{A60B2FED-1DA8-48DA-9E9C-0B434D723305}.Debug|x64.ActiveCfg = Debug|Any CPU
		{A60B2FED-1DA8-48DA-9E9C-0B434D723305}.Debug|x64.Build.0 = Debug|Any CPU
		{A60B2FED-1DA8-48DA-9E9C-0B434D723305}.Debug|x86.ActiveCfg = Debug|Any CPU
		{A60B2FED-1DA8-48DA-9E9C-0B434D723305}.Debug|x86.Build.0 = Debug|Any CPU
		{A60B2FED-1DA8-48DA-9E9C-0B434D723305}.Release|Any CPU.ActiveCfg = Release|Any CPU
		{A60B2FED-1DA8-48DA-9E9C-0B434D723305}.Release|Any CPU.Build.0 = Release|Any CPU
		{A60B2FED-1DA8-48DA-9E9C-0B434D723305}.Release|x64.ActiveCfg = Release|Any CPU
		{A60B2FED-1DA8-48DA-9E9C-0B434D723305}.Release|x64.Build.0 = Release|Any CPU
		{A60B2FED-1DA8-48DA-9E9C-0B434D723305}.Release|x86.ActiveCfg = Release|Any CPU
		{A60B2FED-1DA8-48DA-9E9C-0B434D723305}.Release|x86.Build.0 = Release|Any CPU
		{4CF4424A-CA97-481F-B78F-CAAFCFFE3ACE}.Debug|Any CPU.ActiveCfg = Debug|Any CPU
		{4CF4424A-CA97-481F-B78F-CAAFCFFE3ACE}.Debug|Any CPU.Build.0 = Debug|Any CPU
		{4CF4424A-CA97-481F-B78F-CAAFCFFE3ACE}.Debug|x64.ActiveCfg = Debug|Any CPU
		{4CF4424A-CA97-481F-B78F-CAAFCFFE3ACE}.Debug|x64.Build.0 = Debug|Any CPU
		{4CF4424A-CA97-481F-B78F-CAAFCFFE3ACE}.Debug|x86.ActiveCfg = Debug|Any CPU
		{4CF4424A-CA97-481F-B78F-CAAFCFFE3ACE}.Debug|x86.Build.0 = Debug|Any CPU
		{4CF4424A-CA97-481F-B78F-CAAFCFFE3ACE}.Release|Any CPU.ActiveCfg = Release|Any CPU
		{4CF4424A-CA97-481F-B78F-CAAFCFFE3ACE}.Release|Any CPU.Build.0 = Release|Any CPU
		{4CF4424A-CA97-481F-B78F-CAAFCFFE3ACE}.Release|x64.ActiveCfg = Release|Any CPU
		{4CF4424A-CA97-481F-B78F-CAAFCFFE3ACE}.Release|x64.Build.0 = Release|Any CPU
		{4CF4424A-CA97-481F-B78F-CAAFCFFE3ACE}.Release|x86.ActiveCfg = Release|Any CPU
		{4CF4424A-CA97-481F-B78F-CAAFCFFE3ACE}.Release|x86.Build.0 = Release|Any CPU
		{D2D227EC-411B-4686-B330-3AC54C89FAAF}.Debug|Any CPU.ActiveCfg = Debug|Any CPU
		{D2D227EC-411B-4686-B330-3AC54C89FAAF}.Debug|Any CPU.Build.0 = Debug|Any CPU
		{D2D227EC-411B-4686-B330-3AC54C89FAAF}.Debug|x64.ActiveCfg = Debug|Any CPU
		{D2D227EC-411B-4686-B330-3AC54C89FAAF}.Debug|x64.Build.0 = Debug|Any CPU
		{D2D227EC-411B-4686-B330-3AC54C89FAAF}.Debug|x86.ActiveCfg = Debug|Any CPU
		{D2D227EC-411B-4686-B330-3AC54C89FAAF}.Debug|x86.Build.0 = Debug|Any CPU
		{D2D227EC-411B-4686-B330-3AC54C89FAAF}.Release|Any CPU.ActiveCfg = Release|Any CPU
		{D2D227EC-411B-4686-B330-3AC54C89FAAF}.Release|Any CPU.Build.0 = Release|Any CPU
		{D2D227EC-411B-4686-B330-3AC54C89FAAF}.Release|x64.ActiveCfg = Release|Any CPU
		{D2D227EC-411B-4686-B330-3AC54C89FAAF}.Release|x64.Build.0 = Release|Any CPU
		{D2D227EC-411B-4686-B330-3AC54C89FAAF}.Release|x86.ActiveCfg = Release|Any CPU
		{D2D227EC-411B-4686-B330-3AC54C89FAAF}.Release|x86.Build.0 = Release|Any CPU
		{7865B37B-39B3-48CF-ADB5-FE85E45D5A1C}.Debug|Any CPU.ActiveCfg = Debug|Any CPU
		{7865B37B-39B3-48CF-ADB5-FE85E45D5A1C}.Debug|Any CPU.Build.0 = Debug|Any CPU
		{7865B37B-39B3-48CF-ADB5-FE85E45D5A1C}.Debug|x64.ActiveCfg = Debug|Any CPU
		{7865B37B-39B3-48CF-ADB5-FE85E45D5A1C}.Debug|x64.Build.0 = Debug|Any CPU
		{7865B37B-39B3-48CF-ADB5-FE85E45D5A1C}.Debug|x86.ActiveCfg = Debug|Any CPU
		{7865B37B-39B3-48CF-ADB5-FE85E45D5A1C}.Debug|x86.Build.0 = Debug|Any CPU
		{7865B37B-39B3-48CF-ADB5-FE85E45D5A1C}.Release|Any CPU.ActiveCfg = Release|Any CPU
		{7865B37B-39B3-48CF-ADB5-FE85E45D5A1C}.Release|Any CPU.Build.0 = Release|Any CPU
		{7865B37B-39B3-48CF-ADB5-FE85E45D5A1C}.Release|x64.ActiveCfg = Release|Any CPU
		{7865B37B-39B3-48CF-ADB5-FE85E45D5A1C}.Release|x64.Build.0 = Release|Any CPU
		{7865B37B-39B3-48CF-ADB5-FE85E45D5A1C}.Release|x86.ActiveCfg = Release|Any CPU
		{7865B37B-39B3-48CF-ADB5-FE85E45D5A1C}.Release|x86.Build.0 = Release|Any CPU
		{136160C3-DE34-4AF7-93B3-187E67053597}.Debug|Any CPU.ActiveCfg = Debug|Any CPU
		{136160C3-DE34-4AF7-93B3-187E67053597}.Debug|Any CPU.Build.0 = Debug|Any CPU
		{136160C3-DE34-4AF7-93B3-187E67053597}.Debug|x64.ActiveCfg = Debug|Any CPU
		{136160C3-DE34-4AF7-93B3-187E67053597}.Debug|x64.Build.0 = Debug|Any CPU
		{136160C3-DE34-4AF7-93B3-187E67053597}.Debug|x86.ActiveCfg = Debug|Any CPU
		{136160C3-DE34-4AF7-93B3-187E67053597}.Debug|x86.Build.0 = Debug|Any CPU
		{136160C3-DE34-4AF7-93B3-187E67053597}.Release|Any CPU.ActiveCfg = Release|Any CPU
		{136160C3-DE34-4AF7-93B3-187E67053597}.Release|Any CPU.Build.0 = Release|Any CPU
		{136160C3-DE34-4AF7-93B3-187E67053597}.Release|x64.ActiveCfg = Release|Any CPU
		{136160C3-DE34-4AF7-93B3-187E67053597}.Release|x64.Build.0 = Release|Any CPU
		{136160C3-DE34-4AF7-93B3-187E67053597}.Release|x86.ActiveCfg = Release|Any CPU
		{136160C3-DE34-4AF7-93B3-187E67053597}.Release|x86.Build.0 = Release|Any CPU
		{80D09E03-6F04-4F79-B6A1-FC1E6B47994D}.Debug|Any CPU.ActiveCfg = Debug|Any CPU
		{80D09E03-6F04-4F79-B6A1-FC1E6B47994D}.Debug|Any CPU.Build.0 = Debug|Any CPU
		{80D09E03-6F04-4F79-B6A1-FC1E6B47994D}.Debug|x64.ActiveCfg = Debug|Any CPU
		{80D09E03-6F04-4F79-B6A1-FC1E6B47994D}.Debug|x64.Build.0 = Debug|Any CPU
		{80D09E03-6F04-4F79-B6A1-FC1E6B47994D}.Debug|x86.ActiveCfg = Debug|Any CPU
		{80D09E03-6F04-4F79-B6A1-FC1E6B47994D}.Debug|x86.Build.0 = Debug|Any CPU
		{80D09E03-6F04-4F79-B6A1-FC1E6B47994D}.Release|Any CPU.ActiveCfg = Release|Any CPU
		{80D09E03-6F04-4F79-B6A1-FC1E6B47994D}.Release|Any CPU.Build.0 = Release|Any CPU
		{80D09E03-6F04-4F79-B6A1-FC1E6B47994D}.Release|x64.ActiveCfg = Release|Any CPU
		{80D09E03-6F04-4F79-B6A1-FC1E6B47994D}.Release|x64.Build.0 = Release|Any CPU
		{80D09E03-6F04-4F79-B6A1-FC1E6B47994D}.Release|x86.ActiveCfg = Release|Any CPU
		{80D09E03-6F04-4F79-B6A1-FC1E6B47994D}.Release|x86.Build.0 = Release|Any CPU
		{6FB45B35-1411-48ED-AA9E-BC56B055C881}.Debug|Any CPU.ActiveCfg = Debug|Any CPU
		{6FB45B35-1411-48ED-AA9E-BC56B055C881}.Debug|Any CPU.Build.0 = Debug|Any CPU
		{6FB45B35-1411-48ED-AA9E-BC56B055C881}.Debug|x64.ActiveCfg = Debug|Any CPU
		{6FB45B35-1411-48ED-AA9E-BC56B055C881}.Debug|x64.Build.0 = Debug|Any CPU
		{6FB45B35-1411-48ED-AA9E-BC56B055C881}.Debug|x86.ActiveCfg = Debug|Any CPU
		{6FB45B35-1411-48ED-AA9E-BC56B055C881}.Debug|x86.Build.0 = Debug|Any CPU
		{6FB45B35-1411-48ED-AA9E-BC56B055C881}.Release|Any CPU.ActiveCfg = Release|Any CPU
		{6FB45B35-1411-48ED-AA9E-BC56B055C881}.Release|Any CPU.Build.0 = Release|Any CPU
		{6FB45B35-1411-48ED-AA9E-BC56B055C881}.Release|x64.ActiveCfg = Release|Any CPU
		{6FB45B35-1411-48ED-AA9E-BC56B055C881}.Release|x64.Build.0 = Release|Any CPU
		{6FB45B35-1411-48ED-AA9E-BC56B055C881}.Release|x86.ActiveCfg = Release|Any CPU
		{6FB45B35-1411-48ED-AA9E-BC56B055C881}.Release|x86.Build.0 = Release|Any CPU
		{C24D1C92-1E0A-4EE0-9E8F-5CC4A508DA34}.Debug|Any CPU.ActiveCfg = Debug|Any CPU
		{C24D1C92-1E0A-4EE0-9E8F-5CC4A508DA34}.Debug|Any CPU.Build.0 = Debug|Any CPU
		{C24D1C92-1E0A-4EE0-9E8F-5CC4A508DA34}.Debug|x64.ActiveCfg = Debug|Any CPU
		{C24D1C92-1E0A-4EE0-9E8F-5CC4A508DA34}.Debug|x64.Build.0 = Debug|Any CPU
		{C24D1C92-1E0A-4EE0-9E8F-5CC4A508DA34}.Debug|x86.ActiveCfg = Debug|Any CPU
		{C24D1C92-1E0A-4EE0-9E8F-5CC4A508DA34}.Debug|x86.Build.0 = Debug|Any CPU
		{C24D1C92-1E0A-4EE0-9E8F-5CC4A508DA34}.Release|Any CPU.ActiveCfg = Release|Any CPU
		{C24D1C92-1E0A-4EE0-9E8F-5CC4A508DA34}.Release|Any CPU.Build.0 = Release|Any CPU
		{C24D1C92-1E0A-4EE0-9E8F-5CC4A508DA34}.Release|x64.ActiveCfg = Release|Any CPU
		{C24D1C92-1E0A-4EE0-9E8F-5CC4A508DA34}.Release|x64.Build.0 = Release|Any CPU
		{C24D1C92-1E0A-4EE0-9E8F-5CC4A508DA34}.Release|x86.ActiveCfg = Release|Any CPU
		{C24D1C92-1E0A-4EE0-9E8F-5CC4A508DA34}.Release|x86.Build.0 = Release|Any CPU
		{62E1F0A6-6259-4BF5-8295-4159FA1664AB}.Debug|Any CPU.ActiveCfg = Debug|Any CPU
		{62E1F0A6-6259-4BF5-8295-4159FA1664AB}.Debug|Any CPU.Build.0 = Debug|Any CPU
		{62E1F0A6-6259-4BF5-8295-4159FA1664AB}.Debug|x64.ActiveCfg = Debug|Any CPU
		{62E1F0A6-6259-4BF5-8295-4159FA1664AB}.Debug|x64.Build.0 = Debug|Any CPU
		{62E1F0A6-6259-4BF5-8295-4159FA1664AB}.Debug|x86.ActiveCfg = Debug|Any CPU
		{62E1F0A6-6259-4BF5-8295-4159FA1664AB}.Debug|x86.Build.0 = Debug|Any CPU
		{62E1F0A6-6259-4BF5-8295-4159FA1664AB}.Release|Any CPU.ActiveCfg = Release|Any CPU
		{62E1F0A6-6259-4BF5-8295-4159FA1664AB}.Release|Any CPU.Build.0 = Release|Any CPU
		{62E1F0A6-6259-4BF5-8295-4159FA1664AB}.Release|x64.ActiveCfg = Release|Any CPU
		{62E1F0A6-6259-4BF5-8295-4159FA1664AB}.Release|x64.Build.0 = Release|Any CPU
		{62E1F0A6-6259-4BF5-8295-4159FA1664AB}.Release|x86.ActiveCfg = Release|Any CPU
		{62E1F0A6-6259-4BF5-8295-4159FA1664AB}.Release|x86.Build.0 = Release|Any CPU
		{5D60410E-DF6C-4D3B-B0D5-4415208132CE}.Debug|Any CPU.ActiveCfg = Debug|Any CPU
		{5D60410E-DF6C-4D3B-B0D5-4415208132CE}.Debug|Any CPU.Build.0 = Debug|Any CPU
		{5D60410E-DF6C-4D3B-B0D5-4415208132CE}.Debug|x64.ActiveCfg = Debug|Any CPU
		{5D60410E-DF6C-4D3B-B0D5-4415208132CE}.Debug|x64.Build.0 = Debug|Any CPU
		{5D60410E-DF6C-4D3B-B0D5-4415208132CE}.Debug|x86.ActiveCfg = Debug|Any CPU
		{5D60410E-DF6C-4D3B-B0D5-4415208132CE}.Debug|x86.Build.0 = Debug|Any CPU
		{5D60410E-DF6C-4D3B-B0D5-4415208132CE}.Release|Any CPU.ActiveCfg = Release|Any CPU
		{5D60410E-DF6C-4D3B-B0D5-4415208132CE}.Release|Any CPU.Build.0 = Release|Any CPU
		{5D60410E-DF6C-4D3B-B0D5-4415208132CE}.Release|x64.ActiveCfg = Release|Any CPU
		{5D60410E-DF6C-4D3B-B0D5-4415208132CE}.Release|x64.Build.0 = Release|Any CPU
		{5D60410E-DF6C-4D3B-B0D5-4415208132CE}.Release|x86.ActiveCfg = Release|Any CPU
		{5D60410E-DF6C-4D3B-B0D5-4415208132CE}.Release|x86.Build.0 = Release|Any CPU
	EndGlobalSection
	GlobalSection(SolutionProperties) = preSolution
		HideSolutionNode = FALSE
	EndGlobalSection
	GlobalSection(NestedProjects) = preSolution
		{8D3E5E76-B2DA-4829-9DFC-69193D7B113A} = {827E0CD3-B72D-47B6-A68D-7590B98EB39B}
		{EBE275F3-0F4C-44C8-A92F-38439E631A87} = {827E0CD3-B72D-47B6-A68D-7590B98EB39B}
		{AB8C955E-B8A6-4A3C-AEF9-52988D825B1B} = {827E0CD3-B72D-47B6-A68D-7590B98EB39B}
		{52287676-9A1A-401F-933F-34A078B2F675} = {827E0CD3-B72D-47B6-A68D-7590B98EB39B}
		{5743A88D-F70A-496A-86D9-BA86C526A608} = {827E0CD3-B72D-47B6-A68D-7590B98EB39B}
		{6B1EA312-6D50-45EA-BEEA-16E371E3831F} = {827E0CD3-B72D-47B6-A68D-7590B98EB39B}
		{63EBB3F3-8A76-46E1-94F2-7871704DEAE1} = {827E0CD3-B72D-47B6-A68D-7590B98EB39B}
		{98156742-5B81-4FE0-A242-D4FE3F4B08EA} = {827E0CD3-B72D-47B6-A68D-7590B98EB39B}
		{9637F788-E836-421C-A528-7911C93108A1} = {827E0CD3-B72D-47B6-A68D-7590B98EB39B}
		{B2CC1C3D-CDEC-42A8-A939-5AD744A5D4B2} = {827E0CD3-B72D-47B6-A68D-7590B98EB39B}
		{E7151A07-A94E-40C7-9D61-5A63EB09F948} = {827E0CD3-B72D-47B6-A68D-7590B98EB39B}
		{89A25C32-EC4F-4E22-8E50-A7123C6D5620} = {827E0CD3-B72D-47B6-A68D-7590B98EB39B}
		{80AFC25A-FAB1-4DAF-8A0B-49491D2FA575} = {827E0CD3-B72D-47B6-A68D-7590B98EB39B}
		{CA9121AF-7502-46E1-8D52-2FF3E19B4DAC} = {827E0CD3-B72D-47B6-A68D-7590B98EB39B}
		{1FE06E31-379F-4277-9492-5665322A589C} = {827E0CD3-B72D-47B6-A68D-7590B98EB39B}
		{EC383AEB-D647-4867-86B2-862C88A3DB0A} = {827E0CD3-B72D-47B6-A68D-7590B98EB39B}
		{13382082-E210-4C4A-8CA4-611D514CF0A8} = {827E0CD3-B72D-47B6-A68D-7590B98EB39B}
		{B43C8F14-E0A3-46CD-8C49-AAAD2023BE58} = {827E0CD3-B72D-47B6-A68D-7590B98EB39B}
		{0217C202-AA6B-4F22-8472-536382908414} = {827E0CD3-B72D-47B6-A68D-7590B98EB39B}
		{F3145394-8AE8-42CF-8C68-45FA757C5199} = {827E0CD3-B72D-47B6-A68D-7590B98EB39B}
		{884D6A73-3442-4AEC-9B73-0BFA720FA6A1} = {827E0CD3-B72D-47B6-A68D-7590B98EB39B}
		{FF5E0755-1339-4C6E-A127-C62E4214A5B3} = {827E0CD3-B72D-47B6-A68D-7590B98EB39B}
		{C4F80943-CB67-46C5-9C96-C644E6FF0935} = {827E0CD3-B72D-47B6-A68D-7590B98EB39B}
		{6386DD5D-CD82-4689-8E25-5295A0CBEE04} = {827E0CD3-B72D-47B6-A68D-7590B98EB39B}
		{14357BC7-0C6D-47C3-81C1-CB24785B5787} = {827E0CD3-B72D-47B6-A68D-7590B98EB39B}
		{B13542FD-A2BD-4679-A395-06879DA1141A} = {827E0CD3-B72D-47B6-A68D-7590B98EB39B}
		{AE1DF0F3-0AAE-4654-B3B0-3F01789E0567} = {827E0CD3-B72D-47B6-A68D-7590B98EB39B}
		{99990541-A74B-49D2-BCC3-8A09C9EEDE34} = {827E0CD3-B72D-47B6-A68D-7590B98EB39B}
		{FFFBB6D0-E378-488D-9C04-4F417A4655D8} = {827E0CD3-B72D-47B6-A68D-7590B98EB39B}
		{7CCD59AB-4D91-4DC7-9CE4-D97976BED536} = {827E0CD3-B72D-47B6-A68D-7590B98EB39B}
		{2E06BC80-4DB7-481B-9C39-2C8405B8F2BB} = {827E0CD3-B72D-47B6-A68D-7590B98EB39B}
		{A36C6789-2E9A-488A-A284-098E2C0EF729} = {827E0CD3-B72D-47B6-A68D-7590B98EB39B}
		{EE9920A0-A470-4ECB-B5C8-D3D9BD7D972F} = {827E0CD3-B72D-47B6-A68D-7590B98EB39B}
		{E4D6DF41-E2E9-4662-B6BF-4562D0377CDF} = {827E0CD3-B72D-47B6-A68D-7590B98EB39B}
		{44C698BB-5D46-47F7-B88A-5901094183C9} = {827E0CD3-B72D-47B6-A68D-7590B98EB39B}
		{A185313D-20FB-4994-AD2B-C003C905BB31} = {827E0CD3-B72D-47B6-A68D-7590B98EB39B}
		{3E869308-FE35-4E12-A7B1-7D06C323066E} = {827E0CD3-B72D-47B6-A68D-7590B98EB39B}
		{AD06DEE0-47E9-4256-B74B-55411146B4D7} = {827E0CD3-B72D-47B6-A68D-7590B98EB39B}
		{AB71B2D7-3644-4F76-B566-5167CEF6E967} = {827E0CD3-B72D-47B6-A68D-7590B98EB39B}
		{969D4FCC-362F-43CF-9BEF-EE3ADDDEFCD1} = {827E0CD3-B72D-47B6-A68D-7590B98EB39B}
		{340A3BF1-FA5C-4CD1-8B46-DBFB25CF8D57} = {827E0CD3-B72D-47B6-A68D-7590B98EB39B}
		{F95AC1B5-E635-4257-97A3-A9A43571ECC9} = {0AB3BF05-4346-4AA6-1389-037BE0695223}
		{025B1D07-DF71-4969-8431-6BACBF54C97E} = {0AB3BF05-4346-4AA6-1389-037BE0695223}
		{E1AFFF19-41A5-4AC5-AE49-0C427FA5A6DF} = {0AB3BF05-4346-4AA6-1389-037BE0695223}
		{7C5C3121-23F6-4062-98A3-93DF4A516D9B} = {0AB3BF05-4346-4AA6-1389-037BE0695223}
		{E900CFFE-4B9D-4C90-B4AC-E5878152BF03} = {0AB3BF05-4346-4AA6-1389-037BE0695223}
		{A50BD482-A601-490D-B952-AE60CB84711B} = {0AB3BF05-4346-4AA6-1389-037BE0695223}
		{A32DDDC9-0869-4BCC-866A-A5AF63FECAB6} = {0AB3BF05-4346-4AA6-1389-037BE0695223}
		{E618046B-90D8-46B6-AF7F-183D32E4681F} = {0AB3BF05-4346-4AA6-1389-037BE0695223}
		{406F1433-8181-4EA7-9B66-1C8463305B86} = {0AB3BF05-4346-4AA6-1389-037BE0695223}
		{353A59DF-3794-4A5C-9158-DB8A7D5BCF7B} = {0AB3BF05-4346-4AA6-1389-037BE0695223}
		{3704F767-43EF-4817-AFCC-AB54F95A8B69} = {0AB3BF05-4346-4AA6-1389-037BE0695223}
		{CC23DCA3-00BA-4FC7-BD24-15C6C127EAEE} = {0AB3BF05-4346-4AA6-1389-037BE0695223}
		{E78FD52B-FA25-421F-9945-4BE7693D403B} = {0AB3BF05-4346-4AA6-1389-037BE0695223}
		{A386070E-412A-487F-B84E-F6D91607ED39} = {827E0CD3-B72D-47B6-A68D-7590B98EB39B}
		{A60B2FED-1DA8-48DA-9E9C-0B434D723305} = {0AB3BF05-4346-4AA6-1389-037BE0695223}
		{4CF4424A-CA97-481F-B78F-CAAFCFFE3ACE} = {0AB3BF05-4346-4AA6-1389-037BE0695223}
		{D2D227EC-411B-4686-B330-3AC54C89FAAF} = {0AB3BF05-4346-4AA6-1389-037BE0695223}
		{7865B37B-39B3-48CF-ADB5-FE85E45D5A1C} = {0AB3BF05-4346-4AA6-1389-037BE0695223}
		{136160C3-DE34-4AF7-93B3-187E67053597} = {0AB3BF05-4346-4AA6-1389-037BE0695223}
		{80D09E03-6F04-4F79-B6A1-FC1E6B47994D} = {0AB3BF05-4346-4AA6-1389-037BE0695223}
		{6FB45B35-1411-48ED-AA9E-BC56B055C881} = {0AB3BF05-4346-4AA6-1389-037BE0695223}
		{C24D1C92-1E0A-4EE0-9E8F-5CC4A508DA34} = {0AB3BF05-4346-4AA6-1389-037BE0695223}
		{62E1F0A6-6259-4BF5-8295-4159FA1664AB} = {0AB3BF05-4346-4AA6-1389-037BE0695223}
		{5D60410E-DF6C-4D3B-B0D5-4415208132CE} = {0AB3BF05-4346-4AA6-1389-037BE0695223}
	EndGlobalSection
	GlobalSection(ExtensibilityGlobals) = postSolution
		SolutionGuid = {A4ED856F-A50E-40D1-B0C7-4658EB92B5D8}
	EndGlobalSection
EndGlobal
