
Microsoft Visual Studio Solution File, Format Version 12.00
# Visual Studio Version 17
VisualStudioVersion = 17.0.31903.59
MinimumVisualStudioVersion = 10.0.40219.1
Project("{2150E333-8FDC-42A3-9474-1A3956D46DE8}") = "src", "src", "{827E0CD3-B72D-47B6-A68D-7590B98EB39B}"
EndProject
Project("{2150E333-8FDC-42A3-9474-1A3956D46DE8}") = "BuildingBlocks", "BuildingBlocks", "{90298CBA-BD6F-3A0A-69D5-97CAD7B05E7E}"
EndProject
Project("{FAE04EC0-301F-11D3-BF4B-00C04F79EFBC}") = "TradingSystem.Redis", "src\BuildingBlocks\TradingSystem.Redis\TradingSystem.Redis.csproj", "{51ACFB9C-F7B5-43E7-9166-D7F659A13E47}"
EndProject
Project("{FAE04EC0-301F-11D3-BF4B-00C04F79EFBC}") = "TradingSystem.Binance", "src\BuildingBlocks\TradingSystem.Binance\TradingSystem.Binance.csproj", "{FF961712-9E6E-4C00-947E-EE2E17E68155}"
EndProject
Project("{FAE04EC0-301F-11D3-BF4B-00C04F79EFBC}") = "TradingSystem.Contracts", "src\BuildingBlocks\TradingSystem.Contracts\TradingSystem.Contracts.csproj", "{7EC6A8B7-21B6-4867-B821-F96D17B90855}"
EndProject
Project("{2150E333-8FDC-42A3-9474-1A3956D46DE8}") = "Services", "Services", "{984BB9B3-3FA3-BE33-9484-CAC21695A33C}"
EndProject
Project("{FAE04EC0-301F-11D3-BF4B-00C04F79EFBC}") = "MarketDataService", "src\Services\MarketDataService\MarketDataService.csproj", "{4303BA7D-05F8-48FB-8DA5-CA02058D4A68}"
EndProject
Project("{FAE04EC0-301F-11D3-BF4B-00C04F79EFBC}") = "AlligatorIndicatorService", "src\Services\AlligatorIndicatorService\AlligatorIndicatorService.csproj", "{49872CAC-B3F5-49BB-B419-6D70D4DB6D0F}"
EndProject
Project("{FAE04EC0-301F-11D3-BF4B-00C04F79EFBC}") = "BollingerIndicatorService", "src\Services\BollingerIndicatorService\BollingerIndicatorService.csproj", "{6AA72EE0-526E-4933-98FB-E86D4AC86E7E}"
EndProject
Project("{FAE04EC0-301F-11D3-BF4B-00C04F79EFBC}") = "UserStreamService", "src\Services\UserStreamService\UserStreamService.csproj", "{48BA7FFF-71DC-4929-9938-E8DE18F25C14}"
EndProject
Project("{FAE04EC0-301F-11D3-BF4B-00C04F79EFBC}") = "StrategyService", "src\Services\StrategyService\StrategyService.csproj", "{95A46C18-7918-4B6B-9F34-4A5FD4925573}"
EndProject
Project("{FAE04EC0-301F-11D3-BF4B-00C04F79EFBC}") = "TradingSystem.Domain", "src\BuildingBlocks\TradingSystem.Domain\TradingSystem.Domain.csproj", "{EC8C5661-D37E-4DB1-9D14-9FC4439E2A75}"
EndProject
Project("{FAE04EC0-301F-11D3-BF4B-00C04F79EFBC}") = "TradingSystem.Application", "src\BuildingBlocks\TradingSystem.Application\TradingSystem.Application.csproj", "{40DAD59E-527B-49E8-91AD-73C709355513}"
EndProject
Project("{FAE04EC0-301F-11D3-BF4B-00C04F79EFBC}") = "TradingSystem.Infrastructure", "src\BuildingBlocks\TradingSystem.Infrastructure\TradingSystem.Infrastructure.csproj", "{EBA8FC2E-045A-43DF-B2D0-A2F44B9248AC}"
EndProject
Project("{2150E333-8FDC-42A3-9474-1A3956D46DE8}") = "Backtesting", "Backtesting", "{02EA681E-C7D8-13C7-8484-4AC65E1B71E8}"
EndProject
Project("{FAE04EC0-301F-11D3-BF4B-00C04F79EFBC}") = "TradingSystem.Backtesting", "src\Backtesting\TradingSystem.Backtesting\TradingSystem.Backtesting.csproj", "{8E9FDB58-50E7-4DFE-9B99-F4E6249A4BBB}"
EndProject
Project("{FAE04EC0-301F-11D3-BF4B-00C04F79EFBC}") = "TradingSystem.Backtesting.Cli", "TradingSystem.Backtesting.Cli\TradingSystem.Backtesting.Cli.csproj", "{9FAF19D7-EA43-412F-BA8F-9DB011F2FB3A}"
EndProject
Project("{FAE04EC0-301F-11D3-BF4B-00C04F79EFBC}") = "TradingSystem.Backtesting.Reporting", "TradingSystem.Backtesting.Reporting\TradingSystem.Backtesting.Reporting.csproj", "{652ED8A9-4AE9-4D06-BB21-73E1B8DAD84A}"
EndProject
Project("{FAE04EC0-301F-11D3-BF4B-00C04F79EFBC}") = "TradingSystem.HistoricalData", "TradingSystem.HistoricalData\TradingSystem.HistoricalData.csproj", "{98212014-9C74-4AF0-895C-D437FA64B090}"
EndProject
Global
	GlobalSection(SolutionConfigurationPlatforms) = preSolution
		Debug|Any CPU = Debug|Any CPU
		Debug|x64 = Debug|x64
		Debug|x86 = Debug|x86
		Release|Any CPU = Release|Any CPU
		Release|x64 = Release|x64
		Release|x86 = Release|x86
	EndGlobalSection
	GlobalSection(ProjectConfigurationPlatforms) = postSolution
		{51ACFB9C-F7B5-43E7-9166-D7F659A13E47}.Debug|Any CPU.ActiveCfg = Debug|Any CPU
		{51ACFB9C-F7B5-43E7-9166-D7F659A13E47}.Debug|Any CPU.Build.0 = Debug|Any CPU
		{51ACFB9C-F7B5-43E7-9166-D7F659A13E47}.Debug|x64.ActiveCfg = Debug|Any CPU
		{51ACFB9C-F7B5-43E7-9166-D7F659A13E47}.Debug|x64.Build.0 = Debug|Any CPU
		{51ACFB9C-F7B5-43E7-9166-D7F659A13E47}.Debug|x86.ActiveCfg = Debug|Any CPU
		{51ACFB9C-F7B5-43E7-9166-D7F659A13E47}.Debug|x86.Build.0 = Debug|Any CPU
		{51ACFB9C-F7B5-43E7-9166-D7F659A13E47}.Release|Any CPU.ActiveCfg = Release|Any CPU
		{51ACFB9C-F7B5-43E7-9166-D7F659A13E47}.Release|Any CPU.Build.0 = Release|Any CPU
		{51ACFB9C-F7B5-43E7-9166-D7F659A13E47}.Release|x64.ActiveCfg = Release|Any CPU
		{51ACFB9C-F7B5-43E7-9166-D7F659A13E47}.Release|x64.Build.0 = Release|Any CPU
		{51ACFB9C-F7B5-43E7-9166-D7F659A13E47}.Release|x86.ActiveCfg = Release|Any CPU
		{51ACFB9C-F7B5-43E7-9166-D7F659A13E47}.Release|x86.Build.0 = Release|Any CPU
		{FF961712-9E6E-4C00-947E-EE2E17E68155}.Debug|Any CPU.ActiveCfg = Debug|Any CPU
		{FF961712-9E6E-4C00-947E-EE2E17E68155}.Debug|Any CPU.Build.0 = Debug|Any CPU
		{FF961712-9E6E-4C00-947E-EE2E17E68155}.Debug|x64.ActiveCfg = Debug|Any CPU
		{FF961712-9E6E-4C00-947E-EE2E17E68155}.Debug|x64.Build.0 = Debug|Any CPU
		{FF961712-9E6E-4C00-947E-EE2E17E68155}.Debug|x86.ActiveCfg = Debug|Any CPU
		{FF961712-9E6E-4C00-947E-EE2E17E68155}.Debug|x86.Build.0 = Debug|Any CPU
		{FF961712-9E6E-4C00-947E-EE2E17E68155}.Release|Any CPU.ActiveCfg = Release|Any CPU
		{FF961712-9E6E-4C00-947E-EE2E17E68155}.Release|Any CPU.Build.0 = Release|Any CPU
		{FF961712-9E6E-4C00-947E-EE2E17E68155}.Release|x64.ActiveCfg = Release|Any CPU
		{FF961712-9E6E-4C00-947E-EE2E17E68155}.Release|x64.Build.0 = Release|Any CPU
		{FF961712-9E6E-4C00-947E-EE2E17E68155}.Release|x86.ActiveCfg = Release|Any CPU
		{FF961712-9E6E-4C00-947E-EE2E17E68155}.Release|x86.Build.0 = Release|Any CPU
		{7EC6A8B7-21B6-4867-B821-F96D17B90855}.Debug|Any CPU.ActiveCfg = Debug|Any CPU
		{7EC6A8B7-21B6-4867-B821-F96D17B90855}.Debug|Any CPU.Build.0 = Debug|Any CPU
		{7EC6A8B7-21B6-4867-B821-F96D17B90855}.Debug|x64.ActiveCfg = Debug|Any CPU
		{7EC6A8B7-21B6-4867-B821-F96D17B90855}.Debug|x64.Build.0 = Debug|Any CPU
		{7EC6A8B7-21B6-4867-B821-F96D17B90855}.Debug|x86.ActiveCfg = Debug|Any CPU
		{7EC6A8B7-21B6-4867-B821-F96D17B90855}.Debug|x86.Build.0 = Debug|Any CPU
		{7EC6A8B7-21B6-4867-B821-F96D17B90855}.Release|Any CPU.ActiveCfg = Release|Any CPU
		{7EC6A8B7-21B6-4867-B821-F96D17B90855}.Release|Any CPU.Build.0 = Release|Any CPU
		{7EC6A8B7-21B6-4867-B821-F96D17B90855}.Release|x64.ActiveCfg = Release|Any CPU
		{7EC6A8B7-21B6-4867-B821-F96D17B90855}.Release|x64.Build.0 = Release|Any CPU
		{7EC6A8B7-21B6-4867-B821-F96D17B90855}.Release|x86.ActiveCfg = Release|Any CPU
		{7EC6A8B7-21B6-4867-B821-F96D17B90855}.Release|x86.Build.0 = Release|Any CPU
		{4303BA7D-05F8-48FB-8DA5-CA02058D4A68}.Debug|Any CPU.ActiveCfg = Debug|Any CPU
		{4303BA7D-05F8-48FB-8DA5-CA02058D4A68}.Debug|Any CPU.Build.0 = Debug|Any CPU
		{4303BA7D-05F8-48FB-8DA5-CA02058D4A68}.Debug|x64.ActiveCfg = Debug|Any CPU
		{4303BA7D-05F8-48FB-8DA5-CA02058D4A68}.Debug|x64.Build.0 = Debug|Any CPU
		{4303BA7D-05F8-48FB-8DA5-CA02058D4A68}.Debug|x86.ActiveCfg = Debug|Any CPU
		{4303BA7D-05F8-48FB-8DA5-CA02058D4A68}.Debug|x86.Build.0 = Debug|Any CPU
		{4303BA7D-05F8-48FB-8DA5-CA02058D4A68}.Release|Any CPU.ActiveCfg = Release|Any CPU
		{4303BA7D-05F8-48FB-8DA5-CA02058D4A68}.Release|Any CPU.Build.0 = Release|Any CPU
		{4303BA7D-05F8-48FB-8DA5-CA02058D4A68}.Release|x64.ActiveCfg = Release|Any CPU
		{4303BA7D-05F8-48FB-8DA5-CA02058D4A68}.Release|x64.Build.0 = Release|Any CPU
		{4303BA7D-05F8-48FB-8DA5-CA02058D4A68}.Release|x86.ActiveCfg = Release|Any CPU
		{4303BA7D-05F8-48FB-8DA5-CA02058D4A68}.Release|x86.Build.0 = Release|Any CPU
		{49872CAC-B3F5-49BB-B419-6D70D4DB6D0F}.Debug|Any CPU.ActiveCfg = Debug|Any CPU
		{49872CAC-B3F5-49BB-B419-6D70D4DB6D0F}.Debug|Any CPU.Build.0 = Debug|Any CPU
		{49872CAC-B3F5-49BB-B419-6D70D4DB6D0F}.Debug|x64.ActiveCfg = Debug|Any CPU
		{49872CAC-B3F5-49BB-B419-6D70D4DB6D0F}.Debug|x64.Build.0 = Debug|Any CPU
		{49872CAC-B3F5-49BB-B419-6D70D4DB6D0F}.Debug|x86.ActiveCfg = Debug|Any CPU
		{49872CAC-B3F5-49BB-B419-6D70D4DB6D0F}.Debug|x86.Build.0 = Debug|Any CPU
		{49872CAC-B3F5-49BB-B419-6D70D4DB6D0F}.Release|Any CPU.ActiveCfg = Release|Any CPU
		{49872CAC-B3F5-49BB-B419-6D70D4DB6D0F}.Release|Any CPU.Build.0 = Release|Any CPU
		{49872CAC-B3F5-49BB-B419-6D70D4DB6D0F}.Release|x64.ActiveCfg = Release|Any CPU
		{49872CAC-B3F5-49BB-B419-6D70D4DB6D0F}.Release|x64.Build.0 = Release|Any CPU
		{49872CAC-B3F5-49BB-B419-6D70D4DB6D0F}.Release|x86.ActiveCfg = Release|Any CPU
		{49872CAC-B3F5-49BB-B419-6D70D4DB6D0F}.Release|x86.Build.0 = Release|Any CPU
		{6AA72EE0-526E-4933-98FB-E86D4AC86E7E}.Debug|Any CPU.ActiveCfg = Debug|Any CPU
		{6AA72EE0-526E-4933-98FB-E86D4AC86E7E}.Debug|Any CPU.Build.0 = Debug|Any CPU
		{6AA72EE0-526E-4933-98FB-E86D4AC86E7E}.Debug|x64.ActiveCfg = Debug|Any CPU
		{6AA72EE0-526E-4933-98FB-E86D4AC86E7E}.Debug|x64.Build.0 = Debug|Any CPU
		{6AA72EE0-526E-4933-98FB-E86D4AC86E7E}.Debug|x86.ActiveCfg = Debug|Any CPU
		{6AA72EE0-526E-4933-98FB-E86D4AC86E7E}.Debug|x86.Build.0 = Debug|Any CPU
		{6AA72EE0-526E-4933-98FB-E86D4AC86E7E}.Release|Any CPU.ActiveCfg = Release|Any CPU
		{6AA72EE0-526E-4933-98FB-E86D4AC86E7E}.Release|Any CPU.Build.0 = Release|Any CPU
		{6AA72EE0-526E-4933-98FB-E86D4AC86E7E}.Release|x64.ActiveCfg = Release|Any CPU
		{6AA72EE0-526E-4933-98FB-E86D4AC86E7E}.Release|x64.Build.0 = Release|Any CPU
		{6AA72EE0-526E-4933-98FB-E86D4AC86E7E}.Release|x86.ActiveCfg = Release|Any CPU
		{6AA72EE0-526E-4933-98FB-E86D4AC86E7E}.Release|x86.Build.0 = Release|Any CPU
		{48BA7FFF-71DC-4929-9938-E8DE18F25C14}.Debug|Any CPU.ActiveCfg = Debug|Any CPU
		{48BA7FFF-71DC-4929-9938-E8DE18F25C14}.Debug|Any CPU.Build.0 = Debug|Any CPU
		{48BA7FFF-71DC-4929-9938-E8DE18F25C14}.Debug|x64.ActiveCfg = Debug|Any CPU
		{48BA7FFF-71DC-4929-9938-E8DE18F25C14}.Debug|x64.Build.0 = Debug|Any CPU
		{48BA7FFF-71DC-4929-9938-E8DE18F25C14}.Debug|x86.ActiveCfg = Debug|Any CPU
		{48BA7FFF-71DC-4929-9938-E8DE18F25C14}.Debug|x86.Build.0 = Debug|Any CPU
		{48BA7FFF-71DC-4929-9938-E8DE18F25C14}.Release|Any CPU.ActiveCfg = Release|Any CPU
		{48BA7FFF-71DC-4929-9938-E8DE18F25C14}.Release|Any CPU.Build.0 = Release|Any CPU
		{48BA7FFF-71DC-4929-9938-E8DE18F25C14}.Release|x64.ActiveCfg = Release|Any CPU
		{48BA7FFF-71DC-4929-9938-E8DE18F25C14}.Release|x64.Build.0 = Release|Any CPU
		{48BA7FFF-71DC-4929-9938-E8DE18F25C14}.Release|x86.ActiveCfg = Release|Any CPU
		{48BA7FFF-71DC-4929-9938-E8DE18F25C14}.Release|x86.Build.0 = Release|Any CPU
		{95A46C18-7918-4B6B-9F34-4A5FD4925573}.Debug|Any CPU.ActiveCfg = Debug|Any CPU
		{95A46C18-7918-4B6B-9F34-4A5FD4925573}.Debug|Any CPU.Build.0 = Debug|Any CPU
		{95A46C18-7918-4B6B-9F34-4A5FD4925573}.Debug|x64.ActiveCfg = Debug|Any CPU
		{95A46C18-7918-4B6B-9F34-4A5FD4925573}.Debug|x64.Build.0 = Debug|Any CPU
		{95A46C18-7918-4B6B-9F34-4A5FD4925573}.Debug|x86.ActiveCfg = Debug|Any CPU
		{95A46C18-7918-4B6B-9F34-4A5FD4925573}.Debug|x86.Build.0 = Debug|Any CPU
		{95A46C18-7918-4B6B-9F34-4A5FD4925573}.Release|Any CPU.ActiveCfg = Release|Any CPU
		{95A46C18-7918-4B6B-9F34-4A5FD4925573}.Release|Any CPU.Build.0 = Release|Any CPU
		{95A46C18-7918-4B6B-9F34-4A5FD4925573}.Release|x64.ActiveCfg = Release|Any CPU
		{95A46C18-7918-4B6B-9F34-4A5FD4925573}.Release|x64.Build.0 = Release|Any CPU
		{95A46C18-7918-4B6B-9F34-4A5FD4925573}.Release|x86.ActiveCfg = Release|Any CPU
		{95A46C18-7918-4B6B-9F34-4A5FD4925573}.Release|x86.Build.0 = Release|Any CPU
		{EC8C5661-D37E-4DB1-9D14-9FC4439E2A75}.Debug|Any CPU.ActiveCfg = Debug|Any CPU
		{EC8C5661-D37E-4DB1-9D14-9FC4439E2A75}.Debug|Any CPU.Build.0 = Debug|Any CPU
		{EC8C5661-D37E-4DB1-9D14-9FC4439E2A75}.Debug|x64.ActiveCfg = Debug|Any CPU
		{EC8C5661-D37E-4DB1-9D14-9FC4439E2A75}.Debug|x64.Build.0 = Debug|Any CPU
		{EC8C5661-D37E-4DB1-9D14-9FC4439E2A75}.Debug|x86.ActiveCfg = Debug|Any CPU
		{EC8C5661-D37E-4DB1-9D14-9FC4439E2A75}.Debug|x86.Build.0 = Debug|Any CPU
		{EC8C5661-D37E-4DB1-9D14-9FC4439E2A75}.Release|Any CPU.ActiveCfg = Release|Any CPU
		{EC8C5661-D37E-4DB1-9D14-9FC4439E2A75}.Release|Any CPU.Build.0 = Release|Any CPU
		{EC8C5661-D37E-4DB1-9D14-9FC4439E2A75}.Release|x64.ActiveCfg = Release|Any CPU
		{EC8C5661-D37E-4DB1-9D14-9FC4439E2A75}.Release|x64.Build.0 = Release|Any CPU
		{EC8C5661-D37E-4DB1-9D14-9FC4439E2A75}.Release|x86.ActiveCfg = Release|Any CPU
		{EC8C5661-D37E-4DB1-9D14-9FC4439E2A75}.Release|x86.Build.0 = Release|Any CPU
		{40DAD59E-527B-49E8-91AD-73C709355513}.Debug|Any CPU.ActiveCfg = Debug|Any CPU
		{40DAD59E-527B-49E8-91AD-73C709355513}.Debug|Any CPU.Build.0 = Debug|Any CPU
		{40DAD59E-527B-49E8-91AD-73C709355513}.Debug|x64.ActiveCfg = Debug|Any CPU
		{40DAD59E-527B-49E8-91AD-73C709355513}.Debug|x64.Build.0 = Debug|Any CPU
		{40DAD59E-527B-49E8-91AD-73C709355513}.Debug|x86.ActiveCfg = Debug|Any CPU
		{40DAD59E-527B-49E8-91AD-73C709355513}.Debug|x86.Build.0 = Debug|Any CPU
		{40DAD59E-527B-49E8-91AD-73C709355513}.Release|Any CPU.ActiveCfg = Release|Any CPU
		{40DAD59E-527B-49E8-91AD-73C709355513}.Release|Any CPU.Build.0 = Release|Any CPU
		{40DAD59E-527B-49E8-91AD-73C709355513}.Release|x64.ActiveCfg = Release|Any CPU
		{40DAD59E-527B-49E8-91AD-73C709355513}.Release|x64.Build.0 = Release|Any CPU
		{40DAD59E-527B-49E8-91AD-73C709355513}.Release|x86.ActiveCfg = Release|Any CPU
		{40DAD59E-527B-49E8-91AD-73C709355513}.Release|x86.Build.0 = Release|Any CPU
		{EBA8FC2E-045A-43DF-B2D0-A2F44B9248AC}.Debug|Any CPU.ActiveCfg = Debug|Any CPU
		{EBA8FC2E-045A-43DF-B2D0-A2F44B9248AC}.Debug|Any CPU.Build.0 = Debug|Any CPU
		{EBA8FC2E-045A-43DF-B2D0-A2F44B9248AC}.Debug|x64.ActiveCfg = Debug|Any CPU
		{EBA8FC2E-045A-43DF-B2D0-A2F44B9248AC}.Debug|x64.Build.0 = Debug|Any CPU
		{EBA8FC2E-045A-43DF-B2D0-A2F44B9248AC}.Debug|x86.ActiveCfg = Debug|Any CPU
		{EBA8FC2E-045A-43DF-B2D0-A2F44B9248AC}.Debug|x86.Build.0 = Debug|Any CPU
		{EBA8FC2E-045A-43DF-B2D0-A2F44B9248AC}.Release|Any CPU.ActiveCfg = Release|Any CPU
		{EBA8FC2E-045A-43DF-B2D0-A2F44B9248AC}.Release|Any CPU.Build.0 = Release|Any CPU
		{EBA8FC2E-045A-43DF-B2D0-A2F44B9248AC}.Release|x64.ActiveCfg = Release|Any CPU
		{EBA8FC2E-045A-43DF-B2D0-A2F44B9248AC}.Release|x64.Build.0 = Release|Any CPU
		{EBA8FC2E-045A-43DF-B2D0-A2F44B9248AC}.Release|x86.ActiveCfg = Release|Any CPU
		{EBA8FC2E-045A-43DF-B2D0-A2F44B9248AC}.Release|x86.Build.0 = Release|Any CPU
		{8E9FDB58-50E7-4DFE-9B99-F4E6249A4BBB}.Debug|Any CPU.ActiveCfg = Debug|Any CPU
		{8E9FDB58-50E7-4DFE-9B99-F4E6249A4BBB}.Debug|Any CPU.Build.0 = Debug|Any CPU
		{8E9FDB58-50E7-4DFE-9B99-F4E6249A4BBB}.Debug|x64.ActiveCfg = Debug|Any CPU
		{8E9FDB58-50E7-4DFE-9B99-F4E6249A4BBB}.Debug|x64.Build.0 = Debug|Any CPU
		{8E9FDB58-50E7-4DFE-9B99-F4E6249A4BBB}.Debug|x86.ActiveCfg = Debug|Any CPU
		{8E9FDB58-50E7-4DFE-9B99-F4E6249A4BBB}.Debug|x86.Build.0 = Debug|Any CPU
		{8E9FDB58-50E7-4DFE-9B99-F4E6249A4BBB}.Release|Any CPU.ActiveCfg = Release|Any CPU
		{8E9FDB58-50E7-4DFE-9B99-F4E6249A4BBB}.Release|Any CPU.Build.0 = Release|Any CPU
		{8E9FDB58-50E7-4DFE-9B99-F4E6249A4BBB}.Release|x64.ActiveCfg = Release|Any CPU
		{8E9FDB58-50E7-4DFE-9B99-F4E6249A4BBB}.Release|x64.Build.0 = Release|Any CPU
		{8E9FDB58-50E7-4DFE-9B99-F4E6249A4BBB}.Release|x86.ActiveCfg = Release|Any CPU
		{8E9FDB58-50E7-4DFE-9B99-F4E6249A4BBB}.Release|x86.Build.0 = Release|Any CPU
		{9FAF19D7-EA43-412F-BA8F-9DB011F2FB3A}.Debug|Any CPU.ActiveCfg = Debug|Any CPU
		{9FAF19D7-EA43-412F-BA8F-9DB011F2FB3A}.Debug|Any CPU.Build.0 = Debug|Any CPU
		{9FAF19D7-EA43-412F-BA8F-9DB011F2FB3A}.Debug|x64.ActiveCfg = Debug|Any CPU
		{9FAF19D7-EA43-412F-BA8F-9DB011F2FB3A}.Debug|x64.Build.0 = Debug|Any CPU
		{9FAF19D7-EA43-412F-BA8F-9DB011F2FB3A}.Debug|x86.ActiveCfg = Debug|Any CPU
		{9FAF19D7-EA43-412F-BA8F-9DB011F2FB3A}.Debug|x86.Build.0 = Debug|Any CPU
		{9FAF19D7-EA43-412F-BA8F-9DB011F2FB3A}.Release|Any CPU.ActiveCfg = Release|Any CPU
		{9FAF19D7-EA43-412F-BA8F-9DB011F2FB3A}.Release|Any CPU.Build.0 = Release|Any CPU
		{9FAF19D7-EA43-412F-BA8F-9DB011F2FB3A}.Release|x64.ActiveCfg = Release|Any CPU
		{9FAF19D7-EA43-412F-BA8F-9DB011F2FB3A}.Release|x64.Build.0 = Release|Any CPU
		{9FAF19D7-EA43-412F-BA8F-9DB011F2FB3A}.Release|x86.ActiveCfg = Release|Any CPU
		{9FAF19D7-EA43-412F-BA8F-9DB011F2FB3A}.Release|x86.Build.0 = Release|Any CPU
		{652ED8A9-4AE9-4D06-BB21-73E1B8DAD84A}.Debug|Any CPU.ActiveCfg = Debug|Any CPU
		{652ED8A9-4AE9-4D06-BB21-73E1B8DAD84A}.Debug|Any CPU.Build.0 = Debug|Any CPU
		{652ED8A9-4AE9-4D06-BB21-73E1B8DAD84A}.Debug|x64.ActiveCfg = Debug|Any CPU
		{652ED8A9-4AE9-4D06-BB21-73E1B8DAD84A}.Debug|x64.Build.0 = Debug|Any CPU
		{652ED8A9-4AE9-4D06-BB21-73E1B8DAD84A}.Debug|x86.ActiveCfg = Debug|Any CPU
		{652ED8A9-4AE9-4D06-BB21-73E1B8DAD84A}.Debug|x86.Build.0 = Debug|Any CPU
		{652ED8A9-4AE9-4D06-BB21-73E1B8DAD84A}.Release|Any CPU.ActiveCfg = Release|Any CPU
		{652ED8A9-4AE9-4D06-BB21-73E1B8DAD84A}.Release|Any CPU.Build.0 = Release|Any CPU
		{652ED8A9-4AE9-4D06-BB21-73E1B8DAD84A}.Release|x64.ActiveCfg = Release|Any CPU
		{652ED8A9-4AE9-4D06-BB21-73E1B8DAD84A}.Release|x64.Build.0 = Release|Any CPU
		{652ED8A9-4AE9-4D06-BB21-73E1B8DAD84A}.Release|x86.ActiveCfg = Release|Any CPU
		{652ED8A9-4AE9-4D06-BB21-73E1B8DAD84A}.Release|x86.Build.0 = Release|Any CPU
		{98212014-9C74-4AF0-895C-D437FA64B090}.Debug|Any CPU.ActiveCfg = Debug|Any CPU
		{98212014-9C74-4AF0-895C-D437FA64B090}.Debug|Any CPU.Build.0 = Debug|Any CPU
		{98212014-9C74-4AF0-895C-D437FA64B090}.Debug|x64.ActiveCfg = Debug|Any CPU
		{98212014-9C74-4AF0-895C-D437FA64B090}.Debug|x64.Build.0 = Debug|Any CPU
		{98212014-9C74-4AF0-895C-D437FA64B090}.Debug|x86.ActiveCfg = Debug|Any CPU
		{98212014-9C74-4AF0-895C-D437FA64B090}.Debug|x86.Build.0 = Debug|Any CPU
		{98212014-9C74-4AF0-895C-D437FA64B090}.Release|Any CPU.ActiveCfg = Release|Any CPU
		{98212014-9C74-4AF0-895C-D437FA64B090}.Release|Any CPU.Build.0 = Release|Any CPU
		{98212014-9C74-4AF0-895C-D437FA64B090}.Release|x64.ActiveCfg = Release|Any CPU
		{98212014-9C74-4AF0-895C-D437FA64B090}.Release|x64.Build.0 = Release|Any CPU
		{98212014-9C74-4AF0-895C-D437FA64B090}.Release|x86.ActiveCfg = Release|Any CPU
		{98212014-9C74-4AF0-895C-D437FA64B090}.Release|x86.Build.0 = Release|Any CPU
	EndGlobalSection
	GlobalSection(SolutionProperties) = preSolution
		HideSolutionNode = FALSE
	EndGlobalSection
	GlobalSection(NestedProjects) = preSolution
		{90298CBA-BD6F-3A0A-69D5-97CAD7B05E7E} = {827E0CD3-B72D-47B6-A68D-7590B98EB39B}
		{51ACFB9C-F7B5-43E7-9166-D7F659A13E47} = {90298CBA-BD6F-3A0A-69D5-97CAD7B05E7E}
		{FF961712-9E6E-4C00-947E-EE2E17E68155} = {90298CBA-BD6F-3A0A-69D5-97CAD7B05E7E}
		{7EC6A8B7-21B6-4867-B821-F96D17B90855} = {90298CBA-BD6F-3A0A-69D5-97CAD7B05E7E}
		{984BB9B3-3FA3-BE33-9484-CAC21695A33C} = {827E0CD3-B72D-47B6-A68D-7590B98EB39B}
		{4303BA7D-05F8-48FB-8DA5-CA02058D4A68} = {984BB9B3-3FA3-BE33-9484-CAC21695A33C}
		{49872CAC-B3F5-49BB-B419-6D70D4DB6D0F} = {984BB9B3-3FA3-BE33-9484-CAC21695A33C}
		{6AA72EE0-526E-4933-98FB-E86D4AC86E7E} = {984BB9B3-3FA3-BE33-9484-CAC21695A33C}
		{48BA7FFF-71DC-4929-9938-E8DE18F25C14} = {984BB9B3-3FA3-BE33-9484-CAC21695A33C}
		{95A46C18-7918-4B6B-9F34-4A5FD4925573} = {984BB9B3-3FA3-BE33-9484-CAC21695A33C}
		{EC8C5661-D37E-4DB1-9D14-9FC4439E2A75} = {90298CBA-BD6F-3A0A-69D5-97CAD7B05E7E}
		{40DAD59E-527B-49E8-91AD-73C709355513} = {90298CBA-BD6F-3A0A-69D5-97CAD7B05E7E}
		{EBA8FC2E-045A-43DF-B2D0-A2F44B9248AC} = {90298CBA-BD6F-3A0A-69D5-97CAD7B05E7E}
		{02EA681E-C7D8-13C7-8484-4AC65E1B71E8} = {827E0CD3-B72D-47B6-A68D-7590B98EB39B}
		{8E9FDB58-50E7-4DFE-9B99-F4E6249A4BBB} = {02EA681E-C7D8-13C7-8484-4AC65E1B71E8}
		{9FAF19D7-EA43-412F-BA8F-9DB011F2FB3A} = {02EA681E-C7D8-13C7-8484-4AC65E1B71E8}
		{652ED8A9-4AE9-4D06-BB21-73E1B8DAD84A} = {02EA681E-C7D8-13C7-8484-4AC65E1B71E8}
		{98212014-9C74-4AF0-895C-D437FA64B090} = {02EA681E-C7D8-13C7-8484-4AC65E1B71E8}
	EndGlobalSection
	GlobalSection(ExtensibilityGlobals) = postSolution
		SolutionGuid = {60F4BCB3-2856-47DE-BFEF-DB4FEA4C5E2E}
	EndGlobalSection
EndGlobal
